// !$*UTF8*$!
{
	archiveVersion = 1;
	classes = {
	};
	objectVersion = 46;
	objects = {

/* Begin PBXBuildFile section */
		A202447A1507C5D7004810BA /* Link.m in Sources */ = {isa = PBXBuildFile; fileRef = A20244791507C5D7004810BA /* Link.m */; };
		A25CD1941510A158006B2946 /* Settings.bundle in Resources */ = {isa = PBXBuildFile; fileRef = A25CD1931510A158006B2946 /* Settings.bundle */; };
		A25EE1D714F163F600A81707 /* UIKit.framework in Frameworks */ = {isa = PBXBuildFile; fileRef = A25EE1D614F163F600A81707 /* UIKit.framework */; };
		A25EE1D914F163F600A81707 /* Foundation.framework in Frameworks */ = {isa = PBXBuildFile; fileRef = A25EE1D814F163F600A81707 /* Foundation.framework */; };
		A25EE1DB14F163F600A81707 /* CoreGraphics.framework in Frameworks */ = {isa = PBXBuildFile; fileRef = A25EE1DA14F163F600A81707 /* CoreGraphics.framework */; };
		A25EE1E314F163F600A81707 /* main.m in Sources */ = {isa = PBXBuildFile; fileRef = A25EE1E214F163F600A81707 /* main.m */; };
		A25EE1E714F163F700A81707 /* AppDelegate.m in Sources */ = {isa = PBXBuildFile; fileRef = A25EE1E614F163F700A81707 /* AppDelegate.m */; };
		A25EE1EA14F163F700A81707 /* RootViewController.m in Sources */ = {isa = PBXBuildFile; fileRef = A25EE1E914F163F700A81707 /* RootViewController.m */; };
		A25EE1ED14F163F700A81707 /* WaypointViewController.m in Sources */ = {isa = PBXBuildFile; fileRef = A25EE1EC14F163F700A81707 /* WaypointViewController.m */; };
		A25EE1F014F163F700A81707 /* WaypointController.m in Sources */ = {isa = PBXBuildFile; fileRef = A25EE1EF14F163F700A81707 /* WaypointController.m */; };
		A262749414F7E15C007304C2 /* InfoTableViewController.m in Sources */ = {isa = PBXBuildFile; fileRef = A262749314F7E15C007304C2 /* InfoTableViewController.m */; };
		A262749714F7E25D007304C2 /* MapKit.framework in Frameworks */ = {isa = PBXBuildFile; fileRef = A262749614F7E25D007304C2 /* MapKit.framework */; };
		A27E217817061143006E1B1C /* Prefill Bundle.sqlite in Resources */ = {isa = PBXBuildFile; fileRef = A27E217717061143006E1B1C /* Prefill Bundle.sqlite */; };
		A27E218617061246006E1B1C /* MPCJSONDataSerializer.m in Sources */ = {isa = PBXBuildFile; fileRef = A27E217C17061246006E1B1C /* MPCJSONDataSerializer.m */; settings = {COMPILER_FLAGS = "-fno-objc-arc "; }; };
		A27E218717061246006E1B1C /* MPCJSONSerializer.m in Sources */ = {isa = PBXBuildFile; fileRef = A27E217E17061246006E1B1C /* MPCJSONSerializer.m */; settings = {COMPILER_FLAGS = "-fno-objc-arc "; }; };
		A27E218817061246006E1B1C /* MPCSerializedJSONData.m in Sources */ = {isa = PBXBuildFile; fileRef = A27E218017061246006E1B1C /* MPCSerializedJSONData.m */; settings = {COMPILER_FLAGS = "-fno-objc-arc "; }; };
		A27E218917061246006E1B1C /* NSData+MPBase64.m in Sources */ = {isa = PBXBuildFile; fileRef = A27E218317061246006E1B1C /* NSData+MPBase64.m */; settings = {COMPILER_FLAGS = "-fno-objc-arc "; }; };
		A27E218A17061246006E1B1C /* Mixpanel.m in Sources */ = {isa = PBXBuildFile; fileRef = A27E218517061246006E1B1C /* Mixpanel.m */; settings = {COMPILER_FLAGS = "-fno-objc-arc "; }; };
		A27E218C170612F1006E1B1C /* CoreTelephony.framework in Frameworks */ = {isa = PBXBuildFile; fileRef = A27E218B170612F1006E1B1C /* CoreTelephony.framework */; };
		A27E2190170613DB006E1B1C /* Reachability.m in Sources */ = {isa = PBXBuildFile; fileRef = A27E218F170613DB006E1B1C /* Reachability.m */; };
		A27E219217061419006E1B1C /* SystemConfiguration.framework in Frameworks */ = {isa = PBXBuildFile; fileRef = A27E219117061419006E1B1C /* SystemConfiguration.framework */; };
		A27E21951706150D006E1B1C /* TTTAttributedLabel.m in Sources */ = {isa = PBXBuildFile; fileRef = A27E21941706150D006E1B1C /* TTTAttributedLabel.m */; };
		A287E88214F2561300807435 /* Model.xcdatamodeld in Sources */ = {isa = PBXBuildFile; fileRef = A287E88014F2561300807435 /* Model.xcdatamodeld */; };
		A287E88614F2585E00807435 /* Waypoint.m in Sources */ = {isa = PBXBuildFile; fileRef = A287E88514F2585E00807435 /* Waypoint.m */; };
		A287E88814F2596E00807435 /* CoreData.framework in Frameworks */ = {isa = PBXBuildFile; fileRef = A287E88714F2596E00807435 /* CoreData.framework */; };
		A29A3DCC150A754000797851 /* AboutViewController.m in Sources */ = {isa = PBXBuildFile; fileRef = A29A3DCB150A754000797851 /* AboutViewController.m */; };
		A29B5EFD150F4C92008A0C59 /* CoreText.framework in Frameworks */ = {isa = PBXBuildFile; fileRef = A29B5EFC150F4C92008A0C59 /* CoreText.framework */; };
		A29BEF3414F3DF6500C36818 /* CoreLocation.framework in Frameworks */ = {isa = PBXBuildFile; fileRef = A29BEF3314F3DF6500C36818 /* CoreLocation.framework */; };
		A29BEF3814F3E00500C36818 /* LocationController.m in Sources */ = {isa = PBXBuildFile; fileRef = A29BEF3714F3E00500C36818 /* LocationController.m */; };
		A29FA1AD150FED3D00C900C2 /* Default.png in Resources */ = {isa = PBXBuildFile; fileRef = A29FA1AB150FED3D00C900C2 /* Default.png */; };
		A29FA1AE150FED3D00C900C2 /* Default@2x.png in Resources */ = {isa = PBXBuildFile; fileRef = A29FA1AC150FED3D00C900C2 /* Default@2x.png */; };
		A2A899201510E50C0079513C /* 1.jpg in Resources */ = {isa = PBXBuildFile; fileRef = A2A898D61510E50C0079513C /* 1.jpg */; };
		A2A899211510E50C0079513C /* 1@2x.jpg in Resources */ = {isa = PBXBuildFile; fileRef = A2A898D71510E50C0079513C /* 1@2x.jpg */; };
		A2A899221510E50C0079513C /* 2.jpg in Resources */ = {isa = PBXBuildFile; fileRef = A2A898D81510E50C0079513C /* 2.jpg */; };
		A2A899231510E50C0079513C /* 2@2x.jpg in Resources */ = {isa = PBXBuildFile; fileRef = A2A898D91510E50C0079513C /* 2@2x.jpg */; };
		A2A899241510E50C0079513C /* 3.jpg in Resources */ = {isa = PBXBuildFile; fileRef = A2A898DA1510E50C0079513C /* 3.jpg */; };
		A2A899251510E50C0079513C /* 3@2x.jpg in Resources */ = {isa = PBXBuildFile; fileRef = A2A898DB1510E50C0079513C /* 3@2x.jpg */; };
		A2A899261510E50C0079513C /* 4.jpg in Resources */ = {isa = PBXBuildFile; fileRef = A2A898DC1510E50C0079513C /* 4.jpg */; };
		A2A899271510E50C0079513C /* 4@2x.jpg in Resources */ = {isa = PBXBuildFile; fileRef = A2A898DD1510E50C0079513C /* 4@2x.jpg */; };
		A2A899281510E50C0079513C /* 5.jpg in Resources */ = {isa = PBXBuildFile; fileRef = A2A898DE1510E50C0079513C /* 5.jpg */; };
		A2A899291510E50C0079513C /* 5@2x.jpg in Resources */ = {isa = PBXBuildFile; fileRef = A2A898DF1510E50C0079513C /* 5@2x.jpg */; };
		A2A8992A1510E50C0079513C /* 6.jpg in Resources */ = {isa = PBXBuildFile; fileRef = A2A898E01510E50C0079513C /* 6.jpg */; };
		A2A8992B1510E50C0079513C /* 6@2x.jpg in Resources */ = {isa = PBXBuildFile; fileRef = A2A898E11510E50C0079513C /* 6@2x.jpg */; };
		A2A8992C1510E50C0079513C /* 7.jpg in Resources */ = {isa = PBXBuildFile; fileRef = A2A898E21510E50C0079513C /* 7.jpg */; };
		A2A8992D1510E50C0079513C /* 7@2x.jpg in Resources */ = {isa = PBXBuildFile; fileRef = A2A898E31510E50C0079513C /* 7@2x.jpg */; };
		A2A8992E1510E50C0079513C /* 8.jpg in Resources */ = {isa = PBXBuildFile; fileRef = A2A898E41510E50C0079513C /* 8.jpg */; };
		A2A8992F1510E50C0079513C /* 8@2x.jpg in Resources */ = {isa = PBXBuildFile; fileRef = A2A898E51510E50C0079513C /* 8@2x.jpg */; };
		A2A899301510E50C0079513C /* 9.jpg in Resources */ = {isa = PBXBuildFile; fileRef = A2A898E61510E50C0079513C /* 9.jpg */; };
		A2A899311510E50C0079513C /* 9@2x.jpg in Resources */ = {isa = PBXBuildFile; fileRef = A2A898E71510E50C0079513C /* 9@2x.jpg */; };
		A2A899321510E50C0079513C /* 10.jpg in Resources */ = {isa = PBXBuildFile; fileRef = A2A898E81510E50C0079513C /* 10.jpg */; };
		A2A899331510E50C0079513C /* 10@2x.jpg in Resources */ = {isa = PBXBuildFile; fileRef = A2A898E91510E50C0079513C /* 10@2x.jpg */; };
		A2A899341510E50C0079513C /* 11.jpg in Resources */ = {isa = PBXBuildFile; fileRef = A2A898EA1510E50C0079513C /* 11.jpg */; };
		A2A899351510E50C0079513C /* 11@2x.jpg in Resources */ = {isa = PBXBuildFile; fileRef = A2A898EB1510E50C0079513C /* 11@2x.jpg */; };
		A2A899361510E50C0079513C /* 12.jpg in Resources */ = {isa = PBXBuildFile; fileRef = A2A898EC1510E50C0079513C /* 12.jpg */; };
		A2A899371510E50C0079513C /* 12@2x.jpg in Resources */ = {isa = PBXBuildFile; fileRef = A2A898ED1510E50C0079513C /* 12@2x.jpg */; };
		A2A899381510E50C0079513C /* 13.jpg in Resources */ = {isa = PBXBuildFile; fileRef = A2A898EE1510E50C0079513C /* 13.jpg */; };
		A2A899391510E50C0079513C /* 13@2x.jpg in Resources */ = {isa = PBXBuildFile; fileRef = A2A898EF1510E50C0079513C /* 13@2x.jpg */; };
		A2A8993A1510E50C0079513C /* 14.jpg in Resources */ = {isa = PBXBuildFile; fileRef = A2A898F01510E50C0079513C /* 14.jpg */; };
		A2A8993B1510E50C0079513C /* 14@2x.jpg in Resources */ = {isa = PBXBuildFile; fileRef = A2A898F11510E50C0079513C /* 14@2x.jpg */; };
		A2A8993C1510E50C0079513C /* 15.jpg in Resources */ = {isa = PBXBuildFile; fileRef = A2A898F21510E50C0079513C /* 15.jpg */; };
		A2A8993D1510E50C0079513C /* 15@2x.jpg in Resources */ = {isa = PBXBuildFile; fileRef = A2A898F31510E50C0079513C /* 15@2x.jpg */; };
		A2A8993E1510E50C0079513C /* 16.jpg in Resources */ = {isa = PBXBuildFile; fileRef = A2A898F41510E50C0079513C /* 16.jpg */; };
		A2A8993F1510E50C0079513C /* 16@2x.jpg in Resources */ = {isa = PBXBuildFile; fileRef = A2A898F51510E50C0079513C /* 16@2x.jpg */; };
		A2A899401510E50C0079513C /* 17.jpg in Resources */ = {isa = PBXBuildFile; fileRef = A2A898F61510E50C0079513C /* 17.jpg */; };
		A2A899411510E50C0079513C /* 17@2x.jpg in Resources */ = {isa = PBXBuildFile; fileRef = A2A898F71510E50C0079513C /* 17@2x.jpg */; };
		A2A899421510E50C0079513C /* 18.jpg in Resources */ = {isa = PBXBuildFile; fileRef = A2A898F81510E50C0079513C /* 18.jpg */; };
		A2A899431510E50C0079513C /* 18@2x.jpg in Resources */ = {isa = PBXBuildFile; fileRef = A2A898F91510E50C0079513C /* 18@2x.jpg */; };
		A2A899441510E50C0079513C /* 19.jpg in Resources */ = {isa = PBXBuildFile; fileRef = A2A898FA1510E50C0079513C /* 19.jpg */; };
		A2A899451510E50C0079513C /* 19@2x.jpg in Resources */ = {isa = PBXBuildFile; fileRef = A2A898FB1510E50C0079513C /* 19@2x.jpg */; };
		A2A899461510E50C0079513C /* 20.jpg in Resources */ = {isa = PBXBuildFile; fileRef = A2A898FC1510E50C0079513C /* 20.jpg */; };
		A2A899471510E50C0079513C /* 20@2x.jpg in Resources */ = {isa = PBXBuildFile; fileRef = A2A898FD1510E50C0079513C /* 20@2x.jpg */; };
		A2A899481510E50C0079513C /* 21.jpg in Resources */ = {isa = PBXBuildFile; fileRef = A2A898FE1510E50C0079513C /* 21.jpg */; };
		A2A899491510E50C0079513C /* 21@2x.jpg in Resources */ = {isa = PBXBuildFile; fileRef = A2A898FF1510E50C0079513C /* 21@2x.jpg */; };
		A2A8994A1510E50C0079513C /* 22.jpg in Resources */ = {isa = PBXBuildFile; fileRef = A2A899001510E50C0079513C /* 22.jpg */; };
		A2A8994B1510E50C0079513C /* 22@2x.jpg in Resources */ = {isa = PBXBuildFile; fileRef = A2A899011510E50C0079513C /* 22@2x.jpg */; };
		A2A8994C1510E50C0079513C /* 23.jpg in Resources */ = {isa = PBXBuildFile; fileRef = A2A899021510E50C0079513C /* 23.jpg */; };
		A2A8994D1510E50C0079513C /* 23@2x.jpg in Resources */ = {isa = PBXBuildFile; fileRef = A2A899031510E50C0079513C /* 23@2x.jpg */; };
		A2A8994E1510E50C0079513C /* 24.jpg in Resources */ = {isa = PBXBuildFile; fileRef = A2A899041510E50C0079513C /* 24.jpg */; };
		A2A8994F1510E50C0079513C /* 24@2x.jpg in Resources */ = {isa = PBXBuildFile; fileRef = A2A899051510E50C0079513C /* 24@2x.jpg */; };
		A2A899501510E50C0079513C /* 25.jpg in Resources */ = {isa = PBXBuildFile; fileRef = A2A899061510E50C0079513C /* 25.jpg */; };
		A2A899511510E50C0079513C /* 25@2x.jpg in Resources */ = {isa = PBXBuildFile; fileRef = A2A899071510E50C0079513C /* 25@2x.jpg */; };
		A2A899521510E50C0079513C /* 26.jpg in Resources */ = {isa = PBXBuildFile; fileRef = A2A899081510E50C0079513C /* 26.jpg */; };
		A2A899531510E50C0079513C /* 26@2x.jpg in Resources */ = {isa = PBXBuildFile; fileRef = A2A899091510E50C0079513C /* 26@2x.jpg */; };
		A2A899541510E50C0079513C /* 27.jpg in Resources */ = {isa = PBXBuildFile; fileRef = A2A8990A1510E50C0079513C /* 27.jpg */; };
		A2A899551510E50C0079513C /* 27@2x.jpg in Resources */ = {isa = PBXBuildFile; fileRef = A2A8990B1510E50C0079513C /* 27@2x.jpg */; };
		A2A899561510E50C0079513C /* 28.jpg in Resources */ = {isa = PBXBuildFile; fileRef = A2A8990C1510E50C0079513C /* 28.jpg */; };
		A2A899571510E50C0079513C /* 28@2x.jpg in Resources */ = {isa = PBXBuildFile; fileRef = A2A8990D1510E50C0079513C /* 28@2x.jpg */; };
		A2A899581510E50C0079513C /* 29.jpg in Resources */ = {isa = PBXBuildFile; fileRef = A2A8990E1510E50C0079513C /* 29.jpg */; };
		A2A899591510E50C0079513C /* 29@2x.jpg in Resources */ = {isa = PBXBuildFile; fileRef = A2A8990F1510E50C0079513C /* 29@2x.jpg */; };
		A2A8995A1510E50C0079513C /* 30.jpg in Resources */ = {isa = PBXBuildFile; fileRef = A2A899101510E50C0079513C /* 30.jpg */; };
		A2A8995B1510E50C0079513C /* 30@2x.jpg in Resources */ = {isa = PBXBuildFile; fileRef = A2A899111510E50C0079513C /* 30@2x.jpg */; };
		A2A8995C1510E50C0079513C /* 31.jpg in Resources */ = {isa = PBXBuildFile; fileRef = A2A899121510E50C0079513C /* 31.jpg */; };
		A2A8995D1510E50C0079513C /* 31@2x.jpg in Resources */ = {isa = PBXBuildFile; fileRef = A2A899131510E50C0079513C /* 31@2x.jpg */; };
		A2A8995E1510E50C0079513C /* 33.jpg in Resources */ = {isa = PBXBuildFile; fileRef = A2A899141510E50C0079513C /* 33.jpg */; };
		A2A8995F1510E50C0079513C /* 33@2x.jpg in Resources */ = {isa = PBXBuildFile; fileRef = A2A899151510E50C0079513C /* 33@2x.jpg */; };
		A2A899601510E50C0079513C /* 34.jpg in Resources */ = {isa = PBXBuildFile; fileRef = A2A899161510E50C0079513C /* 34.jpg */; };
		A2A899611510E50C0079513C /* 34@2x.jpg in Resources */ = {isa = PBXBuildFile; fileRef = A2A899171510E50C0079513C /* 34@2x.jpg */; };
		A2A899621510E50C0079513C /* 35.jpg in Resources */ = {isa = PBXBuildFile; fileRef = A2A899181510E50C0079513C /* 35.jpg */; };
		A2A899631510E50C0079513C /* 35@2x.jpg in Resources */ = {isa = PBXBuildFile; fileRef = A2A899191510E50C0079513C /* 35@2x.jpg */; };
		A2A899641510E50C0079513C /* 36.jpg in Resources */ = {isa = PBXBuildFile; fileRef = A2A8991A1510E50C0079513C /* 36.jpg */; };
		A2A899651510E50C0079513C /* 36@2x.jpg in Resources */ = {isa = PBXBuildFile; fileRef = A2A8991B1510E50C0079513C /* 36@2x.jpg */; };
		A2A899661510E50C0079513C /* 37.jpg in Resources */ = {isa = PBXBuildFile; fileRef = A2A8991C1510E50C0079513C /* 37.jpg */; };
		A2A899671510E50C0079513C /* 37@2x.jpg in Resources */ = {isa = PBXBuildFile; fileRef = A2A8991D1510E50C0079513C /* 37@2x.jpg */; };
		A2A899681510E50C0079513C /* 38.jpg in Resources */ = {isa = PBXBuildFile; fileRef = A2A8991E1510E50C0079513C /* 38.jpg */; };
		A2A899691510E50C0079513C /* 38@2x.jpg in Resources */ = {isa = PBXBuildFile; fileRef = A2A8991F1510E50C0079513C /* 38@2x.jpg */; };
		A2ABFE5E14F27C8C00550070 /* Icon.png in Resources */ = {isa = PBXBuildFile; fileRef = A2ABFE5C14F27C8C00550070 /* Icon.png */; };
		A2ABFE5F14F27C8C00550070 /* Icon@2x.png in Resources */ = {isa = PBXBuildFile; fileRef = A2ABFE5D14F27C8C00550070 /* Icon@2x.png */; };
		A2BED8C81507C01C007A20B3 /* LocalizedCurrentLocation.m in Sources */ = {isa = PBXBuildFile; fileRef = A2BED8C71507C01C007A20B3 /* LocalizedCurrentLocation.m */; };
		A2C799A814F7F127000D197E /* WaypointAnnotation.m in Sources */ = {isa = PBXBuildFile; fileRef = A2C799A714F7F127000D197E /* WaypointAnnotation.m */; };
		A2DFA862160B19970047135B /* MainStoryboard.storyboard in Resources */ = {isa = PBXBuildFile; fileRef = A2DFA860160B19970047135B /* MainStoryboard.storyboard */; };
		A2DFA865160B19AA0047135B /* InfoPlist.strings in Resources */ = {isa = PBXBuildFile; fileRef = A2DFA863160B19AA0047135B /* InfoPlist.strings */; };
		A2DFA867160B1ACB0047135B /* Default-568h@2x.png in Resources */ = {isa = PBXBuildFile; fileRef = A2DFA866160B1ACB0047135B /* Default-568h@2x.png */; };
		A2DFA870160B2A4B0047135B /* AddressBook.framework in Frameworks */ = {isa = PBXBuildFile; fileRef = A2DFA86F160B2A4B0047135B /* AddressBook.framework */; };
		A2FD8D3C15077BFB003D2270 /* AudioToolbox.framework in Frameworks */ = {isa = PBXBuildFile; fileRef = A2FD8D3B15077BFB003D2270 /* AudioToolbox.framework */; };
/* End PBXBuildFile section */

/* Begin PBXFileReference section */
		A20244781507C5D7004810BA /* Link.h */ = {isa = PBXFileReference; fileEncoding = 4; lastKnownFileType = sourcecode.c.h; path = Link.h; sourceTree = "<group>"; };
		A20244791507C5D7004810BA /* Link.m */ = {isa = PBXFileReference; fileEncoding = 4; lastKnownFileType = sourcecode.c.objc; path = Link.m; sourceTree = "<group>"; };
		A25CD1931510A158006B2946 /* Settings.bundle */ = {isa = PBXFileReference; lastKnownFileType = "wrapper.plug-in"; path = Settings.bundle; sourceTree = "<group>"; };
		A25EE1D214F163F600A81707 /* Utrecht Gids.app */ = {isa = PBXFileReference; explicitFileType = wrapper.application; includeInIndex = 0; path = "Utrecht Gids.app"; sourceTree = BUILT_PRODUCTS_DIR; };
		A25EE1D614F163F600A81707 /* UIKit.framework */ = {isa = PBXFileReference; lastKnownFileType = wrapper.framework; name = UIKit.framework; path = System/Library/Frameworks/UIKit.framework; sourceTree = SDKROOT; };
		A25EE1D814F163F600A81707 /* Foundation.framework */ = {isa = PBXFileReference; lastKnownFileType = wrapper.framework; name = Foundation.framework; path = System/Library/Frameworks/Foundation.framework; sourceTree = SDKROOT; };
		A25EE1DA14F163F600A81707 /* CoreGraphics.framework */ = {isa = PBXFileReference; lastKnownFileType = wrapper.framework; name = CoreGraphics.framework; path = System/Library/Frameworks/CoreGraphics.framework; sourceTree = SDKROOT; };
		A25EE1DE14F163F600A81707 /* Utrecht Gids-Info.plist */ = {isa = PBXFileReference; lastKnownFileType = text.plist.xml; path = "Utrecht Gids-Info.plist"; sourceTree = "<group>"; };
		A25EE1E214F163F600A81707 /* main.m */ = {isa = PBXFileReference; lastKnownFileType = sourcecode.c.objc; path = main.m; sourceTree = "<group>"; };
		A25EE1E414F163F700A81707 /* Utrecht Gids-Prefix.pch */ = {isa = PBXFileReference; lastKnownFileType = sourcecode.c.h; path = "Utrecht Gids-Prefix.pch"; sourceTree = "<group>"; };
		A25EE1E514F163F700A81707 /* AppDelegate.h */ = {isa = PBXFileReference; lastKnownFileType = sourcecode.c.h; path = AppDelegate.h; sourceTree = "<group>"; };
		A25EE1E614F163F700A81707 /* AppDelegate.m */ = {isa = PBXFileReference; lastKnownFileType = sourcecode.c.objc; path = AppDelegate.m; sourceTree = "<group>"; };
		A25EE1E814F163F700A81707 /* RootViewController.h */ = {isa = PBXFileReference; lastKnownFileType = sourcecode.c.h; path = RootViewController.h; sourceTree = "<group>"; };
		A25EE1E914F163F700A81707 /* RootViewController.m */ = {isa = PBXFileReference; lastKnownFileType = sourcecode.c.objc; path = RootViewController.m; sourceTree = "<group>"; };
		A25EE1EB14F163F700A81707 /* WaypointViewController.h */ = {isa = PBXFileReference; lastKnownFileType = sourcecode.c.h; path = WaypointViewController.h; sourceTree = "<group>"; };
		A25EE1EC14F163F700A81707 /* WaypointViewController.m */ = {isa = PBXFileReference; lastKnownFileType = sourcecode.c.objc; path = WaypointViewController.m; sourceTree = "<group>"; };
		A25EE1EE14F163F700A81707 /* WaypointController.h */ = {isa = PBXFileReference; lastKnownFileType = sourcecode.c.h; path = WaypointController.h; sourceTree = "<group>"; };
		A25EE1EF14F163F700A81707 /* WaypointController.m */ = {isa = PBXFileReference; lastKnownFileType = sourcecode.c.objc; path = WaypointController.m; sourceTree = "<group>"; };
		A262749214F7E15C007304C2 /* InfoTableViewController.h */ = {isa = PBXFileReference; fileEncoding = 4; lastKnownFileType = sourcecode.c.h; path = InfoTableViewController.h; sourceTree = "<group>"; };
		A262749314F7E15C007304C2 /* InfoTableViewController.m */ = {isa = PBXFileReference; fileEncoding = 4; lastKnownFileType = sourcecode.c.objc; path = InfoTableViewController.m; sourceTree = "<group>"; };
		A262749614F7E25D007304C2 /* MapKit.framework */ = {isa = PBXFileReference; lastKnownFileType = wrapper.framework; name = MapKit.framework; path = System/Library/Frameworks/MapKit.framework; sourceTree = SDKROOT; };
		A27E217717061143006E1B1C /* Prefill Bundle.sqlite */ = {isa = PBXFileReference; lastKnownFileType = file; name = "Prefill Bundle.sqlite"; path = "DerivedData/Reisgids Utrecht/Build/Products/Debug/Prefill Bundle.sqlite"; sourceTree = "<group>"; };
		A27E217B17061246006E1B1C /* MPCJSONDataSerializer.h */ = {isa = PBXFileReference; fileEncoding = 4; lastKnownFileType = sourcecode.c.h; path = MPCJSONDataSerializer.h; sourceTree = "<group>"; };
		A27E217C17061246006E1B1C /* MPCJSONDataSerializer.m */ = {isa = PBXFileReference; fileEncoding = 4; lastKnownFileType = sourcecode.c.objc; path = MPCJSONDataSerializer.m; sourceTree = "<group>"; };
		A27E217D17061246006E1B1C /* MPCJSONSerializer.h */ = {isa = PBXFileReference; fileEncoding = 4; lastKnownFileType = sourcecode.c.h; path = MPCJSONSerializer.h; sourceTree = "<group>"; };
		A27E217E17061246006E1B1C /* MPCJSONSerializer.m */ = {isa = PBXFileReference; fileEncoding = 4; lastKnownFileType = sourcecode.c.objc; path = MPCJSONSerializer.m; sourceTree = "<group>"; };
		A27E217F17061246006E1B1C /* MPCSerializedJSONData.h */ = {isa = PBXFileReference; fileEncoding = 4; lastKnownFileType = sourcecode.c.h; path = MPCSerializedJSONData.h; sourceTree = "<group>"; };
		A27E218017061246006E1B1C /* MPCSerializedJSONData.m */ = {isa = PBXFileReference; fileEncoding = 4; lastKnownFileType = sourcecode.c.objc; path = MPCSerializedJSONData.m; sourceTree = "<group>"; };
		A27E218217061246006E1B1C /* NSData+MPBase64.h */ = {isa = PBXFileReference; fileEncoding = 4; lastKnownFileType = sourcecode.c.h; path = "NSData+MPBase64.h"; sourceTree = "<group>"; };
		A27E218317061246006E1B1C /* NSData+MPBase64.m */ = {isa = PBXFileReference; fileEncoding = 4; lastKnownFileType = sourcecode.c.objc; path = "NSData+MPBase64.m"; sourceTree = "<group>"; };
		A27E218417061246006E1B1C /* Mixpanel.h */ = {isa = PBXFileReference; fileEncoding = 4; lastKnownFileType = sourcecode.c.h; name = Mixpanel.h; path = Submodules/Mixpanel/Mixpanel/Mixpanel.h; sourceTree = SOURCE_ROOT; };
		A27E218517061246006E1B1C /* Mixpanel.m */ = {isa = PBXFileReference; fileEncoding = 4; lastKnownFileType = sourcecode.c.objc; name = Mixpanel.m; path = Submodules/Mixpanel/Mixpanel/Mixpanel.m; sourceTree = SOURCE_ROOT; };
		A27E218B170612F1006E1B1C /* CoreTelephony.framework */ = {isa = PBXFileReference; lastKnownFileType = wrapper.framework; name = CoreTelephony.framework; path = System/Library/Frameworks/CoreTelephony.framework; sourceTree = SDKROOT; };
		A27E218E170613DB006E1B1C /* Reachability.h */ = {isa = PBXFileReference; fileEncoding = 4; lastKnownFileType = sourcecode.c.h; name = Reachability.h; path = Submodules/Reachability/Reachability.h; sourceTree = "<group>"; };
		A27E218F170613DB006E1B1C /* Reachability.m */ = {isa = PBXFileReference; fileEncoding = 4; lastKnownFileType = sourcecode.c.objc; name = Reachability.m; path = Submodules/Reachability/Reachability.m; sourceTree = "<group>"; };
		A27E219117061419006E1B1C /* SystemConfiguration.framework */ = {isa = PBXFileReference; lastKnownFileType = wrapper.framework; name = SystemConfiguration.framework; path = System/Library/Frameworks/SystemConfiguration.framework; sourceTree = SDKROOT; };
		A27E21931706150D006E1B1C /* TTTAttributedLabel.h */ = {isa = PBXFileReference; fileEncoding = 4; lastKnownFileType = sourcecode.c.h; name = TTTAttributedLabel.h; path = Submodules/TTTAttributedLabel/TTTAttributedLabel/TTTAttributedLabel.h; sourceTree = "<group>"; };
		A27E21941706150D006E1B1C /* TTTAttributedLabel.m */ = {isa = PBXFileReference; fileEncoding = 4; lastKnownFileType = sourcecode.c.objc; name = TTTAttributedLabel.m; path = Submodules/TTTAttributedLabel/TTTAttributedLabel/TTTAttributedLabel.m; sourceTree = "<group>"; };
		A287E88114F2561300807435 /* Model.xcdatamodel */ = {isa = PBXFileReference; lastKnownFileType = wrapper.xcdatamodel; path = Model.xcdatamodel; sourceTree = "<group>"; };
		A287E88414F2585E00807435 /* Waypoint.h */ = {isa = PBXFileReference; fileEncoding = 4; lastKnownFileType = sourcecode.c.h; path = Waypoint.h; sourceTree = "<group>"; };
		A287E88514F2585E00807435 /* Waypoint.m */ = {isa = PBXFileReference; fileEncoding = 4; lastKnownFileType = sourcecode.c.objc; path = Waypoint.m; sourceTree = "<group>"; };
		A287E88714F2596E00807435 /* CoreData.framework */ = {isa = PBXFileReference; lastKnownFileType = wrapper.framework; name = CoreData.framework; path = System/Library/Frameworks/CoreData.framework; sourceTree = SDKROOT; };
		A29A3DCA150A754000797851 /* AboutViewController.h */ = {isa = PBXFileReference; fileEncoding = 4; lastKnownFileType = sourcecode.c.h; path = AboutViewController.h; sourceTree = "<group>"; };
		A29A3DCB150A754000797851 /* AboutViewController.m */ = {isa = PBXFileReference; fileEncoding = 4; lastKnownFileType = sourcecode.c.objc; path = AboutViewController.m; sourceTree = "<group>"; };
		A29B5EFC150F4C92008A0C59 /* CoreText.framework */ = {isa = PBXFileReference; lastKnownFileType = wrapper.framework; name = CoreText.framework; path = System/Library/Frameworks/CoreText.framework; sourceTree = SDKROOT; };
		A29BEF3314F3DF6500C36818 /* CoreLocation.framework */ = {isa = PBXFileReference; lastKnownFileType = wrapper.framework; name = CoreLocation.framework; path = System/Library/Frameworks/CoreLocation.framework; sourceTree = SDKROOT; };
		A29BEF3614F3E00500C36818 /* LocationController.h */ = {isa = PBXFileReference; fileEncoding = 4; lastKnownFileType = sourcecode.c.h; path = LocationController.h; sourceTree = "<group>"; };
		A29BEF3714F3E00500C36818 /* LocationController.m */ = {isa = PBXFileReference; fileEncoding = 4; lastKnownFileType = sourcecode.c.objc; path = LocationController.m; sourceTree = "<group>"; };
		A29FA1AB150FED3D00C900C2 /* Default.png */ = {isa = PBXFileReference; lastKnownFileType = image.png; path = Default.png; sourceTree = "<group>"; };
		A29FA1AC150FED3D00C900C2 /* Default@2x.png */ = {isa = PBXFileReference; lastKnownFileType = image.png; path = "Default@2x.png"; sourceTree = "<group>"; };
		A2A898D61510E50C0079513C /* 1.jpg */ = {isa = PBXFileReference; lastKnownFileType = image.jpeg; name = 1.jpg; path = Photos/1.jpg; sourceTree = "<group>"; };
		A2A898D71510E50C0079513C /* 1@2x.jpg */ = {isa = PBXFileReference; lastKnownFileType = image.jpeg; name = "1@2x.jpg"; path = "Photos/1@2x.jpg"; sourceTree = "<group>"; };
		A2A898D81510E50C0079513C /* 2.jpg */ = {isa = PBXFileReference; lastKnownFileType = image.jpeg; name = 2.jpg; path = Photos/2.jpg; sourceTree = "<group>"; };
		A2A898D91510E50C0079513C /* 2@2x.jpg */ = {isa = PBXFileReference; lastKnownFileType = image.jpeg; name = "2@2x.jpg"; path = "Photos/2@2x.jpg"; sourceTree = "<group>"; };
		A2A898DA1510E50C0079513C /* 3.jpg */ = {isa = PBXFileReference; lastKnownFileType = image.jpeg; name = 3.jpg; path = Photos/3.jpg; sourceTree = "<group>"; };
		A2A898DB1510E50C0079513C /* 3@2x.jpg */ = {isa = PBXFileReference; lastKnownFileType = image.jpeg; name = "3@2x.jpg"; path = "Photos/3@2x.jpg"; sourceTree = "<group>"; };
		A2A898DC1510E50C0079513C /* 4.jpg */ = {isa = PBXFileReference; lastKnownFileType = image.jpeg; name = 4.jpg; path = Photos/4.jpg; sourceTree = "<group>"; };
		A2A898DD1510E50C0079513C /* 4@2x.jpg */ = {isa = PBXFileReference; lastKnownFileType = image.jpeg; name = "4@2x.jpg"; path = "Photos/4@2x.jpg"; sourceTree = "<group>"; };
		A2A898DE1510E50C0079513C /* 5.jpg */ = {isa = PBXFileReference; lastKnownFileType = image.jpeg; name = 5.jpg; path = Photos/5.jpg; sourceTree = "<group>"; };
		A2A898DF1510E50C0079513C /* 5@2x.jpg */ = {isa = PBXFileReference; lastKnownFileType = image.jpeg; name = "5@2x.jpg"; path = "Photos/5@2x.jpg"; sourceTree = "<group>"; };
		A2A898E01510E50C0079513C /* 6.jpg */ = {isa = PBXFileReference; lastKnownFileType = image.jpeg; name = 6.jpg; path = Photos/6.jpg; sourceTree = "<group>"; };
		A2A898E11510E50C0079513C /* 6@2x.jpg */ = {isa = PBXFileReference; lastKnownFileType = image.jpeg; name = "6@2x.jpg"; path = "Photos/6@2x.jpg"; sourceTree = "<group>"; };
		A2A898E21510E50C0079513C /* 7.jpg */ = {isa = PBXFileReference; lastKnownFileType = image.jpeg; name = 7.jpg; path = Photos/7.jpg; sourceTree = "<group>"; };
		A2A898E31510E50C0079513C /* 7@2x.jpg */ = {isa = PBXFileReference; lastKnownFileType = image.jpeg; name = "7@2x.jpg"; path = "Photos/7@2x.jpg"; sourceTree = "<group>"; };
		A2A898E41510E50C0079513C /* 8.jpg */ = {isa = PBXFileReference; lastKnownFileType = image.jpeg; name = 8.jpg; path = Photos/8.jpg; sourceTree = "<group>"; };
		A2A898E51510E50C0079513C /* 8@2x.jpg */ = {isa = PBXFileReference; lastKnownFileType = image.jpeg; name = "8@2x.jpg"; path = "Photos/8@2x.jpg"; sourceTree = "<group>"; };
		A2A898E61510E50C0079513C /* 9.jpg */ = {isa = PBXFileReference; lastKnownFileType = image.jpeg; name = 9.jpg; path = Photos/9.jpg; sourceTree = "<group>"; };
		A2A898E71510E50C0079513C /* 9@2x.jpg */ = {isa = PBXFileReference; lastKnownFileType = image.jpeg; name = "9@2x.jpg"; path = "Photos/9@2x.jpg"; sourceTree = "<group>"; };
		A2A898E81510E50C0079513C /* 10.jpg */ = {isa = PBXFileReference; lastKnownFileType = image.jpeg; name = 10.jpg; path = Photos/10.jpg; sourceTree = "<group>"; };
		A2A898E91510E50C0079513C /* 10@2x.jpg */ = {isa = PBXFileReference; lastKnownFileType = image.jpeg; name = "10@2x.jpg"; path = "Photos/10@2x.jpg"; sourceTree = "<group>"; };
		A2A898EA1510E50C0079513C /* 11.jpg */ = {isa = PBXFileReference; lastKnownFileType = image.jpeg; name = 11.jpg; path = Photos/11.jpg; sourceTree = "<group>"; };
		A2A898EB1510E50C0079513C /* 11@2x.jpg */ = {isa = PBXFileReference; lastKnownFileType = image.jpeg; name = "11@2x.jpg"; path = "Photos/11@2x.jpg"; sourceTree = "<group>"; };
		A2A898EC1510E50C0079513C /* 12.jpg */ = {isa = PBXFileReference; lastKnownFileType = image.jpeg; name = 12.jpg; path = Photos/12.jpg; sourceTree = "<group>"; };
		A2A898ED1510E50C0079513C /* 12@2x.jpg */ = {isa = PBXFileReference; lastKnownFileType = image.jpeg; name = "12@2x.jpg"; path = "Photos/12@2x.jpg"; sourceTree = "<group>"; };
		A2A898EE1510E50C0079513C /* 13.jpg */ = {isa = PBXFileReference; lastKnownFileType = image.jpeg; name = 13.jpg; path = Photos/13.jpg; sourceTree = "<group>"; };
		A2A898EF1510E50C0079513C /* 13@2x.jpg */ = {isa = PBXFileReference; lastKnownFileType = image.jpeg; name = "13@2x.jpg"; path = "Photos/13@2x.jpg"; sourceTree = "<group>"; };
		A2A898F01510E50C0079513C /* 14.jpg */ = {isa = PBXFileReference; lastKnownFileType = image.jpeg; name = 14.jpg; path = Photos/14.jpg; sourceTree = "<group>"; };
		A2A898F11510E50C0079513C /* 14@2x.jpg */ = {isa = PBXFileReference; lastKnownFileType = image.jpeg; name = "14@2x.jpg"; path = "Photos/14@2x.jpg"; sourceTree = "<group>"; };
		A2A898F21510E50C0079513C /* 15.jpg */ = {isa = PBXFileReference; lastKnownFileType = image.jpeg; name = 15.jpg; path = Photos/15.jpg; sourceTree = "<group>"; };
		A2A898F31510E50C0079513C /* 15@2x.jpg */ = {isa = PBXFileReference; lastKnownFileType = image.jpeg; name = "15@2x.jpg"; path = "Photos/15@2x.jpg"; sourceTree = "<group>"; };
		A2A898F41510E50C0079513C /* 16.jpg */ = {isa = PBXFileReference; lastKnownFileType = image.jpeg; name = 16.jpg; path = Photos/16.jpg; sourceTree = "<group>"; };
		A2A898F51510E50C0079513C /* 16@2x.jpg */ = {isa = PBXFileReference; lastKnownFileType = image.jpeg; name = "16@2x.jpg"; path = "Photos/16@2x.jpg"; sourceTree = "<group>"; };
		A2A898F61510E50C0079513C /* 17.jpg */ = {isa = PBXFileReference; lastKnownFileType = image.jpeg; name = 17.jpg; path = Photos/17.jpg; sourceTree = "<group>"; };
		A2A898F71510E50C0079513C /* 17@2x.jpg */ = {isa = PBXFileReference; lastKnownFileType = image.jpeg; name = "17@2x.jpg"; path = "Photos/17@2x.jpg"; sourceTree = "<group>"; };
		A2A898F81510E50C0079513C /* 18.jpg */ = {isa = PBXFileReference; lastKnownFileType = image.jpeg; name = 18.jpg; path = Photos/18.jpg; sourceTree = "<group>"; };
		A2A898F91510E50C0079513C /* 18@2x.jpg */ = {isa = PBXFileReference; lastKnownFileType = image.jpeg; name = "18@2x.jpg"; path = "Photos/18@2x.jpg"; sourceTree = "<group>"; };
		A2A898FA1510E50C0079513C /* 19.jpg */ = {isa = PBXFileReference; lastKnownFileType = image.jpeg; name = 19.jpg; path = Photos/19.jpg; sourceTree = "<group>"; };
		A2A898FB1510E50C0079513C /* 19@2x.jpg */ = {isa = PBXFileReference; lastKnownFileType = image.jpeg; name = "19@2x.jpg"; path = "Photos/19@2x.jpg"; sourceTree = "<group>"; };
		A2A898FC1510E50C0079513C /* 20.jpg */ = {isa = PBXFileReference; lastKnownFileType = image.jpeg; name = 20.jpg; path = Photos/20.jpg; sourceTree = "<group>"; };
		A2A898FD1510E50C0079513C /* 20@2x.jpg */ = {isa = PBXFileReference; lastKnownFileType = image.jpeg; name = "20@2x.jpg"; path = "Photos/20@2x.jpg"; sourceTree = "<group>"; };
		A2A898FE1510E50C0079513C /* 21.jpg */ = {isa = PBXFileReference; lastKnownFileType = image.jpeg; name = 21.jpg; path = Photos/21.jpg; sourceTree = "<group>"; };
		A2A898FF1510E50C0079513C /* 21@2x.jpg */ = {isa = PBXFileReference; lastKnownFileType = image.jpeg; name = "21@2x.jpg"; path = "Photos/21@2x.jpg"; sourceTree = "<group>"; };
		A2A899001510E50C0079513C /* 22.jpg */ = {isa = PBXFileReference; lastKnownFileType = image.jpeg; name = 22.jpg; path = Photos/22.jpg; sourceTree = "<group>"; };
		A2A899011510E50C0079513C /* 22@2x.jpg */ = {isa = PBXFileReference; lastKnownFileType = image.jpeg; name = "22@2x.jpg"; path = "Photos/22@2x.jpg"; sourceTree = "<group>"; };
		A2A899021510E50C0079513C /* 23.jpg */ = {isa = PBXFileReference; lastKnownFileType = image.jpeg; name = 23.jpg; path = Photos/23.jpg; sourceTree = "<group>"; };
		A2A899031510E50C0079513C /* 23@2x.jpg */ = {isa = PBXFileReference; lastKnownFileType = image.jpeg; name = "23@2x.jpg"; path = "Photos/23@2x.jpg"; sourceTree = "<group>"; };
		A2A899041510E50C0079513C /* 24.jpg */ = {isa = PBXFileReference; lastKnownFileType = image.jpeg; name = 24.jpg; path = Photos/24.jpg; sourceTree = "<group>"; };
		A2A899051510E50C0079513C /* 24@2x.jpg */ = {isa = PBXFileReference; lastKnownFileType = image.jpeg; name = "24@2x.jpg"; path = "Photos/24@2x.jpg"; sourceTree = "<group>"; };
		A2A899061510E50C0079513C /* 25.jpg */ = {isa = PBXFileReference; lastKnownFileType = image.jpeg; name = 25.jpg; path = Photos/25.jpg; sourceTree = "<group>"; };
		A2A899071510E50C0079513C /* 25@2x.jpg */ = {isa = PBXFileReference; lastKnownFileType = image.jpeg; name = "25@2x.jpg"; path = "Photos/25@2x.jpg"; sourceTree = "<group>"; };
		A2A899081510E50C0079513C /* 26.jpg */ = {isa = PBXFileReference; lastKnownFileType = image.jpeg; name = 26.jpg; path = Photos/26.jpg; sourceTree = "<group>"; };
		A2A899091510E50C0079513C /* 26@2x.jpg */ = {isa = PBXFileReference; lastKnownFileType = image.jpeg; name = "26@2x.jpg"; path = "Photos/26@2x.jpg"; sourceTree = "<group>"; };
		A2A8990A1510E50C0079513C /* 27.jpg */ = {isa = PBXFileReference; lastKnownFileType = image.jpeg; name = 27.jpg; path = Photos/27.jpg; sourceTree = "<group>"; };
		A2A8990B1510E50C0079513C /* 27@2x.jpg */ = {isa = PBXFileReference; lastKnownFileType = image.jpeg; name = "27@2x.jpg"; path = "Photos/27@2x.jpg"; sourceTree = "<group>"; };
		A2A8990C1510E50C0079513C /* 28.jpg */ = {isa = PBXFileReference; lastKnownFileType = image.jpeg; name = 28.jpg; path = Photos/28.jpg; sourceTree = "<group>"; };
		A2A8990D1510E50C0079513C /* 28@2x.jpg */ = {isa = PBXFileReference; lastKnownFileType = image.jpeg; name = "28@2x.jpg"; path = "Photos/28@2x.jpg"; sourceTree = "<group>"; };
		A2A8990E1510E50C0079513C /* 29.jpg */ = {isa = PBXFileReference; lastKnownFileType = image.jpeg; name = 29.jpg; path = Photos/29.jpg; sourceTree = "<group>"; };
		A2A8990F1510E50C0079513C /* 29@2x.jpg */ = {isa = PBXFileReference; lastKnownFileType = image.jpeg; name = "29@2x.jpg"; path = "Photos/29@2x.jpg"; sourceTree = "<group>"; };
		A2A899101510E50C0079513C /* 30.jpg */ = {isa = PBXFileReference; lastKnownFileType = image.jpeg; name = 30.jpg; path = Photos/30.jpg; sourceTree = "<group>"; };
		A2A899111510E50C0079513C /* 30@2x.jpg */ = {isa = PBXFileReference; lastKnownFileType = image.jpeg; name = "30@2x.jpg"; path = "Photos/30@2x.jpg"; sourceTree = "<group>"; };
		A2A899121510E50C0079513C /* 31.jpg */ = {isa = PBXFileReference; lastKnownFileType = image.jpeg; name = 31.jpg; path = Photos/31.jpg; sourceTree = "<group>"; };
		A2A899131510E50C0079513C /* 31@2x.jpg */ = {isa = PBXFileReference; lastKnownFileType = image.jpeg; name = "31@2x.jpg"; path = "Photos/31@2x.jpg"; sourceTree = "<group>"; };
		A2A899141510E50C0079513C /* 33.jpg */ = {isa = PBXFileReference; lastKnownFileType = image.jpeg; name = 33.jpg; path = Photos/33.jpg; sourceTree = "<group>"; };
		A2A899151510E50C0079513C /* 33@2x.jpg */ = {isa = PBXFileReference; lastKnownFileType = image.jpeg; name = "33@2x.jpg"; path = "Photos/33@2x.jpg"; sourceTree = "<group>"; };
		A2A899161510E50C0079513C /* 34.jpg */ = {isa = PBXFileReference; lastKnownFileType = image.jpeg; name = 34.jpg; path = Photos/34.jpg; sourceTree = "<group>"; };
		A2A899171510E50C0079513C /* 34@2x.jpg */ = {isa = PBXFileReference; lastKnownFileType = image.jpeg; name = "34@2x.jpg"; path = "Photos/34@2x.jpg"; sourceTree = "<group>"; };
		A2A899181510E50C0079513C /* 35.jpg */ = {isa = PBXFileReference; lastKnownFileType = image.jpeg; name = 35.jpg; path = Photos/35.jpg; sourceTree = "<group>"; };
		A2A899191510E50C0079513C /* 35@2x.jpg */ = {isa = PBXFileReference; lastKnownFileType = image.jpeg; name = "35@2x.jpg"; path = "Photos/35@2x.jpg"; sourceTree = "<group>"; };
		A2A8991A1510E50C0079513C /* 36.jpg */ = {isa = PBXFileReference; lastKnownFileType = image.jpeg; name = 36.jpg; path = Photos/36.jpg; sourceTree = "<group>"; };
		A2A8991B1510E50C0079513C /* 36@2x.jpg */ = {isa = PBXFileReference; lastKnownFileType = image.jpeg; name = "36@2x.jpg"; path = "Photos/36@2x.jpg"; sourceTree = "<group>"; };
		A2A8991C1510E50C0079513C /* 37.jpg */ = {isa = PBXFileReference; lastKnownFileType = image.jpeg; name = 37.jpg; path = Photos/37.jpg; sourceTree = "<group>"; };
		A2A8991D1510E50C0079513C /* 37@2x.jpg */ = {isa = PBXFileReference; lastKnownFileType = image.jpeg; name = "37@2x.jpg"; path = "Photos/37@2x.jpg"; sourceTree = "<group>"; };
		A2A8991E1510E50C0079513C /* 38.jpg */ = {isa = PBXFileReference; lastKnownFileType = image.jpeg; name = 38.jpg; path = Photos/38.jpg; sourceTree = "<group>"; };
		A2A8991F1510E50C0079513C /* 38@2x.jpg */ = {isa = PBXFileReference; lastKnownFileType = image.jpeg; name = "38@2x.jpg"; path = "Photos/38@2x.jpg"; sourceTree = "<group>"; };
		A2ABFE5C14F27C8C00550070 /* Icon.png */ = {isa = PBXFileReference; lastKnownFileType = image.png; path = Icon.png; sourceTree = "<group>"; };
		A2ABFE5D14F27C8C00550070 /* Icon@2x.png */ = {isa = PBXFileReference; lastKnownFileType = image.png; path = "Icon@2x.png"; sourceTree = "<group>"; };
		A2BED8C61507C01C007A20B3 /* LocalizedCurrentLocation.h */ = {isa = PBXFileReference; fileEncoding = 4; lastKnownFileType = sourcecode.c.h; path = LocalizedCurrentLocation.h; sourceTree = "<group>"; };
		A2BED8C71507C01C007A20B3 /* LocalizedCurrentLocation.m */ = {isa = PBXFileReference; fileEncoding = 4; lastKnownFileType = sourcecode.c.objc; path = LocalizedCurrentLocation.m; sourceTree = "<group>"; };
		A2C799A614F7F127000D197E /* WaypointAnnotation.h */ = {isa = PBXFileReference; fileEncoding = 4; lastKnownFileType = sourcecode.c.h; path = WaypointAnnotation.h; sourceTree = "<group>"; };
		A2C799A714F7F127000D197E /* WaypointAnnotation.m */ = {isa = PBXFileReference; fileEncoding = 4; lastKnownFileType = sourcecode.c.objc; path = WaypointAnnotation.m; sourceTree = "<group>"; };
		A2DFA861160B19970047135B /* nl */ = {isa = PBXFileReference; lastKnownFileType = file.storyboard; name = nl; path = nl.lproj/MainStoryboard.storyboard; sourceTree = "<group>"; };
		A2DFA864160B19AA0047135B /* nl */ = {isa = PBXFileReference; lastKnownFileType = text.plist.strings; name = nl; path = nl.lproj/InfoPlist.strings; sourceTree = "<group>"; };
		A2DFA866160B1ACB0047135B /* Default-568h@2x.png */ = {isa = PBXFileReference; lastKnownFileType = image.png; path = "Default-568h@2x.png"; sourceTree = "<group>"; };
		A2DFA86F160B2A4B0047135B /* AddressBook.framework */ = {isa = PBXFileReference; lastKnownFileType = wrapper.framework; name = AddressBook.framework; path = System/Library/Frameworks/AddressBook.framework; sourceTree = SDKROOT; };
		A2FD8D3B15077BFB003D2270 /* AudioToolbox.framework */ = {isa = PBXFileReference; lastKnownFileType = wrapper.framework; name = AudioToolbox.framework; path = System/Library/Frameworks/AudioToolbox.framework; sourceTree = SDKROOT; };
/* End PBXFileReference section */

/* Begin PBXFrameworksBuildPhase section */
		A25EE1CF14F163F600A81707 /* Frameworks */ = {
			isa = PBXFrameworksBuildPhase;
			buildActionMask = 2147483647;
			files = (
				A27E219217061419006E1B1C /* SystemConfiguration.framework in Frameworks */,
				A27E218C170612F1006E1B1C /* CoreTelephony.framework in Frameworks */,
				A262749714F7E25D007304C2 /* MapKit.framework in Frameworks */,
				A2DFA870160B2A4B0047135B /* AddressBook.framework in Frameworks */,
				A29B5EFD150F4C92008A0C59 /* CoreText.framework in Frameworks */,
				A2FD8D3C15077BFB003D2270 /* AudioToolbox.framework in Frameworks */,
				A29BEF3414F3DF6500C36818 /* CoreLocation.framework in Frameworks */,
				A287E88814F2596E00807435 /* CoreData.framework in Frameworks */,
				A25EE1D714F163F600A81707 /* UIKit.framework in Frameworks */,
				A25EE1D914F163F600A81707 /* Foundation.framework in Frameworks */,
				A25EE1DB14F163F600A81707 /* CoreGraphics.framework in Frameworks */,
			);
			runOnlyForDeploymentPostprocessing = 0;
		};
/* End PBXFrameworksBuildPhase section */

/* Begin PBXGroup section */
		A25CD17315109EE6006B2946 /* Mixpanel */ = {
			isa = PBXGroup;
			children = (
				A27E217917061246006E1B1C /* Library */,
				A27E218417061246006E1B1C /* Mixpanel.h */,
				A27E218517061246006E1B1C /* Mixpanel.m */,
			);
			name = Mixpanel;
			path = Submodules/Mixpanel/MPLib;
			sourceTree = "<group>";
		};
		A25EE1C714F163F600A81707 = {
			isa = PBXGroup;
			children = (
				A25EE1DC14F163F600A81707 /* Reisgids Utrecht */,
				A25EE1DD14F163F600A81707 /* Supporting Files */,
				A2ABFE5B14F27C6700550070 /* Resources */,
				A29B5EFF150F4CE4008A0C59 /* External */,
				A25EE1D514F163F600A81707 /* Frameworks */,
				A25EE1D314F163F600A81707 /* Products */,
			);
			sourceTree = "<group>";
		};
		A25EE1D314F163F600A81707 /* Products */ = {
			isa = PBXGroup;
			children = (
				A25EE1D214F163F600A81707 /* Utrecht Gids.app */,
			);
			name = Products;
			sourceTree = "<group>";
		};
		A25EE1D514F163F600A81707 /* Frameworks */ = {
			isa = PBXGroup;
			children = (
				A27E219117061419006E1B1C /* SystemConfiguration.framework */,
				A27E218B170612F1006E1B1C /* CoreTelephony.framework */,
				A2DFA86F160B2A4B0047135B /* AddressBook.framework */,
				A29B5EFC150F4C92008A0C59 /* CoreText.framework */,
				A2FD8D3B15077BFB003D2270 /* AudioToolbox.framework */,
				A262749614F7E25D007304C2 /* MapKit.framework */,
				A29BEF3314F3DF6500C36818 /* CoreLocation.framework */,
				A287E88714F2596E00807435 /* CoreData.framework */,
				A25EE1D614F163F600A81707 /* UIKit.framework */,
				A25EE1D814F163F600A81707 /* Foundation.framework */,
				A25EE1DA14F163F600A81707 /* CoreGraphics.framework */,
			);
			name = Frameworks;
			sourceTree = "<group>";
		};
		A25EE1DC14F163F600A81707 /* Reisgids Utrecht */ = {
			isa = PBXGroup;
			children = (
				A2DFA860160B19970047135B /* MainStoryboard.storyboard */,
				A2BED8C61507C01C007A20B3 /* LocalizedCurrentLocation.h */,
				A2BED8C71507C01C007A20B3 /* LocalizedCurrentLocation.m */,
				A25EE1E514F163F700A81707 /* AppDelegate.h */,
				A25EE1E614F163F700A81707 /* AppDelegate.m */,
				A25EE1E814F163F700A81707 /* RootViewController.h */,
				A25EE1E914F163F700A81707 /* RootViewController.m */,
				A25EE1EE14F163F700A81707 /* WaypointController.h */,
				A25EE1EF14F163F700A81707 /* WaypointController.m */,
				A25EE1EB14F163F700A81707 /* WaypointViewController.h */,
				A25EE1EC14F163F700A81707 /* WaypointViewController.m */,
				A20244781507C5D7004810BA /* Link.h */,
				A20244791507C5D7004810BA /* Link.m */,
				A287E88014F2561300807435 /* Model.xcdatamodeld */,
				A287E88414F2585E00807435 /* Waypoint.h */,
				A287E88514F2585E00807435 /* Waypoint.m */,
				A29BEF3614F3E00500C36818 /* LocationController.h */,
				A29BEF3714F3E00500C36818 /* LocationController.m */,
				A262749214F7E15C007304C2 /* InfoTableViewController.h */,
				A262749314F7E15C007304C2 /* InfoTableViewController.m */,
				A2C799A614F7F127000D197E /* WaypointAnnotation.h */,
				A2C799A714F7F127000D197E /* WaypointAnnotation.m */,
				A29A3DCA150A754000797851 /* AboutViewController.h */,
				A29A3DCB150A754000797851 /* AboutViewController.m */,
			);
			path = "Reisgids Utrecht";
			sourceTree = "<group>";
		};
		A25EE1DD14F163F600A81707 /* Supporting Files */ = {
			isa = PBXGroup;
			children = (
				A2DFA863160B19AA0047135B /* InfoPlist.strings */,
				A25EE1DE14F163F600A81707 /* Utrecht Gids-Info.plist */,
				A25EE1E214F163F600A81707 /* main.m */,
				A25EE1E414F163F700A81707 /* Utrecht Gids-Prefix.pch */,
				A25CD1931510A158006B2946 /* Settings.bundle */,
			);
			name = "Supporting Files";
			path = "Reisgids Utrecht";
			sourceTree = "<group>";
		};
		A25EE1F914F1794500A81707 /* Photos */ = {
			isa = PBXGroup;
			children = (
				A2A898D61510E50C0079513C /* 1.jpg */,
				A2A898D71510E50C0079513C /* 1@2x.jpg */,
				A2A898D81510E50C0079513C /* 2.jpg */,
				A2A898D91510E50C0079513C /* 2@2x.jpg */,
				A2A898DA1510E50C0079513C /* 3.jpg */,
				A2A898DB1510E50C0079513C /* 3@2x.jpg */,
				A2A898DC1510E50C0079513C /* 4.jpg */,
				A2A898DD1510E50C0079513C /* 4@2x.jpg */,
				A2A898DE1510E50C0079513C /* 5.jpg */,
				A2A898DF1510E50C0079513C /* 5@2x.jpg */,
				A2A898E01510E50C0079513C /* 6.jpg */,
				A2A898E11510E50C0079513C /* 6@2x.jpg */,
				A2A898E21510E50C0079513C /* 7.jpg */,
				A2A898E31510E50C0079513C /* 7@2x.jpg */,
				A2A898E41510E50C0079513C /* 8.jpg */,
				A2A898E51510E50C0079513C /* 8@2x.jpg */,
				A2A898E61510E50C0079513C /* 9.jpg */,
				A2A898E71510E50C0079513C /* 9@2x.jpg */,
				A2A898E81510E50C0079513C /* 10.jpg */,
				A2A898E91510E50C0079513C /* 10@2x.jpg */,
				A2A898EA1510E50C0079513C /* 11.jpg */,
				A2A898EB1510E50C0079513C /* 11@2x.jpg */,
				A2A898EC1510E50C0079513C /* 12.jpg */,
				A2A898ED1510E50C0079513C /* 12@2x.jpg */,
				A2A898EE1510E50C0079513C /* 13.jpg */,
				A2A898EF1510E50C0079513C /* 13@2x.jpg */,
				A2A898F01510E50C0079513C /* 14.jpg */,
				A2A898F11510E50C0079513C /* 14@2x.jpg */,
				A2A898F21510E50C0079513C /* 15.jpg */,
				A2A898F31510E50C0079513C /* 15@2x.jpg */,
				A2A898F41510E50C0079513C /* 16.jpg */,
				A2A898F51510E50C0079513C /* 16@2x.jpg */,
				A2A898F61510E50C0079513C /* 17.jpg */,
				A2A898F71510E50C0079513C /* 17@2x.jpg */,
				A2A898F81510E50C0079513C /* 18.jpg */,
				A2A898F91510E50C0079513C /* 18@2x.jpg */,
				A2A898FA1510E50C0079513C /* 19.jpg */,
				A2A898FB1510E50C0079513C /* 19@2x.jpg */,
				A2A898FC1510E50C0079513C /* 20.jpg */,
				A2A898FD1510E50C0079513C /* 20@2x.jpg */,
				A2A898FE1510E50C0079513C /* 21.jpg */,
				A2A898FF1510E50C0079513C /* 21@2x.jpg */,
				A2A899001510E50C0079513C /* 22.jpg */,
				A2A899011510E50C0079513C /* 22@2x.jpg */,
				A2A899021510E50C0079513C /* 23.jpg */,
				A2A899031510E50C0079513C /* 23@2x.jpg */,
				A2A899041510E50C0079513C /* 24.jpg */,
				A2A899051510E50C0079513C /* 24@2x.jpg */,
				A2A899061510E50C0079513C /* 25.jpg */,
				A2A899071510E50C0079513C /* 25@2x.jpg */,
				A2A899081510E50C0079513C /* 26.jpg */,
				A2A899091510E50C0079513C /* 26@2x.jpg */,
				A2A8990A1510E50C0079513C /* 27.jpg */,
				A2A8990B1510E50C0079513C /* 27@2x.jpg */,
				A2A8990C1510E50C0079513C /* 28.jpg */,
				A2A8990D1510E50C0079513C /* 28@2x.jpg */,
				A2A8990E1510E50C0079513C /* 29.jpg */,
				A2A8990F1510E50C0079513C /* 29@2x.jpg */,
				A2A899101510E50C0079513C /* 30.jpg */,
				A2A899111510E50C0079513C /* 30@2x.jpg */,
				A2A899121510E50C0079513C /* 31.jpg */,
				A2A899131510E50C0079513C /* 31@2x.jpg */,
				A2A899141510E50C0079513C /* 33.jpg */,
				A2A899151510E50C0079513C /* 33@2x.jpg */,
				A2A899161510E50C0079513C /* 34.jpg */,
				A2A899171510E50C0079513C /* 34@2x.jpg */,
				A2A899181510E50C0079513C /* 35.jpg */,
				A2A899191510E50C0079513C /* 35@2x.jpg */,
				A2A8991A1510E50C0079513C /* 36.jpg */,
				A2A8991B1510E50C0079513C /* 36@2x.jpg */,
				A2A8991C1510E50C0079513C /* 37.jpg */,
				A2A8991D1510E50C0079513C /* 37@2x.jpg */,
				A2A8991E1510E50C0079513C /* 38.jpg */,
				A2A8991F1510E50C0079513C /* 38@2x.jpg */,
			);
			name = Photos;
			sourceTree = "<group>";
		};
		A27E217917061246006E1B1C /* Library */ = {
			isa = PBXGroup;
			children = (
				A27E217A17061246006E1B1C /* JSON */,
				A27E218117061246006E1B1C /* NSData_Base64 */,
			);
			name = Library;
			path = Submodules/Mixpanel/Mixpanel/Library;
			sourceTree = SOURCE_ROOT;
		};
		A27E217A17061246006E1B1C /* JSON */ = {
			isa = PBXGroup;
			children = (
				A27E217B17061246006E1B1C /* MPCJSONDataSerializer.h */,
				A27E217C17061246006E1B1C /* MPCJSONDataSerializer.m */,
				A27E217D17061246006E1B1C /* MPCJSONSerializer.h */,
				A27E217E17061246006E1B1C /* MPCJSONSerializer.m */,
				A27E217F17061246006E1B1C /* MPCSerializedJSONData.h */,
				A27E218017061246006E1B1C /* MPCSerializedJSONData.m */,
			);
			path = JSON;
			sourceTree = "<group>";
		};
		A27E218117061246006E1B1C /* NSData_Base64 */ = {
			isa = PBXGroup;
			children = (
				A27E218217061246006E1B1C /* NSData+MPBase64.h */,
				A27E218317061246006E1B1C /* NSData+MPBase64.m */,
			);
			path = NSData_Base64;
			sourceTree = "<group>";
		};
		A27E218D17061319006E1B1C /* Reachability */ = {
			isa = PBXGroup;
			children = (
				A27E218E170613DB006E1B1C /* Reachability.h */,
				A27E218F170613DB006E1B1C /* Reachability.m */,
			);
			name = Reachability;
			sourceTree = "<group>";
		};
		A29B5EFF150F4CE4008A0C59 /* External */ = {
			isa = PBXGroup;
			children = (
				A27E218D17061319006E1B1C /* Reachability */,
				A25CD17315109EE6006B2946 /* Mixpanel */,
				A29B5F00150F4CF7008A0C59 /* TTTAttributedLabel */,
			);
			name = External;
			sourceTree = "<group>";
		};
		A29B5F00150F4CF7008A0C59 /* TTTAttributedLabel */ = {
			isa = PBXGroup;
			children = (
				A27E21931706150D006E1B1C /* TTTAttributedLabel.h */,
				A27E21941706150D006E1B1C /* TTTAttributedLabel.m */,
			);
			name = TTTAttributedLabel;
			sourceTree = "<group>";
		};
		A2ABFE5B14F27C6700550070 /* Resources */ = {
			isa = PBXGroup;
			children = (
				A27E217717061143006E1B1C /* Prefill Bundle.sqlite */,
				A29FA1AB150FED3D00C900C2 /* Default.png */,
				A29FA1AC150FED3D00C900C2 /* Default@2x.png */,
				A2DFA866160B1ACB0047135B /* Default-568h@2x.png */,
				A25EE1F914F1794500A81707 /* Photos */,
				A2ABFE5C14F27C8C00550070 /* Icon.png */,
				A2ABFE5D14F27C8C00550070 /* Icon@2x.png */,
			);
			name = Resources;
			sourceTree = "<group>";
		};
/* End PBXGroup section */

/* Begin PBXNativeTarget section */
		A25EE1D114F163F600A81707 /* Utrecht Gids */ = {
			isa = PBXNativeTarget;
			buildConfigurationList = A25EE1F614F163F700A81707 /* Build configuration list for PBXNativeTarget "Utrecht Gids" */;
			buildPhases = (
				A25EE1CE14F163F600A81707 /* Sources */,
				A25EE1CF14F163F600A81707 /* Frameworks */,
				A25EE1D014F163F600A81707 /* Resources */,
			);
			buildRules = (
			);
			dependencies = (
			);
			name = "Utrecht Gids";
			productName = "Reisgids Utrecht";
			productReference = A25EE1D214F163F600A81707 /* Utrecht Gids.app */;
			productType = "com.apple.product-type.application";
		};
/* End PBXNativeTarget section */

/* Begin PBXProject section */
		A25EE1C914F163F600A81707 /* Project object */ = {
			isa = PBXProject;
			attributes = {
				LastUpgradeCheck = 0430;
				ORGANIZATIONNAME = "Sjors Provoost";
			};
			buildConfigurationList = A25EE1CC14F163F600A81707 /* Build configuration list for PBXProject "Utrecht Gids" */;
			compatibilityVersion = "Xcode 3.2";
			developmentRegion = English;
			hasScannedForEncodings = 0;
			knownRegions = (
				en,
				nl,
			);
			mainGroup = A25EE1C714F163F600A81707;
			productRefGroup = A25EE1D314F163F600A81707 /* Products */;
			projectDirPath = "";
			projectRoot = "";
			targets = (
				A25EE1D114F163F600A81707 /* Utrecht Gids */,
			);
		};
/* End PBXProject section */

/* Begin PBXResourcesBuildPhase section */
		A25EE1D014F163F600A81707 /* Resources */ = {
			isa = PBXResourcesBuildPhase;
			buildActionMask = 2147483647;
			files = (
				A2ABFE5E14F27C8C00550070 /* Icon.png in Resources */,
				A2ABFE5F14F27C8C00550070 /* Icon@2x.png in Resources */,
				A29FA1AD150FED3D00C900C2 /* Default.png in Resources */,
				A29FA1AE150FED3D00C900C2 /* Default@2x.png in Resources */,
				A25CD1941510A158006B2946 /* Settings.bundle in Resources */,
				A2A899201510E50C0079513C /* 1.jpg in Resources */,
				A2A899211510E50C0079513C /* 1@2x.jpg in Resources */,
				A2A899221510E50C0079513C /* 2.jpg in Resources */,
				A2A899231510E50C0079513C /* 2@2x.jpg in Resources */,
				A2A899241510E50C0079513C /* 3.jpg in Resources */,
				A2A899251510E50C0079513C /* 3@2x.jpg in Resources */,
				A2A899261510E50C0079513C /* 4.jpg in Resources */,
				A2A899271510E50C0079513C /* 4@2x.jpg in Resources */,
				A2A899281510E50C0079513C /* 5.jpg in Resources */,
				A2A899291510E50C0079513C /* 5@2x.jpg in Resources */,
				A2A8992A1510E50C0079513C /* 6.jpg in Resources */,
				A2A8992B1510E50C0079513C /* 6@2x.jpg in Resources */,
				A2A8992C1510E50C0079513C /* 7.jpg in Resources */,
				A2A8992D1510E50C0079513C /* 7@2x.jpg in Resources */,
				A2A8992E1510E50C0079513C /* 8.jpg in Resources */,
				A2A8992F1510E50C0079513C /* 8@2x.jpg in Resources */,
				A2A899301510E50C0079513C /* 9.jpg in Resources */,
				A2A899311510E50C0079513C /* 9@2x.jpg in Resources */,
				A2A899321510E50C0079513C /* 10.jpg in Resources */,
				A2A899331510E50C0079513C /* 10@2x.jpg in Resources */,
				A2A899341510E50C0079513C /* 11.jpg in Resources */,
				A2A899351510E50C0079513C /* 11@2x.jpg in Resources */,
				A2A899361510E50C0079513C /* 12.jpg in Resources */,
				A2A899371510E50C0079513C /* 12@2x.jpg in Resources */,
				A2A899381510E50C0079513C /* 13.jpg in Resources */,
				A2A899391510E50C0079513C /* 13@2x.jpg in Resources */,
				A2A8993A1510E50C0079513C /* 14.jpg in Resources */,
				A2A8993B1510E50C0079513C /* 14@2x.jpg in Resources */,
				A2A8993C1510E50C0079513C /* 15.jpg in Resources */,
				A2A8993D1510E50C0079513C /* 15@2x.jpg in Resources */,
				A2A8993E1510E50C0079513C /* 16.jpg in Resources */,
				A2A8993F1510E50C0079513C /* 16@2x.jpg in Resources */,
				A2A899401510E50C0079513C /* 17.jpg in Resources */,
				A2A899411510E50C0079513C /* 17@2x.jpg in Resources */,
				A2A899421510E50C0079513C /* 18.jpg in Resources */,
				A2A899431510E50C0079513C /* 18@2x.jpg in Resources */,
				A2A899441510E50C0079513C /* 19.jpg in Resources */,
				A2A899451510E50C0079513C /* 19@2x.jpg in Resources */,
				A2A899461510E50C0079513C /* 20.jpg in Resources */,
				A2A899471510E50C0079513C /* 20@2x.jpg in Resources */,
				A2A899481510E50C0079513C /* 21.jpg in Resources */,
				A2A899491510E50C0079513C /* 21@2x.jpg in Resources */,
				A2A8994A1510E50C0079513C /* 22.jpg in Resources */,
				A2A8994B1510E50C0079513C /* 22@2x.jpg in Resources */,
				A2A8994C1510E50C0079513C /* 23.jpg in Resources */,
				A2A8994D1510E50C0079513C /* 23@2x.jpg in Resources */,
				A2A8994E1510E50C0079513C /* 24.jpg in Resources */,
				A2A8994F1510E50C0079513C /* 24@2x.jpg in Resources */,
				A2A899501510E50C0079513C /* 25.jpg in Resources */,
				A2A899511510E50C0079513C /* 25@2x.jpg in Resources */,
				A2A899521510E50C0079513C /* 26.jpg in Resources */,
				A2A899531510E50C0079513C /* 26@2x.jpg in Resources */,
				A2A899541510E50C0079513C /* 27.jpg in Resources */,
				A2A899551510E50C0079513C /* 27@2x.jpg in Resources */,
				A2A899561510E50C0079513C /* 28.jpg in Resources */,
				A2A899571510E50C0079513C /* 28@2x.jpg in Resources */,
				A2A899581510E50C0079513C /* 29.jpg in Resources */,
				A2A899591510E50C0079513C /* 29@2x.jpg in Resources */,
				A2A8995A1510E50C0079513C /* 30.jpg in Resources */,
				A2A8995B1510E50C0079513C /* 30@2x.jpg in Resources */,
				A2A8995C1510E50C0079513C /* 31.jpg in Resources */,
				A2A8995D1510E50C0079513C /* 31@2x.jpg in Resources */,
				A2A8995E1510E50C0079513C /* 33.jpg in Resources */,
				A2A8995F1510E50C0079513C /* 33@2x.jpg in Resources */,
				A2A899601510E50C0079513C /* 34.jpg in Resources */,
				A2A899611510E50C0079513C /* 34@2x.jpg in Resources */,
				A2A899621510E50C0079513C /* 35.jpg in Resources */,
				A2A899631510E50C0079513C /* 35@2x.jpg in Resources */,
				A2A899641510E50C0079513C /* 36.jpg in Resources */,
				A2A899651510E50C0079513C /* 36@2x.jpg in Resources */,
				A2A899661510E50C0079513C /* 37.jpg in Resources */,
				A2A899671510E50C0079513C /* 37@2x.jpg in Resources */,
				A2A899681510E50C0079513C /* 38.jpg in Resources */,
				A2A899691510E50C0079513C /* 38@2x.jpg in Resources */,
				A2DFA862160B19970047135B /* MainStoryboard.storyboard in Resources */,
				A2DFA865160B19AA0047135B /* InfoPlist.strings in Resources */,
				A2DFA867160B1ACB0047135B /* Default-568h@2x.png in Resources */,
				A27E217817061143006E1B1C /* Prefill Bundle.sqlite in Resources */,
			);
			runOnlyForDeploymentPostprocessing = 0;
		};
/* End PBXResourcesBuildPhase section */

/* Begin PBXSourcesBuildPhase section */
		A25EE1CE14F163F600A81707 /* Sources */ = {
			isa = PBXSourcesBuildPhase;
			buildActionMask = 2147483647;
			files = (
				A25EE1E314F163F600A81707 /* main.m in Sources */,
				A25EE1E714F163F700A81707 /* AppDelegate.m in Sources */,
				A25EE1EA14F163F700A81707 /* RootViewController.m in Sources */,
				A25EE1ED14F163F700A81707 /* WaypointViewController.m in Sources */,
				A25EE1F014F163F700A81707 /* WaypointController.m in Sources */,
				A287E88214F2561300807435 /* Model.xcdatamodeld in Sources */,
				A287E88614F2585E00807435 /* Waypoint.m in Sources */,
				A29BEF3814F3E00500C36818 /* LocationController.m in Sources */,
				A262749414F7E15C007304C2 /* InfoTableViewController.m in Sources */,
				A2C799A814F7F127000D197E /* WaypointAnnotation.m in Sources */,
				A2BED8C81507C01C007A20B3 /* LocalizedCurrentLocation.m in Sources */,
				A202447A1507C5D7004810BA /* Link.m in Sources */,
				A29A3DCC150A754000797851 /* AboutViewController.m in Sources */,
				A27E218617061246006E1B1C /* MPCJSONDataSerializer.m in Sources */,
				A27E218717061246006E1B1C /* MPCJSONSerializer.m in Sources */,
				A27E218817061246006E1B1C /* MPCSerializedJSONData.m in Sources */,
				A27E218917061246006E1B1C /* NSData+MPBase64.m in Sources */,
				A27E218A17061246006E1B1C /* Mixpanel.m in Sources */,
				A27E2190170613DB006E1B1C /* Reachability.m in Sources */,
				A27E21951706150D006E1B1C /* TTTAttributedLabel.m in Sources */,
			);
			runOnlyForDeploymentPostprocessing = 0;
		};
/* End PBXSourcesBuildPhase section */

/* Begin PBXVariantGroup section */
		A2DFA860160B19970047135B /* MainStoryboard.storyboard */ = {
			isa = PBXVariantGroup;
			children = (
				A2DFA861160B19970047135B /* nl */,
			);
			name = MainStoryboard.storyboard;
			sourceTree = "<group>";
		};
		A2DFA863160B19AA0047135B /* InfoPlist.strings */ = {
			isa = PBXVariantGroup;
			children = (
				A2DFA864160B19AA0047135B /* nl */,
			);
			name = InfoPlist.strings;
			sourceTree = "<group>";
		};
/* End PBXVariantGroup section */

/* Begin XCBuildConfiguration section */
		A25EE1F414F163F700A81707 /* Debug */ = {
			isa = XCBuildConfiguration;
			buildSettings = {
				ALWAYS_SEARCH_USER_PATHS = NO;
				ARCHS = "$(ARCHS_STANDARD_32_BIT)";
				CLANG_ENABLE_OBJC_ARC = YES;
				"CODE_SIGN_IDENTITY[sdk=iphoneos*]" = "iPhone Developer: Sjors Provoost (A885HU8JZH)";
				COPY_PHASE_STRIP = NO;
				GCC_C_LANGUAGE_STANDARD = gnu99;
				GCC_DYNAMIC_NO_PIC = NO;
				GCC_OPTIMIZATION_LEVEL = 0;
				GCC_PREPROCESSOR_DEFINITIONS = (
					"DEBUG=1",
					"$(inherited)",
				);
				GCC_SYMBOLS_PRIVATE_EXTERN = NO;
				GCC_VERSION = com.apple.compilers.llvm.clang.1_0;
				GCC_WARN_ABOUT_MISSING_PROTOTYPES = YES;
				GCC_WARN_ABOUT_RETURN_TYPE = YES;
				GCC_WARN_UNUSED_VARIABLE = YES;
				IPHONEOS_DEPLOYMENT_TARGET = 5.0;
				"PROVISIONING_PROFILE[sdk=iphoneos*]" = "10059C45-EF83-45CD-80B8-BF6CB63F31E1";
				SDKROOT = iphoneos;
			};
			name = Debug;
		};
		A25EE1F514F163F700A81707 /* Release */ = {
			isa = XCBuildConfiguration;
			buildSettings = {
				ALWAYS_SEARCH_USER_PATHS = NO;
				ARCHS = "$(ARCHS_STANDARD_32_BIT)";
				CLANG_ENABLE_OBJC_ARC = YES;
				"CODE_SIGN_IDENTITY[sdk=iphoneos*]" = "iPhone Distribution: Sjors Provoost";
				COPY_PHASE_STRIP = YES;
				GCC_C_LANGUAGE_STANDARD = gnu99;
				GCC_PREPROCESSOR_DEFINITIONS = "APP_STORE=1";
				GCC_VERSION = com.apple.compilers.llvm.clang.1_0;
				GCC_WARN_ABOUT_MISSING_PROTOTYPES = YES;
				GCC_WARN_ABOUT_RETURN_TYPE = YES;
				GCC_WARN_UNUSED_VARIABLE = YES;
				IPHONEOS_DEPLOYMENT_TARGET = 5.0;
				OTHER_CFLAGS = "-DNS_BLOCK_ASSERTIONS=1";
				"PROVISIONING_PROFILE[sdk=iphoneos*]" = "04E871F4-687A-4994-8850-3BDDA5CBF8DF";
				SDKROOT = iphoneos;
				VALIDATE_PRODUCT = YES;
			};
			name = Release;
		};
		A25EE1F714F163F700A81707 /* Debug */ = {
			isa = XCBuildConfiguration;
			buildSettings = {
				"CODE_SIGN_IDENTITY[sdk=iphoneos*]" = "iPhone Developer";
				GCC_PRECOMPILE_PREFIX_HEADER = YES;
				GCC_PREFIX_HEADER = "Reisgids Utrecht/Utrecht Gids-Prefix.pch";
				INFOPLIST_FILE = "Reisgids Utrecht/Utrecht Gids-Info.plist";
				PRODUCT_NAME = "Utrecht Gids";
				"PROVISIONING_PROFILE[sdk=iphoneos*]" = "";
				WRAPPER_EXTENSION = app;
			};
			name = Debug;
		};
		A25EE1F814F163F700A81707 /* Release */ = {
			isa = XCBuildConfiguration;
			buildSettings = {
				CODE_SIGN_IDENTITY = "iPhone Distribution: Sjors Provoost";
				"CODE_SIGN_IDENTITY[sdk=iphoneos*]" = "iPhone Distribution: Sjors Provoost";
				GCC_PRECOMPILE_PREFIX_HEADER = YES;
				GCC_PREFIX_HEADER = "Reisgids Utrecht/Utrecht Gids-Prefix.pch";
				INFOPLIST_FILE = "Reisgids Utrecht/Utrecht Gids-Info.plist";
				PRODUCT_NAME = "Utrecht Gids";
				PROVISIONING_PROFILE = "04E871F4-687A-4994-8850-3BDDA5CBF8DF";
				"PROVISIONING_PROFILE[sdk=iphoneos*]" = "04E871F4-687A-4994-8850-3BDDA5CBF8DF";
				WRAPPER_EXTENSION = app;
			};
			name = Release;
		};
		A298D47F14F2825000ECB06C /* Ad Hoc */ = {
			isa = XCBuildConfiguration;
			buildSettings = {
				ALWAYS_SEARCH_USER_PATHS = NO;
				ARCHS = "$(ARCHS_STANDARD_32_BIT)";
				CLANG_ENABLE_OBJC_ARC = YES;
				"CODE_SIGN_IDENTITY[sdk=iphoneos*]" = "";
				COPY_PHASE_STRIP = YES;
				GCC_C_LANGUAGE_STANDARD = gnu99;
				GCC_PREPROCESSOR_DEFINITIONS = "AD_HOC=1";
				GCC_VERSION = com.apple.compilers.llvm.clang.1_0;
				GCC_WARN_ABOUT_MISSING_PROTOTYPES = YES;
				GCC_WARN_ABOUT_RETURN_TYPE = YES;
				GCC_WARN_UNUSED_VARIABLE = YES;
				IPHONEOS_DEPLOYMENT_TARGET = 5.0;
				OTHER_CFLAGS = "-DNS_BLOCK_ASSERTIONS=1";
				SDKROOT = iphoneos;
				VALIDATE_PRODUCT = YES;
			};
			name = "Ad Hoc";
		};
		A298D48014F2825000ECB06C /* Ad Hoc */ = {
			isa = XCBuildConfiguration;
			buildSettings = {
				"CODE_SIGN_IDENTITY[sdk=iphoneos*]" = "iPhone Distribution: Sjors Provoost";
				GCC_PRECOMPILE_PREFIX_HEADER = YES;
				GCC_PREFIX_HEADER = "Reisgids Utrecht/Utrecht Gids-Prefix.pch";
				INFOPLIST_FILE = "Reisgids Utrecht/Utrecht Gids-Info.plist";
				PRODUCT_NAME = "Utrecht Gids";
				"PROVISIONING_PROFILE[sdk=iphoneos*]" = "04E871F4-687A-4994-8850-3BDDA5CBF8DF";
				WRAPPER_EXTENSION = app;
			};
			name = "Ad Hoc";
		};
/* End XCBuildConfiguration section */

/* Begin XCConfigurationList section */
		A25EE1CC14F163F600A81707 /* Build configuration list for PBXProject "Utrecht Gids" */ = {
			isa = XCConfigurationList;
			buildConfigurations = (
				A25EE1F414F163F700A81707 /* Debug */,
				A25EE1F514F163F700A81707 /* Release */,
				A298D47F14F2825000ECB06C /* Ad Hoc */,
			);
			defaultConfigurationIsVisible = 0;
			defaultConfigurationName = Release;
		};
		A25EE1F614F163F700A81707 /* Build configuration list for PBXNativeTarget "Utrecht Gids" */ = {
			isa = XCConfigurationList;
			buildConfigurations = (
				A25EE1F714F163F700A81707 /* Debug */,
				A25EE1F814F163F700A81707 /* Release */,
				A298D48014F2825000ECB06C /* Ad Hoc */,
			);
			defaultConfigurationIsVisible = 0;
			defaultConfigurationName = Release;
		};
/* End XCConfigurationList section */

/* Begin XCVersionGroup section */
		A287E88014F2561300807435 /* Model.xcdatamodeld */ = {
			isa = XCVersionGroup;
			children = (
				A287E88114F2561300807435 /* Model.xcdatamodel */,
			);
			currentVersion = A287E88114F2561300807435 /* Model.xcdatamodel */;
			path = Model.xcdatamodeld;
			sourceTree = "<group>";
			versionGroupType = wrapper.xcdatamodel;
		};
/* End XCVersionGroup section */
	};
	rootObject = A25EE1C914F163F600A81707 /* Project object */;
}
