// !$*UTF8*$!
{
	archiveVersion = 1;
	classes = {
	};
	objectVersion = 46;
	objects = {

/* Begin PBXBuildFile section */
		A202447A1507C5D7004810BA /* Link.m in Sources */ = {isa = PBXBuildFile; fileRef = A20244791507C5D7004810BA /* Link.m */; };
		A2292E0D15094A5E00570A1A /* 1.jpg in Resources */ = {isa = PBXBuildFile; fileRef = A2292DC915094A5E00570A1A /* 1.jpg */; };
		A2292E0E15094A5E00570A1A /* 1@2x.jpg in Resources */ = {isa = PBXBuildFile; fileRef = A2292DCA15094A5E00570A1A /* 1@2x.jpg */; };
		A2292E0F15094A5E00570A1A /* 2.jpg in Resources */ = {isa = PBXBuildFile; fileRef = A2292DCB15094A5E00570A1A /* 2.jpg */; };
		A2292E1015094A5E00570A1A /* 2@2x.jpg in Resources */ = {isa = PBXBuildFile; fileRef = A2292DCC15094A5E00570A1A /* 2@2x.jpg */; };
		A2292E1115094A5E00570A1A /* 3.jpg in Resources */ = {isa = PBXBuildFile; fileRef = A2292DCD15094A5E00570A1A /* 3.jpg */; };
		A2292E1215094A5E00570A1A /* 3@2x.jpg in Resources */ = {isa = PBXBuildFile; fileRef = A2292DCE15094A5E00570A1A /* 3@2x.jpg */; };
		A2292E1315094A5E00570A1A /* 4.jpg in Resources */ = {isa = PBXBuildFile; fileRef = A2292DCF15094A5E00570A1A /* 4.jpg */; };
		A2292E1415094A5E00570A1A /* 4@2x.jpg in Resources */ = {isa = PBXBuildFile; fileRef = A2292DD015094A5E00570A1A /* 4@2x.jpg */; };
		A2292E1515094A5E00570A1A /* 5.jpg in Resources */ = {isa = PBXBuildFile; fileRef = A2292DD115094A5E00570A1A /* 5.jpg */; };
		A2292E1615094A5E00570A1A /* 5@2x.jpg in Resources */ = {isa = PBXBuildFile; fileRef = A2292DD215094A5E00570A1A /* 5@2x.jpg */; };
		A2292E1715094A5E00570A1A /* 6.jpg in Resources */ = {isa = PBXBuildFile; fileRef = A2292DD315094A5E00570A1A /* 6.jpg */; };
		A2292E1815094A5E00570A1A /* 6@2x.jpg in Resources */ = {isa = PBXBuildFile; fileRef = A2292DD415094A5E00570A1A /* 6@2x.jpg */; };
		A2292E1915094A5E00570A1A /* 7.jpg in Resources */ = {isa = PBXBuildFile; fileRef = A2292DD515094A5E00570A1A /* 7.jpg */; };
		A2292E1A15094A5E00570A1A /* 7@2x.jpg in Resources */ = {isa = PBXBuildFile; fileRef = A2292DD615094A5E00570A1A /* 7@2x.jpg */; };
		A2292E1B15094A5E00570A1A /* 8.jpg in Resources */ = {isa = PBXBuildFile; fileRef = A2292DD715094A5E00570A1A /* 8.jpg */; };
		A2292E1C15094A5E00570A1A /* 8@2x.jpg in Resources */ = {isa = PBXBuildFile; fileRef = A2292DD815094A5E00570A1A /* 8@2x.jpg */; };
		A2292E1D15094A5E00570A1A /* 9.jpg in Resources */ = {isa = PBXBuildFile; fileRef = A2292DD915094A5E00570A1A /* 9.jpg */; };
		A2292E1E15094A5E00570A1A /* 9@2x.jpg in Resources */ = {isa = PBXBuildFile; fileRef = A2292DDA15094A5E00570A1A /* 9@2x.jpg */; };
		A2292E1F15094A5E00570A1A /* 10.jpg in Resources */ = {isa = PBXBuildFile; fileRef = A2292DDB15094A5E00570A1A /* 10.jpg */; };
		A2292E2015094A5E00570A1A /* 10@2x.jpg in Resources */ = {isa = PBXBuildFile; fileRef = A2292DDC15094A5E00570A1A /* 10@2x.jpg */; };
		A2292E2115094A5E00570A1A /* 11.jpg in Resources */ = {isa = PBXBuildFile; fileRef = A2292DDD15094A5E00570A1A /* 11.jpg */; };
		A2292E2215094A5E00570A1A /* 11@2x.jpg in Resources */ = {isa = PBXBuildFile; fileRef = A2292DDE15094A5E00570A1A /* 11@2x.jpg */; };
		A2292E2315094A5E00570A1A /* 12.jpg in Resources */ = {isa = PBXBuildFile; fileRef = A2292DDF15094A5E00570A1A /* 12.jpg */; };
		A2292E2415094A5E00570A1A /* 12@2x.jpg in Resources */ = {isa = PBXBuildFile; fileRef = A2292DE015094A5E00570A1A /* 12@2x.jpg */; };
		A2292E2515094A5E00570A1A /* 13.jpg in Resources */ = {isa = PBXBuildFile; fileRef = A2292DE115094A5E00570A1A /* 13.jpg */; };
		A2292E2615094A5E00570A1A /* 13@2x.jpg in Resources */ = {isa = PBXBuildFile; fileRef = A2292DE215094A5E00570A1A /* 13@2x.jpg */; };
		A2292E2715094A5E00570A1A /* 14.jpg in Resources */ = {isa = PBXBuildFile; fileRef = A2292DE315094A5E00570A1A /* 14.jpg */; };
		A2292E2815094A5E00570A1A /* 14@2x.jpg in Resources */ = {isa = PBXBuildFile; fileRef = A2292DE415094A5E00570A1A /* 14@2x.jpg */; };
		A2292E2915094A5E00570A1A /* 15.jpg in Resources */ = {isa = PBXBuildFile; fileRef = A2292DE515094A5E00570A1A /* 15.jpg */; };
		A2292E2A15094A5E00570A1A /* 15@2x.jpg in Resources */ = {isa = PBXBuildFile; fileRef = A2292DE615094A5E00570A1A /* 15@2x.jpg */; };
		A2292E2B15094A5E00570A1A /* 16.jpg in Resources */ = {isa = PBXBuildFile; fileRef = A2292DE715094A5E00570A1A /* 16.jpg */; };
		A2292E2C15094A5E00570A1A /* 16@2x.jpg in Resources */ = {isa = PBXBuildFile; fileRef = A2292DE815094A5E00570A1A /* 16@2x.jpg */; };
		A2292E2D15094A5E00570A1A /* 17.jpg in Resources */ = {isa = PBXBuildFile; fileRef = A2292DE915094A5E00570A1A /* 17.jpg */; };
		A2292E2E15094A5E00570A1A /* 17@2x.jpg in Resources */ = {isa = PBXBuildFile; fileRef = A2292DEA15094A5E00570A1A /* 17@2x.jpg */; };
		A2292E2F15094A5E00570A1A /* 18.jpg in Resources */ = {isa = PBXBuildFile; fileRef = A2292DEB15094A5E00570A1A /* 18.jpg */; };
		A2292E3015094A5E00570A1A /* 18@2x.jpg in Resources */ = {isa = PBXBuildFile; fileRef = A2292DEC15094A5E00570A1A /* 18@2x.jpg */; };
		A2292E3115094A5E00570A1A /* 19.jpg in Resources */ = {isa = PBXBuildFile; fileRef = A2292DED15094A5E00570A1A /* 19.jpg */; };
		A2292E3215094A5E00570A1A /* 19@2x.jpg in Resources */ = {isa = PBXBuildFile; fileRef = A2292DEE15094A5E00570A1A /* 19@2x.jpg */; };
		A2292E3315094A5E00570A1A /* 20.jpg in Resources */ = {isa = PBXBuildFile; fileRef = A2292DEF15094A5E00570A1A /* 20.jpg */; };
		A2292E3415094A5E00570A1A /* 20@2x.jpg in Resources */ = {isa = PBXBuildFile; fileRef = A2292DF015094A5E00570A1A /* 20@2x.jpg */; };
		A2292E3515094A5E00570A1A /* 21.jpg in Resources */ = {isa = PBXBuildFile; fileRef = A2292DF115094A5E00570A1A /* 21.jpg */; };
		A2292E3615094A5E00570A1A /* 21@2x.jpg in Resources */ = {isa = PBXBuildFile; fileRef = A2292DF215094A5E00570A1A /* 21@2x.jpg */; };
		A2292E3715094A5E00570A1A /* 22.jpg in Resources */ = {isa = PBXBuildFile; fileRef = A2292DF315094A5E00570A1A /* 22.jpg */; };
		A2292E3815094A5E00570A1A /* 22@2x.jpg in Resources */ = {isa = PBXBuildFile; fileRef = A2292DF415094A5E00570A1A /* 22@2x.jpg */; };
		A2292E3915094A5E00570A1A /* 24.jpg in Resources */ = {isa = PBXBuildFile; fileRef = A2292DF515094A5E00570A1A /* 24.jpg */; };
		A2292E3A15094A5E00570A1A /* 24@2x.jpg in Resources */ = {isa = PBXBuildFile; fileRef = A2292DF615094A5E00570A1A /* 24@2x.jpg */; };
		A2292E3B15094A5E00570A1A /* 25.jpg in Resources */ = {isa = PBXBuildFile; fileRef = A2292DF715094A5E00570A1A /* 25.jpg */; };
		A2292E3C15094A5E00570A1A /* 25@2x.jpg in Resources */ = {isa = PBXBuildFile; fileRef = A2292DF815094A5E00570A1A /* 25@2x.jpg */; };
		A2292E3D15094A5E00570A1A /* 28.jpg in Resources */ = {isa = PBXBuildFile; fileRef = A2292DF915094A5E00570A1A /* 28.jpg */; };
		A2292E3E15094A5E00570A1A /* 28@2x.jpg in Resources */ = {isa = PBXBuildFile; fileRef = A2292DFA15094A5E00570A1A /* 28@2x.jpg */; };
		A2292E3F15094A5E00570A1A /* 29.jpg in Resources */ = {isa = PBXBuildFile; fileRef = A2292DFB15094A5E00570A1A /* 29.jpg */; };
		A2292E4015094A5E00570A1A /* 29@2x.jpg in Resources */ = {isa = PBXBuildFile; fileRef = A2292DFC15094A5E00570A1A /* 29@2x.jpg */; };
		A2292E4115094A5E00570A1A /* 30.jpg in Resources */ = {isa = PBXBuildFile; fileRef = A2292DFD15094A5E00570A1A /* 30.jpg */; };
		A2292E4215094A5E00570A1A /* 30@2x.jpg in Resources */ = {isa = PBXBuildFile; fileRef = A2292DFE15094A5E00570A1A /* 30@2x.jpg */; };
		A2292E4315094A5E00570A1A /* 31.jpg in Resources */ = {isa = PBXBuildFile; fileRef = A2292DFF15094A5E00570A1A /* 31.jpg */; };
		A2292E4415094A5E00570A1A /* 31@2x.jpg in Resources */ = {isa = PBXBuildFile; fileRef = A2292E0015094A5E00570A1A /* 31@2x.jpg */; };
		A2292E4515094A5E00570A1A /* 33.jpg in Resources */ = {isa = PBXBuildFile; fileRef = A2292E0115094A5E00570A1A /* 33.jpg */; };
		A2292E4615094A5E00570A1A /* 33@2x.jpg in Resources */ = {isa = PBXBuildFile; fileRef = A2292E0215094A5E00570A1A /* 33@2x.jpg */; };
		A2292E4715094A5E00570A1A /* 34.jpg in Resources */ = {isa = PBXBuildFile; fileRef = A2292E0315094A5E00570A1A /* 34.jpg */; };
		A2292E4815094A5E00570A1A /* 34@2x.jpg in Resources */ = {isa = PBXBuildFile; fileRef = A2292E0415094A5E00570A1A /* 34@2x.jpg */; };
		A2292E4915094A5E00570A1A /* 35.jpg in Resources */ = {isa = PBXBuildFile; fileRef = A2292E0515094A5E00570A1A /* 35.jpg */; };
		A2292E4A15094A5E00570A1A /* 35@2x.jpg in Resources */ = {isa = PBXBuildFile; fileRef = A2292E0615094A5E00570A1A /* 35@2x.jpg */; };
		A2292E4B15094A5E00570A1A /* 36.jpg in Resources */ = {isa = PBXBuildFile; fileRef = A2292E0715094A5E00570A1A /* 36.jpg */; };
		A2292E4C15094A5E00570A1A /* 36@2x.jpg in Resources */ = {isa = PBXBuildFile; fileRef = A2292E0815094A5E00570A1A /* 36@2x.jpg */; };
		A2292E4D15094A5E00570A1A /* 37.jpg in Resources */ = {isa = PBXBuildFile; fileRef = A2292E0915094A5E00570A1A /* 37.jpg */; };
		A2292E4E15094A5E00570A1A /* 37@2x.jpg in Resources */ = {isa = PBXBuildFile; fileRef = A2292E0A15094A5E00570A1A /* 37@2x.jpg */; };
		A2292E4F15094A5E00570A1A /* 38.jpg in Resources */ = {isa = PBXBuildFile; fileRef = A2292E0B15094A5E00570A1A /* 38.jpg */; };
		A2292E5015094A5E00570A1A /* 38@2x.jpg in Resources */ = {isa = PBXBuildFile; fileRef = A2292E0C15094A5E00570A1A /* 38@2x.jpg */; };
		A25EE1D714F163F600A81707 /* UIKit.framework in Frameworks */ = {isa = PBXBuildFile; fileRef = A25EE1D614F163F600A81707 /* UIKit.framework */; };
		A25EE1D914F163F600A81707 /* Foundation.framework in Frameworks */ = {isa = PBXBuildFile; fileRef = A25EE1D814F163F600A81707 /* Foundation.framework */; };
		A25EE1DB14F163F600A81707 /* CoreGraphics.framework in Frameworks */ = {isa = PBXBuildFile; fileRef = A25EE1DA14F163F600A81707 /* CoreGraphics.framework */; };
		A25EE1E114F163F600A81707 /* InfoPlist.strings in Resources */ = {isa = PBXBuildFile; fileRef = A25EE1DF14F163F600A81707 /* InfoPlist.strings */; };
		A25EE1E314F163F600A81707 /* main.m in Sources */ = {isa = PBXBuildFile; fileRef = A25EE1E214F163F600A81707 /* main.m */; };
		A25EE1E714F163F700A81707 /* AppDelegate.m in Sources */ = {isa = PBXBuildFile; fileRef = A25EE1E614F163F700A81707 /* AppDelegate.m */; };
		A25EE1EA14F163F700A81707 /* RootViewController.m in Sources */ = {isa = PBXBuildFile; fileRef = A25EE1E914F163F700A81707 /* RootViewController.m */; };
		A25EE1ED14F163F700A81707 /* WaypointViewController.m in Sources */ = {isa = PBXBuildFile; fileRef = A25EE1EC14F163F700A81707 /* WaypointViewController.m */; };
		A25EE1F014F163F700A81707 /* WaypointController.m in Sources */ = {isa = PBXBuildFile; fileRef = A25EE1EF14F163F700A81707 /* WaypointController.m */; };
		A25EE1F314F163F700A81707 /* MainStoryboard.storyboard in Resources */ = {isa = PBXBuildFile; fileRef = A25EE1F114F163F700A81707 /* MainStoryboard.storyboard */; };
		A262749414F7E15C007304C2 /* InfoTableViewController.m in Sources */ = {isa = PBXBuildFile; fileRef = A262749314F7E15C007304C2 /* InfoTableViewController.m */; };
		A262749714F7E25D007304C2 /* MapKit.framework in Frameworks */ = {isa = PBXBuildFile; fileRef = A262749614F7E25D007304C2 /* MapKit.framework */; };
		A287E88214F2561300807435 /* Model.xcdatamodeld in Sources */ = {isa = PBXBuildFile; fileRef = A287E88014F2561300807435 /* Model.xcdatamodeld */; };
		A287E88614F2585E00807435 /* Waypoint.m in Sources */ = {isa = PBXBuildFile; fileRef = A287E88514F2585E00807435 /* Waypoint.m */; };
		A287E88814F2596E00807435 /* CoreData.framework in Frameworks */ = {isa = PBXBuildFile; fileRef = A287E88714F2596E00807435 /* CoreData.framework */; };
		A29A3DCC150A754000797851 /* AboutViewController.m in Sources */ = {isa = PBXBuildFile; fileRef = A29A3DCB150A754000797851 /* AboutViewController.m */; };
		A29B5EFD150F4C92008A0C59 /* CoreText.framework in Frameworks */ = {isa = PBXBuildFile; fileRef = A29B5EFC150F4C92008A0C59 /* CoreText.framework */; };
		A29B5F03150F4D41008A0C59 /* TTTAttributedLabel.m in Sources */ = {isa = PBXBuildFile; fileRef = A29B5F02150F4D41008A0C59 /* TTTAttributedLabel.m */; settings = {COMPILER_FLAGS = "-fno-objc-arc "; }; };
		A29BEF3414F3DF6500C36818 /* CoreLocation.framework in Frameworks */ = {isa = PBXBuildFile; fileRef = A29BEF3314F3DF6500C36818 /* CoreLocation.framework */; };
		A29BEF3814F3E00500C36818 /* LocationController.m in Sources */ = {isa = PBXBuildFile; fileRef = A29BEF3714F3E00500C36818 /* LocationController.m */; };
		A29FA1AD150FED3D00C900C2 /* Default.png in Resources */ = {isa = PBXBuildFile; fileRef = A29FA1AB150FED3D00C900C2 /* Default.png */; };
		A29FA1AE150FED3D00C900C2 /* Default@2x.png in Resources */ = {isa = PBXBuildFile; fileRef = A29FA1AC150FED3D00C900C2 /* Default@2x.png */; };
		A2ABFE5E14F27C8C00550070 /* Icon.png in Resources */ = {isa = PBXBuildFile; fileRef = A2ABFE5C14F27C8C00550070 /* Icon.png */; };
		A2ABFE5F14F27C8C00550070 /* Icon@2x.png in Resources */ = {isa = PBXBuildFile; fileRef = A2ABFE5D14F27C8C00550070 /* Icon@2x.png */; };
		A2AE63961506504300AE44EF /* Prefill Bundle.sqlite in Resources */ = {isa = PBXBuildFile; fileRef = A2AE63951506504300AE44EF /* Prefill Bundle.sqlite */; };
		A2BED8C81507C01C007A20B3 /* LocalizedCurrentLocation.m in Sources */ = {isa = PBXBuildFile; fileRef = A2BED8C71507C01C007A20B3 /* LocalizedCurrentLocation.m */; };
		A2C799A814F7F127000D197E /* WaypointAnnotation.m in Sources */ = {isa = PBXBuildFile; fileRef = A2C799A714F7F127000D197E /* WaypointAnnotation.m */; };
		A2FD8D3C15077BFB003D2270 /* AudioToolbox.framework in Frameworks */ = {isa = PBXBuildFile; fileRef = A2FD8D3B15077BFB003D2270 /* AudioToolbox.framework */; };
/* End PBXBuildFile section */

/* Begin PBXFileReference section */
		A20244781507C5D7004810BA /* Link.h */ = {isa = PBXFileReference; fileEncoding = 4; lastKnownFileType = sourcecode.c.h; path = Link.h; sourceTree = "<group>"; };
		A20244791507C5D7004810BA /* Link.m */ = {isa = PBXFileReference; fileEncoding = 4; lastKnownFileType = sourcecode.c.objc; path = Link.m; sourceTree = "<group>"; };
		A2292DC915094A5E00570A1A /* 1.jpg */ = {isa = PBXFileReference; lastKnownFileType = image.jpeg; name = 1.jpg; path = Photos/1.jpg; sourceTree = "<group>"; };
		A2292DCA15094A5E00570A1A /* 1@2x.jpg */ = {isa = PBXFileReference; lastKnownFileType = image.jpeg; name = "1@2x.jpg"; path = "Photos/1@2x.jpg"; sourceTree = "<group>"; };
		A2292DCB15094A5E00570A1A /* 2.jpg */ = {isa = PBXFileReference; lastKnownFileType = image.jpeg; name = 2.jpg; path = Photos/2.jpg; sourceTree = "<group>"; };
		A2292DCC15094A5E00570A1A /* 2@2x.jpg */ = {isa = PBXFileReference; lastKnownFileType = image.jpeg; name = "2@2x.jpg"; path = "Photos/2@2x.jpg"; sourceTree = "<group>"; };
		A2292DCD15094A5E00570A1A /* 3.jpg */ = {isa = PBXFileReference; lastKnownFileType = image.jpeg; name = 3.jpg; path = Photos/3.jpg; sourceTree = "<group>"; };
		A2292DCE15094A5E00570A1A /* 3@2x.jpg */ = {isa = PBXFileReference; lastKnownFileType = image.jpeg; name = "3@2x.jpg"; path = "Photos/3@2x.jpg"; sourceTree = "<group>"; };
		A2292DCF15094A5E00570A1A /* 4.jpg */ = {isa = PBXFileReference; lastKnownFileType = image.jpeg; name = 4.jpg; path = Photos/4.jpg; sourceTree = "<group>"; };
		A2292DD015094A5E00570A1A /* 4@2x.jpg */ = {isa = PBXFileReference; lastKnownFileType = image.jpeg; name = "4@2x.jpg"; path = "Photos/4@2x.jpg"; sourceTree = "<group>"; };
		A2292DD115094A5E00570A1A /* 5.jpg */ = {isa = PBXFileReference; lastKnownFileType = image.jpeg; name = 5.jpg; path = Photos/5.jpg; sourceTree = "<group>"; };
		A2292DD215094A5E00570A1A /* 5@2x.jpg */ = {isa = PBXFileReference; lastKnownFileType = image.jpeg; name = "5@2x.jpg"; path = "Photos/5@2x.jpg"; sourceTree = "<group>"; };
		A2292DD315094A5E00570A1A /* 6.jpg */ = {isa = PBXFileReference; lastKnownFileType = image.jpeg; name = 6.jpg; path = Photos/6.jpg; sourceTree = "<group>"; };
		A2292DD415094A5E00570A1A /* 6@2x.jpg */ = {isa = PBXFileReference; lastKnownFileType = image.jpeg; name = "6@2x.jpg"; path = "Photos/6@2x.jpg"; sourceTree = "<group>"; };
		A2292DD515094A5E00570A1A /* 7.jpg */ = {isa = PBXFileReference; lastKnownFileType = image.jpeg; name = 7.jpg; path = Photos/7.jpg; sourceTree = "<group>"; };
		A2292DD615094A5E00570A1A /* 7@2x.jpg */ = {isa = PBXFileReference; lastKnownFileType = image.jpeg; name = "7@2x.jpg"; path = "Photos/7@2x.jpg"; sourceTree = "<group>"; };
		A2292DD715094A5E00570A1A /* 8.jpg */ = {isa = PBXFileReference; lastKnownFileType = image.jpeg; name = 8.jpg; path = Photos/8.jpg; sourceTree = "<group>"; };
		A2292DD815094A5E00570A1A /* 8@2x.jpg */ = {isa = PBXFileReference; lastKnownFileType = image.jpeg; name = "8@2x.jpg"; path = "Photos/8@2x.jpg"; sourceTree = "<group>"; };
		A2292DD915094A5E00570A1A /* 9.jpg */ = {isa = PBXFileReference; lastKnownFileType = image.jpeg; name = 9.jpg; path = Photos/9.jpg; sourceTree = "<group>"; };
		A2292DDA15094A5E00570A1A /* 9@2x.jpg */ = {isa = PBXFileReference; lastKnownFileType = image.jpeg; name = "9@2x.jpg"; path = "Photos/9@2x.jpg"; sourceTree = "<group>"; };
		A2292DDB15094A5E00570A1A /* 10.jpg */ = {isa = PBXFileReference; lastKnownFileType = image.jpeg; name = 10.jpg; path = Photos/10.jpg; sourceTree = "<group>"; };
		A2292DDC15094A5E00570A1A /* 10@2x.jpg */ = {isa = PBXFileReference; lastKnownFileType = image.jpeg; name = "10@2x.jpg"; path = "Photos/10@2x.jpg"; sourceTree = "<group>"; };
		A2292DDD15094A5E00570A1A /* 11.jpg */ = {isa = PBXFileReference; lastKnownFileType = image.jpeg; name = 11.jpg; path = Photos/11.jpg; sourceTree = "<group>"; };
		A2292DDE15094A5E00570A1A /* 11@2x.jpg */ = {isa = PBXFileReference; lastKnownFileType = image.jpeg; name = "11@2x.jpg"; path = "Photos/11@2x.jpg"; sourceTree = "<group>"; };
		A2292DDF15094A5E00570A1A /* 12.jpg */ = {isa = PBXFileReference; lastKnownFileType = image.jpeg; name = 12.jpg; path = Photos/12.jpg; sourceTree = "<group>"; };
		A2292DE015094A5E00570A1A /* 12@2x.jpg */ = {isa = PBXFileReference; lastKnownFileType = image.jpeg; name = "12@2x.jpg"; path = "Photos/12@2x.jpg"; sourceTree = "<group>"; };
		A2292DE115094A5E00570A1A /* 13.jpg */ = {isa = PBXFileReference; lastKnownFileType = image.jpeg; name = 13.jpg; path = Photos/13.jpg; sourceTree = "<group>"; };
		A2292DE215094A5E00570A1A /* 13@2x.jpg */ = {isa = PBXFileReference; lastKnownFileType = image.jpeg; name = "13@2x.jpg"; path = "Photos/13@2x.jpg"; sourceTree = "<group>"; };
		A2292DE315094A5E00570A1A /* 14.jpg */ = {isa = PBXFileReference; lastKnownFileType = image.jpeg; name = 14.jpg; path = Photos/14.jpg; sourceTree = "<group>"; };
		A2292DE415094A5E00570A1A /* 14@2x.jpg */ = {isa = PBXFileReference; lastKnownFileType = image.jpeg; name = "14@2x.jpg"; path = "Photos/14@2x.jpg"; sourceTree = "<group>"; };
		A2292DE515094A5E00570A1A /* 15.jpg */ = {isa = PBXFileReference; lastKnownFileType = image.jpeg; name = 15.jpg; path = Photos/15.jpg; sourceTree = "<group>"; };
		A2292DE615094A5E00570A1A /* 15@2x.jpg */ = {isa = PBXFileReference; lastKnownFileType = image.jpeg; name = "15@2x.jpg"; path = "Photos/15@2x.jpg"; sourceTree = "<group>"; };
		A2292DE715094A5E00570A1A /* 16.jpg */ = {isa = PBXFileReference; lastKnownFileType = image.jpeg; name = 16.jpg; path = Photos/16.jpg; sourceTree = "<group>"; };
		A2292DE815094A5E00570A1A /* 16@2x.jpg */ = {isa = PBXFileReference; lastKnownFileType = image.jpeg; name = "16@2x.jpg"; path = "Photos/16@2x.jpg"; sourceTree = "<group>"; };
		A2292DE915094A5E00570A1A /* 17.jpg */ = {isa = PBXFileReference; lastKnownFileType = image.jpeg; name = 17.jpg; path = Photos/17.jpg; sourceTree = "<group>"; };
		A2292DEA15094A5E00570A1A /* 17@2x.jpg */ = {isa = PBXFileReference; lastKnownFileType = image.jpeg; name = "17@2x.jpg"; path = "Photos/17@2x.jpg"; sourceTree = "<group>"; };
		A2292DEB15094A5E00570A1A /* 18.jpg */ = {isa = PBXFileReference; lastKnownFileType = image.jpeg; name = 18.jpg; path = Photos/18.jpg; sourceTree = "<group>"; };
		A2292DEC15094A5E00570A1A /* 18@2x.jpg */ = {isa = PBXFileReference; lastKnownFileType = image.jpeg; name = "18@2x.jpg"; path = "Photos/18@2x.jpg"; sourceTree = "<group>"; };
		A2292DED15094A5E00570A1A /* 19.jpg */ = {isa = PBXFileReference; lastKnownFileType = image.jpeg; name = 19.jpg; path = Photos/19.jpg; sourceTree = "<group>"; };
		A2292DEE15094A5E00570A1A /* 19@2x.jpg */ = {isa = PBXFileReference; lastKnownFileType = image.jpeg; name = "19@2x.jpg"; path = "Photos/19@2x.jpg"; sourceTree = "<group>"; };
		A2292DEF15094A5E00570A1A /* 20.jpg */ = {isa = PBXFileReference; lastKnownFileType = image.jpeg; name = 20.jpg; path = Photos/20.jpg; sourceTree = "<group>"; };
		A2292DF015094A5E00570A1A /* 20@2x.jpg */ = {isa = PBXFileReference; lastKnownFileType = image.jpeg; name = "20@2x.jpg"; path = "Photos/20@2x.jpg"; sourceTree = "<group>"; };
		A2292DF115094A5E00570A1A /* 21.jpg */ = {isa = PBXFileReference; lastKnownFileType = image.jpeg; name = 21.jpg; path = Photos/21.jpg; sourceTree = "<group>"; };
		A2292DF215094A5E00570A1A /* 21@2x.jpg */ = {isa = PBXFileReference; lastKnownFileType = image.jpeg; name = "21@2x.jpg"; path = "Photos/21@2x.jpg"; sourceTree = "<group>"; };
		A2292DF315094A5E00570A1A /* 22.jpg */ = {isa = PBXFileReference; lastKnownFileType = image.jpeg; name = 22.jpg; path = Photos/22.jpg; sourceTree = "<group>"; };
		A2292DF415094A5E00570A1A /* 22@2x.jpg */ = {isa = PBXFileReference; lastKnownFileType = image.jpeg; name = "22@2x.jpg"; path = "Photos/22@2x.jpg"; sourceTree = "<group>"; };
		A2292DF515094A5E00570A1A /* 24.jpg */ = {isa = PBXFileReference; lastKnownFileType = image.jpeg; name = 24.jpg; path = Photos/24.jpg; sourceTree = "<group>"; };
		A2292DF615094A5E00570A1A /* 24@2x.jpg */ = {isa = PBXFileReference; lastKnownFileType = image.jpeg; name = "24@2x.jpg"; path = "Photos/24@2x.jpg"; sourceTree = "<group>"; };
		A2292DF715094A5E00570A1A /* 25.jpg */ = {isa = PBXFileReference; lastKnownFileType = image.jpeg; name = 25.jpg; path = Photos/25.jpg; sourceTree = "<group>"; };
		A2292DF815094A5E00570A1A /* 25@2x.jpg */ = {isa = PBXFileReference; lastKnownFileType = image.jpeg; name = "25@2x.jpg"; path = "Photos/25@2x.jpg"; sourceTree = "<group>"; };
		A2292DF915094A5E00570A1A /* 28.jpg */ = {isa = PBXFileReference; lastKnownFileType = image.jpeg; name = 28.jpg; path = Photos/28.jpg; sourceTree = "<group>"; };
		A2292DFA15094A5E00570A1A /* 28@2x.jpg */ = {isa = PBXFileReference; lastKnownFileType = image.jpeg; name = "28@2x.jpg"; path = "Photos/28@2x.jpg"; sourceTree = "<group>"; };
		A2292DFB15094A5E00570A1A /* 29.jpg */ = {isa = PBXFileReference; lastKnownFileType = image.jpeg; name = 29.jpg; path = Photos/29.jpg; sourceTree = "<group>"; };
		A2292DFC15094A5E00570A1A /* 29@2x.jpg */ = {isa = PBXFileReference; lastKnownFileType = image.jpeg; name = "29@2x.jpg"; path = "Photos/29@2x.jpg"; sourceTree = "<group>"; };
		A2292DFD15094A5E00570A1A /* 30.jpg */ = {isa = PBXFileReference; lastKnownFileType = image.jpeg; name = 30.jpg; path = Photos/30.jpg; sourceTree = "<group>"; };
		A2292DFE15094A5E00570A1A /* 30@2x.jpg */ = {isa = PBXFileReference; lastKnownFileType = image.jpeg; name = "30@2x.jpg"; path = "Photos/30@2x.jpg"; sourceTree = "<group>"; };
		A2292DFF15094A5E00570A1A /* 31.jpg */ = {isa = PBXFileReference; lastKnownFileType = image.jpeg; name = 31.jpg; path = Photos/31.jpg; sourceTree = "<group>"; };
		A2292E0015094A5E00570A1A /* 31@2x.jpg */ = {isa = PBXFileReference; lastKnownFileType = image.jpeg; name = "31@2x.jpg"; path = "Photos/31@2x.jpg"; sourceTree = "<group>"; };
		A2292E0115094A5E00570A1A /* 33.jpg */ = {isa = PBXFileReference; lastKnownFileType = image.jpeg; name = 33.jpg; path = Photos/33.jpg; sourceTree = "<group>"; };
		A2292E0215094A5E00570A1A /* 33@2x.jpg */ = {isa = PBXFileReference; lastKnownFileType = image.jpeg; name = "33@2x.jpg"; path = "Photos/33@2x.jpg"; sourceTree = "<group>"; };
		A2292E0315094A5E00570A1A /* 34.jpg */ = {isa = PBXFileReference; lastKnownFileType = image.jpeg; name = 34.jpg; path = Photos/34.jpg; sourceTree = "<group>"; };
		A2292E0415094A5E00570A1A /* 34@2x.jpg */ = {isa = PBXFileReference; lastKnownFileType = image.jpeg; name = "34@2x.jpg"; path = "Photos/34@2x.jpg"; sourceTree = "<group>"; };
		A2292E0515094A5E00570A1A /* 35.jpg */ = {isa = PBXFileReference; lastKnownFileType = image.jpeg; name = 35.jpg; path = Photos/35.jpg; sourceTree = "<group>"; };
		A2292E0615094A5E00570A1A /* 35@2x.jpg */ = {isa = PBXFileReference; lastKnownFileType = image.jpeg; name = "35@2x.jpg"; path = "Photos/35@2x.jpg"; sourceTree = "<group>"; };
		A2292E0715094A5E00570A1A /* 36.jpg */ = {isa = PBXFileReference; lastKnownFileType = image.jpeg; name = 36.jpg; path = Photos/36.jpg; sourceTree = "<group>"; };
		A2292E0815094A5E00570A1A /* 36@2x.jpg */ = {isa = PBXFileReference; lastKnownFileType = image.jpeg; name = "36@2x.jpg"; path = "Photos/36@2x.jpg"; sourceTree = "<group>"; };
		A2292E0915094A5E00570A1A /* 37.jpg */ = {isa = PBXFileReference; lastKnownFileType = image.jpeg; name = 37.jpg; path = Photos/37.jpg; sourceTree = "<group>"; };
		A2292E0A15094A5E00570A1A /* 37@2x.jpg */ = {isa = PBXFileReference; lastKnownFileType = image.jpeg; name = "37@2x.jpg"; path = "Photos/37@2x.jpg"; sourceTree = "<group>"; };
		A2292E0B15094A5E00570A1A /* 38.jpg */ = {isa = PBXFileReference; lastKnownFileType = image.jpeg; name = 38.jpg; path = Photos/38.jpg; sourceTree = "<group>"; };
		A2292E0C15094A5E00570A1A /* 38@2x.jpg */ = {isa = PBXFileReference; lastKnownFileType = image.jpeg; name = "38@2x.jpg"; path = "Photos/38@2x.jpg"; sourceTree = "<group>"; };
		A25EE1D214F163F600A81707 /* Utrecht Gids.app */ = {isa = PBXFileReference; explicitFileType = wrapper.application; includeInIndex = 0; path = "Utrecht Gids.app"; sourceTree = BUILT_PRODUCTS_DIR; };
		A25EE1D614F163F600A81707 /* UIKit.framework */ = {isa = PBXFileReference; lastKnownFileType = wrapper.framework; name = UIKit.framework; path = System/Library/Frameworks/UIKit.framework; sourceTree = SDKROOT; };
		A25EE1D814F163F600A81707 /* Foundation.framework */ = {isa = PBXFileReference; lastKnownFileType = wrapper.framework; name = Foundation.framework; path = System/Library/Frameworks/Foundation.framework; sourceTree = SDKROOT; };
		A25EE1DA14F163F600A81707 /* CoreGraphics.framework */ = {isa = PBXFileReference; lastKnownFileType = wrapper.framework; name = CoreGraphics.framework; path = System/Library/Frameworks/CoreGraphics.framework; sourceTree = SDKROOT; };
		A25EE1DE14F163F600A81707 /* Utrecht Gids-Info.plist */ = {isa = PBXFileReference; lastKnownFileType = text.plist.xml; path = "Utrecht Gids-Info.plist"; sourceTree = "<group>"; };
		A25EE1E214F163F600A81707 /* main.m */ = {isa = PBXFileReference; lastKnownFileType = sourcecode.c.objc; path = main.m; sourceTree = "<group>"; };
		A25EE1E414F163F700A81707 /* Utrecht Gids-Prefix.pch */ = {isa = PBXFileReference; lastKnownFileType = sourcecode.c.h; path = "Utrecht Gids-Prefix.pch"; sourceTree = "<group>"; };
		A25EE1E514F163F700A81707 /* AppDelegate.h */ = {isa = PBXFileReference; lastKnownFileType = sourcecode.c.h; path = AppDelegate.h; sourceTree = "<group>"; };
		A25EE1E614F163F700A81707 /* AppDelegate.m */ = {isa = PBXFileReference; lastKnownFileType = sourcecode.c.objc; path = AppDelegate.m; sourceTree = "<group>"; };
		A25EE1E814F163F700A81707 /* RootViewController.h */ = {isa = PBXFileReference; lastKnownFileType = sourcecode.c.h; path = RootViewController.h; sourceTree = "<group>"; };
		A25EE1E914F163F700A81707 /* RootViewController.m */ = {isa = PBXFileReference; lastKnownFileType = sourcecode.c.objc; path = RootViewController.m; sourceTree = "<group>"; };
		A25EE1EB14F163F700A81707 /* WaypointViewController.h */ = {isa = PBXFileReference; lastKnownFileType = sourcecode.c.h; path = WaypointViewController.h; sourceTree = "<group>"; };
		A25EE1EC14F163F700A81707 /* WaypointViewController.m */ = {isa = PBXFileReference; lastKnownFileType = sourcecode.c.objc; path = WaypointViewController.m; sourceTree = "<group>"; };
		A25EE1EE14F163F700A81707 /* WaypointController.h */ = {isa = PBXFileReference; lastKnownFileType = sourcecode.c.h; path = WaypointController.h; sourceTree = "<group>"; };
		A25EE1EF14F163F700A81707 /* WaypointController.m */ = {isa = PBXFileReference; lastKnownFileType = sourcecode.c.objc; path = WaypointController.m; sourceTree = "<group>"; };
		A262749214F7E15C007304C2 /* InfoTableViewController.h */ = {isa = PBXFileReference; fileEncoding = 4; lastKnownFileType = sourcecode.c.h; path = InfoTableViewController.h; sourceTree = "<group>"; };
		A262749314F7E15C007304C2 /* InfoTableViewController.m */ = {isa = PBXFileReference; fileEncoding = 4; lastKnownFileType = sourcecode.c.objc; path = InfoTableViewController.m; sourceTree = "<group>"; };
		A262749614F7E25D007304C2 /* MapKit.framework */ = {isa = PBXFileReference; lastKnownFileType = wrapper.framework; name = MapKit.framework; path = System/Library/Frameworks/MapKit.framework; sourceTree = SDKROOT; };
		A287E88114F2561300807435 /* Model.xcdatamodel */ = {isa = PBXFileReference; lastKnownFileType = wrapper.xcdatamodel; path = Model.xcdatamodel; sourceTree = "<group>"; };
		A287E88414F2585E00807435 /* Waypoint.h */ = {isa = PBXFileReference; fileEncoding = 4; lastKnownFileType = sourcecode.c.h; path = Waypoint.h; sourceTree = "<group>"; };
		A287E88514F2585E00807435 /* Waypoint.m */ = {isa = PBXFileReference; fileEncoding = 4; lastKnownFileType = sourcecode.c.objc; path = Waypoint.m; sourceTree = "<group>"; };
		A287E88714F2596E00807435 /* CoreData.framework */ = {isa = PBXFileReference; lastKnownFileType = wrapper.framework; name = CoreData.framework; path = System/Library/Frameworks/CoreData.framework; sourceTree = SDKROOT; };
		A298D48114F2825F00ECB06C /* nl */ = {isa = PBXFileReference; lastKnownFileType = file.storyboard; name = nl; path = "/Users/sjors/Dropbox/Reisgids/iPhone/Reisgids Utrecht/nl.lproj/MainStoryboard.storyboard"; sourceTree = "<absolute>"; };
		A298D48214F2825F00ECB06C /* nl */ = {isa = PBXFileReference; lastKnownFileType = text.plist.strings; name = nl; path = "/Users/sjors/Dropbox/Reisgids/iPhone/Reisgids Utrecht/nl.lproj/InfoPlist.strings"; sourceTree = "<absolute>"; };
		A29A3DCA150A754000797851 /* AboutViewController.h */ = {isa = PBXFileReference; fileEncoding = 4; lastKnownFileType = sourcecode.c.h; path = AboutViewController.h; sourceTree = "<group>"; };
		A29A3DCB150A754000797851 /* AboutViewController.m */ = {isa = PBXFileReference; fileEncoding = 4; lastKnownFileType = sourcecode.c.objc; path = AboutViewController.m; sourceTree = "<group>"; };
		A29B5EFC150F4C92008A0C59 /* CoreText.framework */ = {isa = PBXFileReference; lastKnownFileType = wrapper.framework; name = CoreText.framework; path = System/Library/Frameworks/CoreText.framework; sourceTree = SDKROOT; };
		A29B5F01150F4D41008A0C59 /* TTTAttributedLabel.h */ = {isa = PBXFileReference; fileEncoding = 4; lastKnownFileType = sourcecode.c.h; path = TTTAttributedLabel.h; sourceTree = "<group>"; };
		A29B5F02150F4D41008A0C59 /* TTTAttributedLabel.m */ = {isa = PBXFileReference; fileEncoding = 4; lastKnownFileType = sourcecode.c.objc; path = TTTAttributedLabel.m; sourceTree = "<group>"; };
		A29BEF3314F3DF6500C36818 /* CoreLocation.framework */ = {isa = PBXFileReference; lastKnownFileType = wrapper.framework; name = CoreLocation.framework; path = System/Library/Frameworks/CoreLocation.framework; sourceTree = SDKROOT; };
		A29BEF3614F3E00500C36818 /* LocationController.h */ = {isa = PBXFileReference; fileEncoding = 4; lastKnownFileType = sourcecode.c.h; path = LocationController.h; sourceTree = "<group>"; };
		A29BEF3714F3E00500C36818 /* LocationController.m */ = {isa = PBXFileReference; fileEncoding = 4; lastKnownFileType = sourcecode.c.objc; path = LocationController.m; sourceTree = "<group>"; };
		A29FA1AB150FED3D00C900C2 /* Default.png */ = {isa = PBXFileReference; lastKnownFileType = image.png; path = Default.png; sourceTree = "<group>"; };
		A29FA1AC150FED3D00C900C2 /* Default@2x.png */ = {isa = PBXFileReference; lastKnownFileType = image.png; path = "Default@2x.png"; sourceTree = "<group>"; };
		A2ABFE5C14F27C8C00550070 /* Icon.png */ = {isa = PBXFileReference; lastKnownFileType = image.png; path = Icon.png; sourceTree = "<group>"; };
		A2ABFE5D14F27C8C00550070 /* Icon@2x.png */ = {isa = PBXFileReference; lastKnownFileType = image.png; path = "Icon@2x.png"; sourceTree = "<group>"; };
		A2AE63951506504300AE44EF /* Prefill Bundle.sqlite */ = {isa = PBXFileReference; lastKnownFileType = file; name = "Prefill Bundle.sqlite"; path = "Prefill/Prefill Bundle/build/Debug/Prefill Bundle.sqlite"; sourceTree = "<group>"; };
		A2BED8C61507C01C007A20B3 /* LocalizedCurrentLocation.h */ = {isa = PBXFileReference; fileEncoding = 4; lastKnownFileType = sourcecode.c.h; path = LocalizedCurrentLocation.h; sourceTree = "<group>"; };
		A2BED8C71507C01C007A20B3 /* LocalizedCurrentLocation.m */ = {isa = PBXFileReference; fileEncoding = 4; lastKnownFileType = sourcecode.c.objc; path = LocalizedCurrentLocation.m; sourceTree = "<group>"; };
		A2C799A614F7F127000D197E /* WaypointAnnotation.h */ = {isa = PBXFileReference; fileEncoding = 4; lastKnownFileType = sourcecode.c.h; path = WaypointAnnotation.h; sourceTree = "<group>"; };
		A2C799A714F7F127000D197E /* WaypointAnnotation.m */ = {isa = PBXFileReference; fileEncoding = 4; lastKnownFileType = sourcecode.c.objc; path = WaypointAnnotation.m; sourceTree = "<group>"; };
		A2FD8D3B15077BFB003D2270 /* AudioToolbox.framework */ = {isa = PBXFileReference; lastKnownFileType = wrapper.framework; name = AudioToolbox.framework; path = System/Library/Frameworks/AudioToolbox.framework; sourceTree = SDKROOT; };
/* End PBXFileReference section */

/* Begin PBXFrameworksBuildPhase section */
		A25EE1CF14F163F600A81707 /* Frameworks */ = {
			isa = PBXFrameworksBuildPhase;
			buildActionMask = 2147483647;
			files = (
				A29B5EFD150F4C92008A0C59 /* CoreText.framework in Frameworks */,
				A2FD8D3C15077BFB003D2270 /* AudioToolbox.framework in Frameworks */,
				A262749714F7E25D007304C2 /* MapKit.framework in Frameworks */,
				A29BEF3414F3DF6500C36818 /* CoreLocation.framework in Frameworks */,
				A287E88814F2596E00807435 /* CoreData.framework in Frameworks */,
				A25EE1D714F163F600A81707 /* UIKit.framework in Frameworks */,
				A25EE1D914F163F600A81707 /* Foundation.framework in Frameworks */,
				A25EE1DB14F163F600A81707 /* CoreGraphics.framework in Frameworks */,
			);
			runOnlyForDeploymentPostprocessing = 0;
		};
/* End PBXFrameworksBuildPhase section */

/* Begin PBXGroup section */
		A25EE1C714F163F600A81707 = {
			isa = PBXGroup;
			children = (
				A25EE1DC14F163F600A81707 /* Reisgids Utrecht */,
				A25EE1DD14F163F600A81707 /* Supporting Files */,
				A2ABFE5B14F27C6700550070 /* Resources */,
				A29B5EFF150F4CE4008A0C59 /* External */,
				A25EE1D514F163F600A81707 /* Frameworks */,
				A25EE1D314F163F600A81707 /* Products */,
			);
			sourceTree = "<group>";
		};
		A25EE1D314F163F600A81707 /* Products */ = {
			isa = PBXGroup;
			children = (
				A25EE1D214F163F600A81707 /* Utrecht Gids.app */,
			);
			name = Products;
			sourceTree = "<group>";
		};
		A25EE1D514F163F600A81707 /* Frameworks */ = {
			isa = PBXGroup;
			children = (
				A29B5EFC150F4C92008A0C59 /* CoreText.framework */,
				A2FD8D3B15077BFB003D2270 /* AudioToolbox.framework */,
				A262749614F7E25D007304C2 /* MapKit.framework */,
				A29BEF3314F3DF6500C36818 /* CoreLocation.framework */,
				A287E88714F2596E00807435 /* CoreData.framework */,
				A25EE1D614F163F600A81707 /* UIKit.framework */,
				A25EE1D814F163F600A81707 /* Foundation.framework */,
				A25EE1DA14F163F600A81707 /* CoreGraphics.framework */,
			);
			name = Frameworks;
			sourceTree = "<group>";
		};
		A25EE1DC14F163F600A81707 /* Reisgids Utrecht */ = {
			isa = PBXGroup;
			children = (
				A2BED8C61507C01C007A20B3 /* LocalizedCurrentLocation.h */,
				A2BED8C71507C01C007A20B3 /* LocalizedCurrentLocation.m */,
				A25EE1E514F163F700A81707 /* AppDelegate.h */,
				A25EE1E614F163F700A81707 /* AppDelegate.m */,
				A25EE1E814F163F700A81707 /* RootViewController.h */,
				A25EE1E914F163F700A81707 /* RootViewController.m */,
				A25EE1EE14F163F700A81707 /* WaypointController.h */,
				A25EE1EF14F163F700A81707 /* WaypointController.m */,
				A25EE1EB14F163F700A81707 /* WaypointViewController.h */,
				A25EE1EC14F163F700A81707 /* WaypointViewController.m */,
				A25EE1F114F163F700A81707 /* MainStoryboard.storyboard */,
				A20244781507C5D7004810BA /* Link.h */,
				A20244791507C5D7004810BA /* Link.m */,
				A287E88014F2561300807435 /* Model.xcdatamodeld */,
				A287E88414F2585E00807435 /* Waypoint.h */,
				A287E88514F2585E00807435 /* Waypoint.m */,
				A29BEF3614F3E00500C36818 /* LocationController.h */,
				A29BEF3714F3E00500C36818 /* LocationController.m */,
				A262749214F7E15C007304C2 /* InfoTableViewController.h */,
				A262749314F7E15C007304C2 /* InfoTableViewController.m */,
				A2C799A614F7F127000D197E /* WaypointAnnotation.h */,
				A2C799A714F7F127000D197E /* WaypointAnnotation.m */,
				A29A3DCA150A754000797851 /* AboutViewController.h */,
				A29A3DCB150A754000797851 /* AboutViewController.m */,
			);
			path = "Reisgids Utrecht";
			sourceTree = "<group>";
		};
		A25EE1DD14F163F600A81707 /* Supporting Files */ = {
			isa = PBXGroup;
			children = (
				A25EE1DE14F163F600A81707 /* Utrecht Gids-Info.plist */,
				A25EE1DF14F163F600A81707 /* InfoPlist.strings */,
				A25EE1E214F163F600A81707 /* main.m */,
				A25EE1E414F163F700A81707 /* Utrecht Gids-Prefix.pch */,
			);
			name = "Supporting Files";
			path = "Reisgids Utrecht";
			sourceTree = "<group>";
		};
		A25EE1F914F1794500A81707 /* Photos */ = {
			isa = PBXGroup;
			children = (
				A2292DC915094A5E00570A1A /* 1.jpg */,
				A2292DCA15094A5E00570A1A /* 1@2x.jpg */,
				A2292DCB15094A5E00570A1A /* 2.jpg */,
				A2292DCC15094A5E00570A1A /* 2@2x.jpg */,
				A2292DCD15094A5E00570A1A /* 3.jpg */,
				A2292DCE15094A5E00570A1A /* 3@2x.jpg */,
				A2292DCF15094A5E00570A1A /* 4.jpg */,
				A2292DD015094A5E00570A1A /* 4@2x.jpg */,
				A2292DD115094A5E00570A1A /* 5.jpg */,
				A2292DD215094A5E00570A1A /* 5@2x.jpg */,
				A2292DD315094A5E00570A1A /* 6.jpg */,
				A2292DD415094A5E00570A1A /* 6@2x.jpg */,
				A2292DD515094A5E00570A1A /* 7.jpg */,
				A2292DD615094A5E00570A1A /* 7@2x.jpg */,
				A2292DD715094A5E00570A1A /* 8.jpg */,
				A2292DD815094A5E00570A1A /* 8@2x.jpg */,
				A2292DD915094A5E00570A1A /* 9.jpg */,
				A2292DDA15094A5E00570A1A /* 9@2x.jpg */,
				A2292DDB15094A5E00570A1A /* 10.jpg */,
				A2292DDC15094A5E00570A1A /* 10@2x.jpg */,
				A2292DDD15094A5E00570A1A /* 11.jpg */,
				A2292DDE15094A5E00570A1A /* 11@2x.jpg */,
				A2292DDF15094A5E00570A1A /* 12.jpg */,
				A2292DE015094A5E00570A1A /* 12@2x.jpg */,
				A2292DE115094A5E00570A1A /* 13.jpg */,
				A2292DE215094A5E00570A1A /* 13@2x.jpg */,
				A2292DE315094A5E00570A1A /* 14.jpg */,
				A2292DE415094A5E00570A1A /* 14@2x.jpg */,
				A2292DE515094A5E00570A1A /* 15.jpg */,
				A2292DE615094A5E00570A1A /* 15@2x.jpg */,
				A2292DE715094A5E00570A1A /* 16.jpg */,
				A2292DE815094A5E00570A1A /* 16@2x.jpg */,
				A2292DE915094A5E00570A1A /* 17.jpg */,
				A2292DEA15094A5E00570A1A /* 17@2x.jpg */,
				A2292DEB15094A5E00570A1A /* 18.jpg */,
				A2292DEC15094A5E00570A1A /* 18@2x.jpg */,
				A2292DED15094A5E00570A1A /* 19.jpg */,
				A2292DEE15094A5E00570A1A /* 19@2x.jpg */,
				A2292DEF15094A5E00570A1A /* 20.jpg */,
				A2292DF015094A5E00570A1A /* 20@2x.jpg */,
				A2292DF115094A5E00570A1A /* 21.jpg */,
				A2292DF215094A5E00570A1A /* 21@2x.jpg */,
				A2292DF315094A5E00570A1A /* 22.jpg */,
				A2292DF415094A5E00570A1A /* 22@2x.jpg */,
				A2292DF515094A5E00570A1A /* 24.jpg */,
				A2292DF615094A5E00570A1A /* 24@2x.jpg */,
				A2292DF715094A5E00570A1A /* 25.jpg */,
				A2292DF815094A5E00570A1A /* 25@2x.jpg */,
				A2292DF915094A5E00570A1A /* 28.jpg */,
				A2292DFA15094A5E00570A1A /* 28@2x.jpg */,
				A2292DFB15094A5E00570A1A /* 29.jpg */,
				A2292DFC15094A5E00570A1A /* 29@2x.jpg */,
				A2292DFD15094A5E00570A1A /* 30.jpg */,
				A2292DFE15094A5E00570A1A /* 30@2x.jpg */,
				A2292DFF15094A5E00570A1A /* 31.jpg */,
				A2292E0015094A5E00570A1A /* 31@2x.jpg */,
				A2292E0115094A5E00570A1A /* 33.jpg */,
				A2292E0215094A5E00570A1A /* 33@2x.jpg */,
				A2292E0315094A5E00570A1A /* 34.jpg */,
				A2292E0415094A5E00570A1A /* 34@2x.jpg */,
				A2292E0515094A5E00570A1A /* 35.jpg */,
				A2292E0615094A5E00570A1A /* 35@2x.jpg */,
				A2292E0715094A5E00570A1A /* 36.jpg */,
				A2292E0815094A5E00570A1A /* 36@2x.jpg */,
				A2292E0915094A5E00570A1A /* 37.jpg */,
				A2292E0A15094A5E00570A1A /* 37@2x.jpg */,
				A2292E0B15094A5E00570A1A /* 38.jpg */,
				A2292E0C15094A5E00570A1A /* 38@2x.jpg */,
			);
			name = Photos;
			sourceTree = "<group>";
		};
		A29B5EFF150F4CE4008A0C59 /* External */ = {
			isa = PBXGroup;
			children = (
				A29B5F00150F4CF7008A0C59 /* TTTAttributedLabel */,
			);
			name = External;
			sourceTree = "<group>";
		};
		A29B5F00150F4CF7008A0C59 /* TTTAttributedLabel */ = {
			isa = PBXGroup;
			children = (
				A29B5F01150F4D41008A0C59 /* TTTAttributedLabel.h */,
				A29B5F02150F4D41008A0C59 /* TTTAttributedLabel.m */,
			);
			name = TTTAttributedLabel;
			sourceTree = "<group>";
		};
		A2ABFE5B14F27C6700550070 /* Resources */ = {
			isa = PBXGroup;
			children = (
				A29FA1AB150FED3D00C900C2 /* Default.png */,
				A29FA1AC150FED3D00C900C2 /* Default@2x.png */,
				A2AE63951506504300AE44EF /* Prefill Bundle.sqlite */,
				A25EE1F914F1794500A81707 /* Photos */,
				A2ABFE5C14F27C8C00550070 /* Icon.png */,
				A2ABFE5D14F27C8C00550070 /* Icon@2x.png */,
			);
			name = Resources;
			sourceTree = "<group>";
		};
/* End PBXGroup section */

/* Begin PBXNativeTarget section */
		A25EE1D114F163F600A81707 /* Utrecht Gids */ = {
			isa = PBXNativeTarget;
			buildConfigurationList = A25EE1F614F163F700A81707 /* Build configuration list for PBXNativeTarget "Utrecht Gids" */;
			buildPhases = (
				A25EE1CE14F163F600A81707 /* Sources */,
				A25EE1CF14F163F600A81707 /* Frameworks */,
				A25EE1D014F163F600A81707 /* Resources */,
			);
			buildRules = (
			);
			dependencies = (
			);
			name = "Utrecht Gids";
			productName = "Reisgids Utrecht";
			productReference = A25EE1D214F163F600A81707 /* Utrecht Gids.app */;
			productType = "com.apple.product-type.application";
		};
/* End PBXNativeTarget section */

/* Begin PBXProject section */
		A25EE1C914F163F600A81707 /* Project object */ = {
			isa = PBXProject;
			attributes = {
				LastUpgradeCheck = 0430;
				ORGANIZATIONNAME = "Sjors Provoost";
			};
			buildConfigurationList = A25EE1CC14F163F600A81707 /* Build configuration list for PBXProject "Utrecht Gids" */;
			compatibilityVersion = "Xcode 3.2";
			developmentRegion = English;
			hasScannedForEncodings = 0;
			knownRegions = (
				en,
			);
			mainGroup = A25EE1C714F163F600A81707;
			productRefGroup = A25EE1D314F163F600A81707 /* Products */;
			projectDirPath = "";
			projectRoot = "";
			targets = (
				A25EE1D114F163F600A81707 /* Utrecht Gids */,
			);
		};
/* End PBXProject section */

/* Begin PBXResourcesBuildPhase section */
		A25EE1D014F163F600A81707 /* Resources */ = {
			isa = PBXResourcesBuildPhase;
			buildActionMask = 2147483647;
			files = (
				A25EE1E114F163F600A81707 /* InfoPlist.strings in Resources */,
				A25EE1F314F163F700A81707 /* MainStoryboard.storyboard in Resources */,
				A2ABFE5E14F27C8C00550070 /* Icon.png in Resources */,
				A2ABFE5F14F27C8C00550070 /* Icon@2x.png in Resources */,
				A2AE63961506504300AE44EF /* Prefill Bundle.sqlite in Resources */,
				A2292E0D15094A5E00570A1A /* 1.jpg in Resources */,
				A2292E0E15094A5E00570A1A /* 1@2x.jpg in Resources */,
				A2292E0F15094A5E00570A1A /* 2.jpg in Resources */,
				A2292E1015094A5E00570A1A /* 2@2x.jpg in Resources */,
				A2292E1115094A5E00570A1A /* 3.jpg in Resources */,
				A2292E1215094A5E00570A1A /* 3@2x.jpg in Resources */,
				A2292E1315094A5E00570A1A /* 4.jpg in Resources */,
				A2292E1415094A5E00570A1A /* 4@2x.jpg in Resources */,
				A2292E1515094A5E00570A1A /* 5.jpg in Resources */,
				A2292E1615094A5E00570A1A /* 5@2x.jpg in Resources */,
				A2292E1715094A5E00570A1A /* 6.jpg in Resources */,
				A2292E1815094A5E00570A1A /* 6@2x.jpg in Resources */,
				A2292E1915094A5E00570A1A /* 7.jpg in Resources */,
				A2292E1A15094A5E00570A1A /* 7@2x.jpg in Resources */,
				A2292E1B15094A5E00570A1A /* 8.jpg in Resources */,
				A2292E1C15094A5E00570A1A /* 8@2x.jpg in Resources */,
				A2292E1D15094A5E00570A1A /* 9.jpg in Resources */,
				A2292E1E15094A5E00570A1A /* 9@2x.jpg in Resources */,
				A2292E1F15094A5E00570A1A /* 10.jpg in Resources */,
				A2292E2015094A5E00570A1A /* 10@2x.jpg in Resources */,
				A2292E2115094A5E00570A1A /* 11.jpg in Resources */,
				A2292E2215094A5E00570A1A /* 11@2x.jpg in Resources */,
				A2292E2315094A5E00570A1A /* 12.jpg in Resources */,
				A2292E2415094A5E00570A1A /* 12@2x.jpg in Resources */,
				A2292E2515094A5E00570A1A /* 13.jpg in Resources */,
				A2292E2615094A5E00570A1A /* 13@2x.jpg in Resources */,
				A2292E2715094A5E00570A1A /* 14.jpg in Resources */,
				A2292E2815094A5E00570A1A /* 14@2x.jpg in Resources */,
				A2292E2915094A5E00570A1A /* 15.jpg in Resources */,
				A2292E2A15094A5E00570A1A /* 15@2x.jpg in Resources */,
				A2292E2B15094A5E00570A1A /* 16.jpg in Resources */,
				A2292E2C15094A5E00570A1A /* 16@2x.jpg in Resources */,
				A2292E2D15094A5E00570A1A /* 17.jpg in Resources */,
				A2292E2E15094A5E00570A1A /* 17@2x.jpg in Resources */,
				A2292E2F15094A5E00570A1A /* 18.jpg in Resources */,
				A2292E3015094A5E00570A1A /* 18@2x.jpg in Resources */,
				A2292E3115094A5E00570A1A /* 19.jpg in Resources */,
				A2292E3215094A5E00570A1A /* 19@2x.jpg in Resources */,
				A2292E3315094A5E00570A1A /* 20.jpg in Resources */,
				A2292E3415094A5E00570A1A /* 20@2x.jpg in Resources */,
				A2292E3515094A5E00570A1A /* 21.jpg in Resources */,
				A2292E3615094A5E00570A1A /* 21@2x.jpg in Resources */,
				A2292E3715094A5E00570A1A /* 22.jpg in Resources */,
				A2292E3815094A5E00570A1A /* 22@2x.jpg in Resources */,
				A2292E3915094A5E00570A1A /* 24.jpg in Resources */,
				A2292E3A15094A5E00570A1A /* 24@2x.jpg in Resources */,
				A2292E3B15094A5E00570A1A /* 25.jpg in Resources */,
				A2292E3C15094A5E00570A1A /* 25@2x.jpg in Resources */,
				A2292E3D15094A5E00570A1A /* 28.jpg in Resources */,
				A2292E3E15094A5E00570A1A /* 28@2x.jpg in Resources */,
				A2292E3F15094A5E00570A1A /* 29.jpg in Resources */,
				A2292E4015094A5E00570A1A /* 29@2x.jpg in Resources */,
				A2292E4115094A5E00570A1A /* 30.jpg in Resources */,
				A2292E4215094A5E00570A1A /* 30@2x.jpg in Resources */,
				A2292E4315094A5E00570A1A /* 31.jpg in Resources */,
				A2292E4415094A5E00570A1A /* 31@2x.jpg in Resources */,
				A2292E4515094A5E00570A1A /* 33.jpg in Resources */,
				A2292E4615094A5E00570A1A /* 33@2x.jpg in Resources */,
				A2292E4715094A5E00570A1A /* 34.jpg in Resources */,
				A2292E4815094A5E00570A1A /* 34@2x.jpg in Resources */,
				A2292E4915094A5E00570A1A /* 35.jpg in Resources */,
				A2292E4A15094A5E00570A1A /* 35@2x.jpg in Resources */,
				A2292E4B15094A5E00570A1A /* 36.jpg in Resources */,
				A2292E4C15094A5E00570A1A /* 36@2x.jpg in Resources */,
				A2292E4D15094A5E00570A1A /* 37.jpg in Resources */,
				A2292E4E15094A5E00570A1A /* 37@2x.jpg in Resources */,
				A2292E4F15094A5E00570A1A /* 38.jpg in Resources */,
				A2292E5015094A5E00570A1A /* 38@2x.jpg in Resources */,
				A29FA1AD150FED3D00C900C2 /* Default.png in Resources */,
				A29FA1AE150FED3D00C900C2 /* Default@2x.png in Resources */,
			);
			runOnlyForDeploymentPostprocessing = 0;
		};
/* End PBXResourcesBuildPhase section */

/* Begin PBXSourcesBuildPhase section */
		A25EE1CE14F163F600A81707 /* Sources */ = {
			isa = PBXSourcesBuildPhase;
			buildActionMask = 2147483647;
			files = (
				A25EE1E314F163F600A81707 /* main.m in Sources */,
				A25EE1E714F163F700A81707 /* AppDelegate.m in Sources */,
				A25EE1EA14F163F700A81707 /* RootViewController.m in Sources */,
				A25EE1ED14F163F700A81707 /* WaypointViewController.m in Sources */,
				A25EE1F014F163F700A81707 /* WaypointController.m in Sources */,
				A287E88214F2561300807435 /* Model.xcdatamodeld in Sources */,
				A287E88614F2585E00807435 /* Waypoint.m in Sources */,
				A29BEF3814F3E00500C36818 /* LocationController.m in Sources */,
				A262749414F7E15C007304C2 /* InfoTableViewController.m in Sources */,
				A2C799A814F7F127000D197E /* WaypointAnnotation.m in Sources */,
				A2BED8C81507C01C007A20B3 /* LocalizedCurrentLocation.m in Sources */,
				A202447A1507C5D7004810BA /* Link.m in Sources */,
				A29A3DCC150A754000797851 /* AboutViewController.m in Sources */,
				A29B5F03150F4D41008A0C59 /* TTTAttributedLabel.m in Sources */,
			);
			runOnlyForDeploymentPostprocessing = 0;
		};
/* End PBXSourcesBuildPhase section */

/* Begin PBXVariantGroup section */
		A25EE1DF14F163F600A81707 /* InfoPlist.strings */ = {
			isa = PBXVariantGroup;
			children = (
				A298D48214F2825F00ECB06C /* nl */,
			);
			name = InfoPlist.strings;
			sourceTree = "<group>";
		};
		A25EE1F114F163F700A81707 /* MainStoryboard.storyboard */ = {
			isa = PBXVariantGroup;
			children = (
				A298D48114F2825F00ECB06C /* nl */,
			);
			name = MainStoryboard.storyboard;
			sourceTree = "<group>";
		};
/* End PBXVariantGroup section */

/* Begin XCBuildConfiguration section */
		A25EE1F414F163F700A81707 /* Debug */ = {
			isa = XCBuildConfiguration;
			buildSettings = {
				ALWAYS_SEARCH_USER_PATHS = NO;
				ARCHS = "$(ARCHS_STANDARD_32_BIT)";
				CLANG_ENABLE_OBJC_ARC = YES;
				"CODE_SIGN_IDENTITY[sdk=iphoneos*]" = "iPhone Developer: Sjors Provoost (599HTV8YRC)";
				COPY_PHASE_STRIP = NO;
				GCC_C_LANGUAGE_STANDARD = gnu99;
				GCC_DYNAMIC_NO_PIC = NO;
				GCC_OPTIMIZATION_LEVEL = 0;
				GCC_PREPROCESSOR_DEFINITIONS = (
					"DEBUG=1",
					"$(inherited)",
				);
				GCC_SYMBOLS_PRIVATE_EXTERN = NO;
				GCC_VERSION = com.apple.compilers.llvm.clang.1_0;
				GCC_WARN_ABOUT_MISSING_PROTOTYPES = YES;
				GCC_WARN_ABOUT_RETURN_TYPE = YES;
				GCC_WARN_UNUSED_VARIABLE = YES;
				IPHONEOS_DEPLOYMENT_TARGET = 5.0;
				"PROVISIONING_PROFILE[sdk=iphoneos*]" = "6492AF41-0905-42E0-A22F-4C9008D409D1";
				SDKROOT = iphoneos;
			};
			name = Debug;
		};
		A25EE1F514F163F700A81707 /* Release */ = {
			isa = XCBuildConfiguration;
			buildSettings = {
				ALWAYS_SEARCH_USER_PATHS = NO;
				ARCHS = "$(ARCHS_STANDARD_32_BIT)";
				CLANG_ENABLE_OBJC_ARC = YES;
				"CODE_SIGN_IDENTITY[sdk=iphoneos*]" = "iPhone Developer";
				COPY_PHASE_STRIP = YES;
				GCC_C_LANGUAGE_STANDARD = gnu99;
				GCC_VERSION = com.apple.compilers.llvm.clang.1_0;
				GCC_WARN_ABOUT_MISSING_PROTOTYPES = YES;
				GCC_WARN_ABOUT_RETURN_TYPE = YES;
				GCC_WARN_UNUSED_VARIABLE = YES;
				IPHONEOS_DEPLOYMENT_TARGET = 5.0;
				OTHER_CFLAGS = "-DNS_BLOCK_ASSERTIONS=1";
				SDKROOT = iphoneos;
				VALIDATE_PRODUCT = YES;
			};
			name = Release;
		};
		A25EE1F714F163F700A81707 /* Debug */ = {
			isa = XCBuildConfiguration;
			buildSettings = {
				"CODE_SIGN_IDENTITY[sdk=iphoneos*]" = "iPhone Developer: Sjors Provoost (599HTV8YRC)";
				GCC_PRECOMPILE_PREFIX_HEADER = YES;
				GCC_PREFIX_HEADER = "Reisgids Utrecht/Utrecht Gids-Prefix.pch";
				INFOPLIST_FILE = "Reisgids Utrecht/Utrecht Gids-Info.plist";
				PRODUCT_NAME = "Utrecht Gids";
				"PROVISIONING_PROFILE[sdk=iphoneos*]" = "6492AF41-0905-42E0-A22F-4C9008D409D1";
				WRAPPER_EXTENSION = app;
			};
			name = Debug;
		};
		A25EE1F814F163F700A81707 /* Release */ = {
			isa = XCBuildConfiguration;
			buildSettings = {
				"CODE_SIGN_IDENTITY[sdk=iphoneos*]" = "";
				GCC_PRECOMPILE_PREFIX_HEADER = YES;
				GCC_PREFIX_HEADER = "Reisgids Utrecht/Utrecht Gids-Prefix.pch";
				INFOPLIST_FILE = "Reisgids Utrecht/Utrecht Gids-Info.plist";
				PRODUCT_NAME = "Utrecht Gids";
				WRAPPER_EXTENSION = app;
			};
			name = Release;
		};
		A298D47F14F2825000ECB06C /* Ad Hoc */ = {
			isa = XCBuildConfiguration;
			buildSettings = {
				ALWAYS_SEARCH_USER_PATHS = NO;
				ARCHS = "$(ARCHS_STANDARD_32_BIT)";
				CLANG_ENABLE_OBJC_ARC = YES;
				"CODE_SIGN_IDENTITY[sdk=iphoneos*]" = "iPhone Distribution: Sjors Provoost";
				COPY_PHASE_STRIP = YES;
				GCC_C_LANGUAGE_STANDARD = gnu99;
				GCC_VERSION = com.apple.compilers.llvm.clang.1_0;
				GCC_WARN_ABOUT_MISSING_PROTOTYPES = YES;
				GCC_WARN_ABOUT_RETURN_TYPE = YES;
				GCC_WARN_UNUSED_VARIABLE = YES;
				IPHONEOS_DEPLOYMENT_TARGET = 5.0;
				OTHER_CFLAGS = "-DNS_BLOCK_ASSERTIONS=1";
				"PROVISIONING_PROFILE[sdk=iphoneos*]" = "5F1A5AC1-FD16-4F0D-844E-D021BA65F22F";
				SDKROOT = iphoneos;
				VALIDATE_PRODUCT = YES;
			};
			name = "Ad Hoc";
		};
		A298D48014F2825000ECB06C /* Ad Hoc */ = {
			isa = XCBuildConfiguration;
			buildSettings = {
				"CODE_SIGN_IDENTITY[sdk=iphoneos*]" = "iPhone Distribution: Sjors Provoost";
				GCC_PRECOMPILE_PREFIX_HEADER = YES;
				GCC_PREFIX_HEADER = "Reisgids Utrecht/Utrecht Gids-Prefix.pch";
				INFOPLIST_FILE = "Reisgids Utrecht/Utrecht Gids-Info.plist";
				PRODUCT_NAME = "Utrecht Gids";
				"PROVISIONING_PROFILE[sdk=iphoneos*]" = "5F1A5AC1-FD16-4F0D-844E-D021BA65F22F";
				WRAPPER_EXTENSION = app;
			};
			name = "Ad Hoc";
		};
/* End XCBuildConfiguration section */

/* Begin XCConfigurationList section */
		A25EE1CC14F163F600A81707 /* Build configuration list for PBXProject "Utrecht Gids" */ = {
			isa = XCConfigurationList;
			buildConfigurations = (
				A25EE1F414F163F700A81707 /* Debug */,
				A25EE1F514F163F700A81707 /* Release */,
				A298D47F14F2825000ECB06C /* Ad Hoc */,
			);
			defaultConfigurationIsVisible = 0;
			defaultConfigurationName = Release;
		};
		A25EE1F614F163F700A81707 /* Build configuration list for PBXNativeTarget "Utrecht Gids" */ = {
			isa = XCConfigurationList;
			buildConfigurations = (
				A25EE1F714F163F700A81707 /* Debug */,
				A25EE1F814F163F700A81707 /* Release */,
				A298D48014F2825000ECB06C /* Ad Hoc */,
			);
			defaultConfigurationIsVisible = 0;
			defaultConfigurationName = Release;
		};
/* End XCConfigurationList section */

/* Begin XCVersionGroup section */
		A287E88014F2561300807435 /* Model.xcdatamodeld */ = {
			isa = XCVersionGroup;
			children = (
				A287E88114F2561300807435 /* Model.xcdatamodel */,
			);
			currentVersion = A287E88114F2561300807435 /* Model.xcdatamodel */;
			path = Model.xcdatamodeld;
			sourceTree = "<group>";
			versionGroupType = wrapper.xcdatamodel;
		};
/* End XCVersionGroup section */
	};
	rootObject = A25EE1C914F163F600A81707 /* Project object */;
}
