// !$*UTF8*$!
{
	archiveVersion = 1;
	classes = {
	};
	objectVersion = 46;
	objects = {

/* Begin PBXBuildFile section */
		A202447A1507C5D7004810BA /* Link.m in Sources */ = {isa = PBXBuildFile; fileRef = A20244791507C5D7004810BA /* Link.m */; };
		A25EE1D714F163F600A81707 /* UIKit.framework in Frameworks */ = {isa = PBXBuildFile; fileRef = A25EE1D614F163F600A81707 /* UIKit.framework */; };
		A25EE1D914F163F600A81707 /* Foundation.framework in Frameworks */ = {isa = PBXBuildFile; fileRef = A25EE1D814F163F600A81707 /* Foundation.framework */; };
		A25EE1DB14F163F600A81707 /* CoreGraphics.framework in Frameworks */ = {isa = PBXBuildFile; fileRef = A25EE1DA14F163F600A81707 /* CoreGraphics.framework */; };
		A25EE1E114F163F600A81707 /* InfoPlist.strings in Resources */ = {isa = PBXBuildFile; fileRef = A25EE1DF14F163F600A81707 /* InfoPlist.strings */; };
		A25EE1E314F163F600A81707 /* main.m in Sources */ = {isa = PBXBuildFile; fileRef = A25EE1E214F163F600A81707 /* main.m */; };
		A25EE1E714F163F700A81707 /* AppDelegate.m in Sources */ = {isa = PBXBuildFile; fileRef = A25EE1E614F163F700A81707 /* AppDelegate.m */; };
		A25EE1EA14F163F700A81707 /* RootViewController.m in Sources */ = {isa = PBXBuildFile; fileRef = A25EE1E914F163F700A81707 /* RootViewController.m */; };
		A25EE1ED14F163F700A81707 /* WaypointViewController.m in Sources */ = {isa = PBXBuildFile; fileRef = A25EE1EC14F163F700A81707 /* WaypointViewController.m */; };
		A25EE1F014F163F700A81707 /* WaypointController.m in Sources */ = {isa = PBXBuildFile; fileRef = A25EE1EF14F163F700A81707 /* WaypointController.m */; };
		A25EE1F314F163F700A81707 /* MainStoryboard.storyboard in Resources */ = {isa = PBXBuildFile; fileRef = A25EE1F114F163F700A81707 /* MainStoryboard.storyboard */; };
		A262749414F7E15C007304C2 /* InfoTableViewController.m in Sources */ = {isa = PBXBuildFile; fileRef = A262749314F7E15C007304C2 /* InfoTableViewController.m */; };
		A262749714F7E25D007304C2 /* MapKit.framework in Frameworks */ = {isa = PBXBuildFile; fileRef = A262749614F7E25D007304C2 /* MapKit.framework */; };
		A287E88214F2561300807435 /* Model.xcdatamodeld in Sources */ = {isa = PBXBuildFile; fileRef = A287E88014F2561300807435 /* Model.xcdatamodeld */; };
		A287E88614F2585E00807435 /* Waypoint.m in Sources */ = {isa = PBXBuildFile; fileRef = A287E88514F2585E00807435 /* Waypoint.m */; };
		A287E88814F2596E00807435 /* CoreData.framework in Frameworks */ = {isa = PBXBuildFile; fileRef = A287E88714F2596E00807435 /* CoreData.framework */; };
		A29BEF3414F3DF6500C36818 /* CoreLocation.framework in Frameworks */ = {isa = PBXBuildFile; fileRef = A29BEF3314F3DF6500C36818 /* CoreLocation.framework */; };
		A29BEF3814F3E00500C36818 /* LocationController.m in Sources */ = {isa = PBXBuildFile; fileRef = A29BEF3714F3E00500C36818 /* LocationController.m */; };
		A2ABFE5E14F27C8C00550070 /* Icon.png in Resources */ = {isa = PBXBuildFile; fileRef = A2ABFE5C14F27C8C00550070 /* Icon.png */; };
		A2ABFE5F14F27C8C00550070 /* Icon@2x.png in Resources */ = {isa = PBXBuildFile; fileRef = A2ABFE5D14F27C8C00550070 /* Icon@2x.png */; };
		A2AE63961506504300AE44EF /* Prefill Bundle.sqlite in Resources */ = {isa = PBXBuildFile; fileRef = A2AE63951506504300AE44EF /* Prefill Bundle.sqlite */; };
		A2BED8C81507C01C007A20B3 /* LocalizedCurrentLocation.m in Sources */ = {isa = PBXBuildFile; fileRef = A2BED8C71507C01C007A20B3 /* LocalizedCurrentLocation.m */; };
		A2C799A814F7F127000D197E /* WaypointAnnotation.m in Sources */ = {isa = PBXBuildFile; fileRef = A2C799A714F7F127000D197E /* WaypointAnnotation.m */; };
		A2FD8D0915076DCE003D2270 /* 1.jpg in Resources */ = {isa = PBXBuildFile; fileRef = A2FD8CD715076DCE003D2270 /* 1.jpg */; };
		A2FD8D0A15076DCE003D2270 /* 1@2x.jpg in Resources */ = {isa = PBXBuildFile; fileRef = A2FD8CD815076DCE003D2270 /* 1@2x.jpg */; };
		A2FD8D0B15076DCE003D2270 /* 2.jpg in Resources */ = {isa = PBXBuildFile; fileRef = A2FD8CD915076DCE003D2270 /* 2.jpg */; };
		A2FD8D0C15076DCE003D2270 /* 2@2x.jpg in Resources */ = {isa = PBXBuildFile; fileRef = A2FD8CDA15076DCE003D2270 /* 2@2x.jpg */; };
		A2FD8D0D15076DCE003D2270 /* 3.jpg in Resources */ = {isa = PBXBuildFile; fileRef = A2FD8CDB15076DCE003D2270 /* 3.jpg */; };
		A2FD8D0E15076DCE003D2270 /* 3@2x.jpg in Resources */ = {isa = PBXBuildFile; fileRef = A2FD8CDC15076DCE003D2270 /* 3@2x.jpg */; };
		A2FD8D0F15076DCE003D2270 /* 4.jpg in Resources */ = {isa = PBXBuildFile; fileRef = A2FD8CDD15076DCE003D2270 /* 4.jpg */; };
		A2FD8D1015076DCE003D2270 /* 4@2x.jpg in Resources */ = {isa = PBXBuildFile; fileRef = A2FD8CDE15076DCE003D2270 /* 4@2x.jpg */; };
		A2FD8D1115076DCE003D2270 /* 5.jpg in Resources */ = {isa = PBXBuildFile; fileRef = A2FD8CDF15076DCE003D2270 /* 5.jpg */; };
		A2FD8D1215076DCE003D2270 /* 5@2x.jpg in Resources */ = {isa = PBXBuildFile; fileRef = A2FD8CE015076DCE003D2270 /* 5@2x.jpg */; };
		A2FD8D1315076DCE003D2270 /* 6.jpg in Resources */ = {isa = PBXBuildFile; fileRef = A2FD8CE115076DCE003D2270 /* 6.jpg */; };
		A2FD8D1415076DCE003D2270 /* 6@2x.jpg in Resources */ = {isa = PBXBuildFile; fileRef = A2FD8CE215076DCE003D2270 /* 6@2x.jpg */; };
		A2FD8D1515076DCE003D2270 /* 7.jpg in Resources */ = {isa = PBXBuildFile; fileRef = A2FD8CE315076DCE003D2270 /* 7.jpg */; };
		A2FD8D1615076DCE003D2270 /* 7@2x.jpg in Resources */ = {isa = PBXBuildFile; fileRef = A2FD8CE415076DCE003D2270 /* 7@2x.jpg */; };
		A2FD8D1715076DCE003D2270 /* 8.jpg in Resources */ = {isa = PBXBuildFile; fileRef = A2FD8CE515076DCE003D2270 /* 8.jpg */; };
		A2FD8D1815076DCE003D2270 /* 8@2x.jpg in Resources */ = {isa = PBXBuildFile; fileRef = A2FD8CE615076DCE003D2270 /* 8@2x.jpg */; };
		A2FD8D1915076DCE003D2270 /* 9.jpg in Resources */ = {isa = PBXBuildFile; fileRef = A2FD8CE715076DCE003D2270 /* 9.jpg */; };
		A2FD8D1A15076DCE003D2270 /* 9@2x.jpg in Resources */ = {isa = PBXBuildFile; fileRef = A2FD8CE815076DCE003D2270 /* 9@2x.jpg */; };
		A2FD8D1B15076DCE003D2270 /* 10.jpg in Resources */ = {isa = PBXBuildFile; fileRef = A2FD8CE915076DCE003D2270 /* 10.jpg */; };
		A2FD8D1C15076DCE003D2270 /* 10@2x.jpg in Resources */ = {isa = PBXBuildFile; fileRef = A2FD8CEA15076DCE003D2270 /* 10@2x.jpg */; };
		A2FD8D1D15076DCE003D2270 /* 11.jpg in Resources */ = {isa = PBXBuildFile; fileRef = A2FD8CEB15076DCE003D2270 /* 11.jpg */; };
		A2FD8D1E15076DCE003D2270 /* 11@2x.jpg in Resources */ = {isa = PBXBuildFile; fileRef = A2FD8CEC15076DCE003D2270 /* 11@2x.jpg */; };
		A2FD8D1F15076DCE003D2270 /* 12.jpg in Resources */ = {isa = PBXBuildFile; fileRef = A2FD8CED15076DCE003D2270 /* 12.jpg */; };
		A2FD8D2015076DCE003D2270 /* 12@2x.jpg in Resources */ = {isa = PBXBuildFile; fileRef = A2FD8CEE15076DCE003D2270 /* 12@2x.jpg */; };
		A2FD8D2115076DCE003D2270 /* 13.jpg in Resources */ = {isa = PBXBuildFile; fileRef = A2FD8CEF15076DCE003D2270 /* 13.jpg */; };
		A2FD8D2215076DCE003D2270 /* 13@2x.jpg in Resources */ = {isa = PBXBuildFile; fileRef = A2FD8CF015076DCE003D2270 /* 13@2x.jpg */; };
		A2FD8D2315076DCE003D2270 /* 14.jpg in Resources */ = {isa = PBXBuildFile; fileRef = A2FD8CF115076DCE003D2270 /* 14.jpg */; };
		A2FD8D2415076DCE003D2270 /* 14@2x.jpg in Resources */ = {isa = PBXBuildFile; fileRef = A2FD8CF215076DCE003D2270 /* 14@2x.jpg */; };
		A2FD8D2515076DCE003D2270 /* 15.jpg in Resources */ = {isa = PBXBuildFile; fileRef = A2FD8CF315076DCE003D2270 /* 15.jpg */; };
		A2FD8D2615076DCE003D2270 /* 15@2x.jpg in Resources */ = {isa = PBXBuildFile; fileRef = A2FD8CF415076DCE003D2270 /* 15@2x.jpg */; };
		A2FD8D2715076DCE003D2270 /* 16.jpg in Resources */ = {isa = PBXBuildFile; fileRef = A2FD8CF515076DCE003D2270 /* 16.jpg */; };
		A2FD8D2815076DCE003D2270 /* 16@2x.jpg in Resources */ = {isa = PBXBuildFile; fileRef = A2FD8CF615076DCE003D2270 /* 16@2x.jpg */; };
		A2FD8D2915076DCE003D2270 /* 17.jpg in Resources */ = {isa = PBXBuildFile; fileRef = A2FD8CF715076DCE003D2270 /* 17.jpg */; };
		A2FD8D2A15076DCE003D2270 /* 17@2x.jpg in Resources */ = {isa = PBXBuildFile; fileRef = A2FD8CF815076DCE003D2270 /* 17@2x.jpg */; };
		A2FD8D2B15076DCE003D2270 /* 18.jpg in Resources */ = {isa = PBXBuildFile; fileRef = A2FD8CF915076DCE003D2270 /* 18.jpg */; };
		A2FD8D2C15076DCE003D2270 /* 18@2x.jpg in Resources */ = {isa = PBXBuildFile; fileRef = A2FD8CFA15076DCE003D2270 /* 18@2x.jpg */; };
		A2FD8D2D15076DCE003D2270 /* 19.jpg in Resources */ = {isa = PBXBuildFile; fileRef = A2FD8CFB15076DCE003D2270 /* 19.jpg */; };
		A2FD8D2E15076DCE003D2270 /* 19@2x.jpg in Resources */ = {isa = PBXBuildFile; fileRef = A2FD8CFC15076DCE003D2270 /* 19@2x.jpg */; };
		A2FD8D2F15076DCE003D2270 /* 20.jpg in Resources */ = {isa = PBXBuildFile; fileRef = A2FD8CFD15076DCE003D2270 /* 20.jpg */; };
		A2FD8D3015076DCE003D2270 /* 20@2x.jpg in Resources */ = {isa = PBXBuildFile; fileRef = A2FD8CFE15076DCE003D2270 /* 20@2x.jpg */; };
		A2FD8D3115076DCE003D2270 /* 21.jpg in Resources */ = {isa = PBXBuildFile; fileRef = A2FD8CFF15076DCE003D2270 /* 21.jpg */; };
		A2FD8D3215076DCE003D2270 /* 21@2x.jpg in Resources */ = {isa = PBXBuildFile; fileRef = A2FD8D0015076DCE003D2270 /* 21@2x.jpg */; };
		A2FD8D3315076DCE003D2270 /* 22.jpg in Resources */ = {isa = PBXBuildFile; fileRef = A2FD8D0115076DCE003D2270 /* 22.jpg */; };
		A2FD8D3415076DCE003D2270 /* 22@2x.jpg in Resources */ = {isa = PBXBuildFile; fileRef = A2FD8D0215076DCE003D2270 /* 22@2x.jpg */; };
		A2FD8D3515076DCE003D2270 /* 28.jpg in Resources */ = {isa = PBXBuildFile; fileRef = A2FD8D0315076DCE003D2270 /* 28.jpg */; };
		A2FD8D3615076DCE003D2270 /* 28@2x.jpg in Resources */ = {isa = PBXBuildFile; fileRef = A2FD8D0415076DCE003D2270 /* 28@2x.jpg */; };
		A2FD8D3715076DCE003D2270 /* 29.jpg in Resources */ = {isa = PBXBuildFile; fileRef = A2FD8D0515076DCE003D2270 /* 29.jpg */; };
		A2FD8D3815076DCE003D2270 /* 29@2x.jpg in Resources */ = {isa = PBXBuildFile; fileRef = A2FD8D0615076DCE003D2270 /* 29@2x.jpg */; };
		A2FD8D3915076DCE003D2270 /* 31.jpg in Resources */ = {isa = PBXBuildFile; fileRef = A2FD8D0715076DCE003D2270 /* 31.jpg */; };
		A2FD8D3A15076DCE003D2270 /* 31@2x.jpg in Resources */ = {isa = PBXBuildFile; fileRef = A2FD8D0815076DCE003D2270 /* 31@2x.jpg */; };
		A2FD8D3C15077BFB003D2270 /* AudioToolbox.framework in Frameworks */ = {isa = PBXBuildFile; fileRef = A2FD8D3B15077BFB003D2270 /* AudioToolbox.framework */; };
/* End PBXBuildFile section */

/* Begin PBXFileReference section */
		A20244781507C5D7004810BA /* Link.h */ = {isa = PBXFileReference; fileEncoding = 4; lastKnownFileType = sourcecode.c.h; path = Link.h; sourceTree = "<group>"; };
		A20244791507C5D7004810BA /* Link.m */ = {isa = PBXFileReference; fileEncoding = 4; lastKnownFileType = sourcecode.c.objc; path = Link.m; sourceTree = "<group>"; };
		A25EE1D214F163F600A81707 /* Utrecht Gids.app */ = {isa = PBXFileReference; explicitFileType = wrapper.application; includeInIndex = 0; path = "Utrecht Gids.app"; sourceTree = BUILT_PRODUCTS_DIR; };
		A25EE1D614F163F600A81707 /* UIKit.framework */ = {isa = PBXFileReference; lastKnownFileType = wrapper.framework; name = UIKit.framework; path = System/Library/Frameworks/UIKit.framework; sourceTree = SDKROOT; };
		A25EE1D814F163F600A81707 /* Foundation.framework */ = {isa = PBXFileReference; lastKnownFileType = wrapper.framework; name = Foundation.framework; path = System/Library/Frameworks/Foundation.framework; sourceTree = SDKROOT; };
		A25EE1DA14F163F600A81707 /* CoreGraphics.framework */ = {isa = PBXFileReference; lastKnownFileType = wrapper.framework; name = CoreGraphics.framework; path = System/Library/Frameworks/CoreGraphics.framework; sourceTree = SDKROOT; };
		A25EE1DE14F163F600A81707 /* Utrecht Gids-Info.plist */ = {isa = PBXFileReference; lastKnownFileType = text.plist.xml; path = "Utrecht Gids-Info.plist"; sourceTree = "<group>"; };
		A25EE1E214F163F600A81707 /* main.m */ = {isa = PBXFileReference; lastKnownFileType = sourcecode.c.objc; path = main.m; sourceTree = "<group>"; };
		A25EE1E414F163F700A81707 /* Utrecht Gids-Prefix.pch */ = {isa = PBXFileReference; lastKnownFileType = sourcecode.c.h; path = "Utrecht Gids-Prefix.pch"; sourceTree = "<group>"; };
		A25EE1E514F163F700A81707 /* AppDelegate.h */ = {isa = PBXFileReference; lastKnownFileType = sourcecode.c.h; path = AppDelegate.h; sourceTree = "<group>"; };
		A25EE1E614F163F700A81707 /* AppDelegate.m */ = {isa = PBXFileReference; lastKnownFileType = sourcecode.c.objc; path = AppDelegate.m; sourceTree = "<group>"; };
		A25EE1E814F163F700A81707 /* RootViewController.h */ = {isa = PBXFileReference; lastKnownFileType = sourcecode.c.h; path = RootViewController.h; sourceTree = "<group>"; };
		A25EE1E914F163F700A81707 /* RootViewController.m */ = {isa = PBXFileReference; lastKnownFileType = sourcecode.c.objc; path = RootViewController.m; sourceTree = "<group>"; };
		A25EE1EB14F163F700A81707 /* WaypointViewController.h */ = {isa = PBXFileReference; lastKnownFileType = sourcecode.c.h; path = WaypointViewController.h; sourceTree = "<group>"; };
		A25EE1EC14F163F700A81707 /* WaypointViewController.m */ = {isa = PBXFileReference; lastKnownFileType = sourcecode.c.objc; path = WaypointViewController.m; sourceTree = "<group>"; };
		A25EE1EE14F163F700A81707 /* WaypointController.h */ = {isa = PBXFileReference; lastKnownFileType = sourcecode.c.h; path = WaypointController.h; sourceTree = "<group>"; };
		A25EE1EF14F163F700A81707 /* WaypointController.m */ = {isa = PBXFileReference; lastKnownFileType = sourcecode.c.objc; path = WaypointController.m; sourceTree = "<group>"; };
		A262749214F7E15C007304C2 /* InfoTableViewController.h */ = {isa = PBXFileReference; fileEncoding = 4; lastKnownFileType = sourcecode.c.h; path = InfoTableViewController.h; sourceTree = "<group>"; };
		A262749314F7E15C007304C2 /* InfoTableViewController.m */ = {isa = PBXFileReference; fileEncoding = 4; lastKnownFileType = sourcecode.c.objc; path = InfoTableViewController.m; sourceTree = "<group>"; };
		A262749614F7E25D007304C2 /* MapKit.framework */ = {isa = PBXFileReference; lastKnownFileType = wrapper.framework; name = MapKit.framework; path = System/Library/Frameworks/MapKit.framework; sourceTree = SDKROOT; };
		A287E88114F2561300807435 /* Model.xcdatamodel */ = {isa = PBXFileReference; lastKnownFileType = wrapper.xcdatamodel; path = Model.xcdatamodel; sourceTree = "<group>"; };
		A287E88414F2585E00807435 /* Waypoint.h */ = {isa = PBXFileReference; fileEncoding = 4; lastKnownFileType = sourcecode.c.h; path = Waypoint.h; sourceTree = "<group>"; };
		A287E88514F2585E00807435 /* Waypoint.m */ = {isa = PBXFileReference; fileEncoding = 4; lastKnownFileType = sourcecode.c.objc; path = Waypoint.m; sourceTree = "<group>"; };
		A287E88714F2596E00807435 /* CoreData.framework */ = {isa = PBXFileReference; lastKnownFileType = wrapper.framework; name = CoreData.framework; path = System/Library/Frameworks/CoreData.framework; sourceTree = SDKROOT; };
		A298D48114F2825F00ECB06C /* nl */ = {isa = PBXFileReference; lastKnownFileType = file.storyboard; name = nl; path = "/Users/sjors/Dropbox/Reisgids/iPhone/Reisgids Utrecht/nl.lproj/MainStoryboard.storyboard"; sourceTree = "<absolute>"; };
		A298D48214F2825F00ECB06C /* nl */ = {isa = PBXFileReference; lastKnownFileType = text.plist.strings; name = nl; path = "/Users/sjors/Dropbox/Reisgids/iPhone/Reisgids Utrecht/nl.lproj/InfoPlist.strings"; sourceTree = "<absolute>"; };
		A29BEF3314F3DF6500C36818 /* CoreLocation.framework */ = {isa = PBXFileReference; lastKnownFileType = wrapper.framework; name = CoreLocation.framework; path = System/Library/Frameworks/CoreLocation.framework; sourceTree = SDKROOT; };
		A29BEF3614F3E00500C36818 /* LocationController.h */ = {isa = PBXFileReference; fileEncoding = 4; lastKnownFileType = sourcecode.c.h; path = LocationController.h; sourceTree = "<group>"; };
		A29BEF3714F3E00500C36818 /* LocationController.m */ = {isa = PBXFileReference; fileEncoding = 4; lastKnownFileType = sourcecode.c.objc; path = LocationController.m; sourceTree = "<group>"; };
		A2ABFE5C14F27C8C00550070 /* Icon.png */ = {isa = PBXFileReference; lastKnownFileType = image.png; path = Icon.png; sourceTree = "<group>"; };
		A2ABFE5D14F27C8C00550070 /* Icon@2x.png */ = {isa = PBXFileReference; lastKnownFileType = image.png; path = "Icon@2x.png"; sourceTree = "<group>"; };
		A2AE63951506504300AE44EF /* Prefill Bundle.sqlite */ = {isa = PBXFileReference; lastKnownFileType = file; name = "Prefill Bundle.sqlite"; path = "Prefill/Prefill Bundle/build/Debug/Prefill Bundle.sqlite"; sourceTree = "<group>"; };
		A2BED8C61507C01C007A20B3 /* LocalizedCurrentLocation.h */ = {isa = PBXFileReference; fileEncoding = 4; lastKnownFileType = sourcecode.c.h; path = LocalizedCurrentLocation.h; sourceTree = "<group>"; };
		A2BED8C71507C01C007A20B3 /* LocalizedCurrentLocation.m */ = {isa = PBXFileReference; fileEncoding = 4; lastKnownFileType = sourcecode.c.objc; path = LocalizedCurrentLocation.m; sourceTree = "<group>"; };
		A2C799A614F7F127000D197E /* WaypointAnnotation.h */ = {isa = PBXFileReference; fileEncoding = 4; lastKnownFileType = sourcecode.c.h; path = WaypointAnnotation.h; sourceTree = "<group>"; };
		A2C799A714F7F127000D197E /* WaypointAnnotation.m */ = {isa = PBXFileReference; fileEncoding = 4; lastKnownFileType = sourcecode.c.objc; path = WaypointAnnotation.m; sourceTree = "<group>"; };
		A2FD8CD715076DCE003D2270 /* 1.jpg */ = {isa = PBXFileReference; lastKnownFileType = image.jpeg; name = 1.jpg; path = Photos/1.jpg; sourceTree = "<group>"; };
		A2FD8CD815076DCE003D2270 /* 1@2x.jpg */ = {isa = PBXFileReference; lastKnownFileType = image.jpeg; name = "1@2x.jpg"; path = "Photos/1@2x.jpg"; sourceTree = "<group>"; };
		A2FD8CD915076DCE003D2270 /* 2.jpg */ = {isa = PBXFileReference; lastKnownFileType = image.jpeg; name = 2.jpg; path = Photos/2.jpg; sourceTree = "<group>"; };
		A2FD8CDA15076DCE003D2270 /* 2@2x.jpg */ = {isa = PBXFileReference; lastKnownFileType = image.jpeg; name = "2@2x.jpg"; path = "Photos/2@2x.jpg"; sourceTree = "<group>"; };
		A2FD8CDB15076DCE003D2270 /* 3.jpg */ = {isa = PBXFileReference; lastKnownFileType = image.jpeg; name = 3.jpg; path = Photos/3.jpg; sourceTree = "<group>"; };
		A2FD8CDC15076DCE003D2270 /* 3@2x.jpg */ = {isa = PBXFileReference; lastKnownFileType = image.jpeg; name = "3@2x.jpg"; path = "Photos/3@2x.jpg"; sourceTree = "<group>"; };
		A2FD8CDD15076DCE003D2270 /* 4.jpg */ = {isa = PBXFileReference; lastKnownFileType = image.jpeg; name = 4.jpg; path = Photos/4.jpg; sourceTree = "<group>"; };
		A2FD8CDE15076DCE003D2270 /* 4@2x.jpg */ = {isa = PBXFileReference; lastKnownFileType = image.jpeg; name = "4@2x.jpg"; path = "Photos/4@2x.jpg"; sourceTree = "<group>"; };
		A2FD8CDF15076DCE003D2270 /* 5.jpg */ = {isa = PBXFileReference; lastKnownFileType = image.jpeg; name = 5.jpg; path = Photos/5.jpg; sourceTree = "<group>"; };
		A2FD8CE015076DCE003D2270 /* 5@2x.jpg */ = {isa = PBXFileReference; lastKnownFileType = image.jpeg; name = "5@2x.jpg"; path = "Photos/5@2x.jpg"; sourceTree = "<group>"; };
		A2FD8CE115076DCE003D2270 /* 6.jpg */ = {isa = PBXFileReference; lastKnownFileType = image.jpeg; name = 6.jpg; path = Photos/6.jpg; sourceTree = "<group>"; };
		A2FD8CE215076DCE003D2270 /* 6@2x.jpg */ = {isa = PBXFileReference; lastKnownFileType = image.jpeg; name = "6@2x.jpg"; path = "Photos/6@2x.jpg"; sourceTree = "<group>"; };
		A2FD8CE315076DCE003D2270 /* 7.jpg */ = {isa = PBXFileReference; lastKnownFileType = image.jpeg; name = 7.jpg; path = Photos/7.jpg; sourceTree = "<group>"; };
		A2FD8CE415076DCE003D2270 /* 7@2x.jpg */ = {isa = PBXFileReference; lastKnownFileType = image.jpeg; name = "7@2x.jpg"; path = "Photos/7@2x.jpg"; sourceTree = "<group>"; };
		A2FD8CE515076DCE003D2270 /* 8.jpg */ = {isa = PBXFileReference; lastKnownFileType = image.jpeg; name = 8.jpg; path = Photos/8.jpg; sourceTree = "<group>"; };
		A2FD8CE615076DCE003D2270 /* 8@2x.jpg */ = {isa = PBXFileReference; lastKnownFileType = image.jpeg; name = "8@2x.jpg"; path = "Photos/8@2x.jpg"; sourceTree = "<group>"; };
		A2FD8CE715076DCE003D2270 /* 9.jpg */ = {isa = PBXFileReference; lastKnownFileType = image.jpeg; name = 9.jpg; path = Photos/9.jpg; sourceTree = "<group>"; };
		A2FD8CE815076DCE003D2270 /* 9@2x.jpg */ = {isa = PBXFileReference; lastKnownFileType = image.jpeg; name = "9@2x.jpg"; path = "Photos/9@2x.jpg"; sourceTree = "<group>"; };
		A2FD8CE915076DCE003D2270 /* 10.jpg */ = {isa = PBXFileReference; lastKnownFileType = image.jpeg; name = 10.jpg; path = Photos/10.jpg; sourceTree = "<group>"; };
		A2FD8CEA15076DCE003D2270 /* 10@2x.jpg */ = {isa = PBXFileReference; lastKnownFileType = image.jpeg; name = "10@2x.jpg"; path = "Photos/10@2x.jpg"; sourceTree = "<group>"; };
		A2FD8CEB15076DCE003D2270 /* 11.jpg */ = {isa = PBXFileReference; lastKnownFileType = image.jpeg; name = 11.jpg; path = Photos/11.jpg; sourceTree = "<group>"; };
		A2FD8CEC15076DCE003D2270 /* 11@2x.jpg */ = {isa = PBXFileReference; lastKnownFileType = image.jpeg; name = "11@2x.jpg"; path = "Photos/11@2x.jpg"; sourceTree = "<group>"; };
		A2FD8CED15076DCE003D2270 /* 12.jpg */ = {isa = PBXFileReference; lastKnownFileType = image.jpeg; name = 12.jpg; path = Photos/12.jpg; sourceTree = "<group>"; };
		A2FD8CEE15076DCE003D2270 /* 12@2x.jpg */ = {isa = PBXFileReference; lastKnownFileType = image.jpeg; name = "12@2x.jpg"; path = "Photos/12@2x.jpg"; sourceTree = "<group>"; };
		A2FD8CEF15076DCE003D2270 /* 13.jpg */ = {isa = PBXFileReference; lastKnownFileType = image.jpeg; name = 13.jpg; path = Photos/13.jpg; sourceTree = "<group>"; };
		A2FD8CF015076DCE003D2270 /* 13@2x.jpg */ = {isa = PBXFileReference; lastKnownFileType = image.jpeg; name = "13@2x.jpg"; path = "Photos/13@2x.jpg"; sourceTree = "<group>"; };
		A2FD8CF115076DCE003D2270 /* 14.jpg */ = {isa = PBXFileReference; lastKnownFileType = image.jpeg; name = 14.jpg; path = Photos/14.jpg; sourceTree = "<group>"; };
		A2FD8CF215076DCE003D2270 /* 14@2x.jpg */ = {isa = PBXFileReference; lastKnownFileType = image.jpeg; name = "14@2x.jpg"; path = "Photos/14@2x.jpg"; sourceTree = "<group>"; };
		A2FD8CF315076DCE003D2270 /* 15.jpg */ = {isa = PBXFileReference; lastKnownFileType = image.jpeg; name = 15.jpg; path = Photos/15.jpg; sourceTree = "<group>"; };
		A2FD8CF415076DCE003D2270 /* 15@2x.jpg */ = {isa = PBXFileReference; lastKnownFileType = image.jpeg; name = "15@2x.jpg"; path = "Photos/15@2x.jpg"; sourceTree = "<group>"; };
		A2FD8CF515076DCE003D2270 /* 16.jpg */ = {isa = PBXFileReference; lastKnownFileType = image.jpeg; name = 16.jpg; path = Photos/16.jpg; sourceTree = "<group>"; };
		A2FD8CF615076DCE003D2270 /* 16@2x.jpg */ = {isa = PBXFileReference; lastKnownFileType = image.jpeg; name = "16@2x.jpg"; path = "Photos/16@2x.jpg"; sourceTree = "<group>"; };
		A2FD8CF715076DCE003D2270 /* 17.jpg */ = {isa = PBXFileReference; lastKnownFileType = image.jpeg; name = 17.jpg; path = Photos/17.jpg; sourceTree = "<group>"; };
		A2FD8CF815076DCE003D2270 /* 17@2x.jpg */ = {isa = PBXFileReference; lastKnownFileType = image.jpeg; name = "17@2x.jpg"; path = "Photos/17@2x.jpg"; sourceTree = "<group>"; };
		A2FD8CF915076DCE003D2270 /* 18.jpg */ = {isa = PBXFileReference; lastKnownFileType = image.jpeg; name = 18.jpg; path = Photos/18.jpg; sourceTree = "<group>"; };
		A2FD8CFA15076DCE003D2270 /* 18@2x.jpg */ = {isa = PBXFileReference; lastKnownFileType = image.jpeg; name = "18@2x.jpg"; path = "Photos/18@2x.jpg"; sourceTree = "<group>"; };
		A2FD8CFB15076DCE003D2270 /* 19.jpg */ = {isa = PBXFileReference; lastKnownFileType = image.jpeg; name = 19.jpg; path = Photos/19.jpg; sourceTree = "<group>"; };
		A2FD8CFC15076DCE003D2270 /* 19@2x.jpg */ = {isa = PBXFileReference; lastKnownFileType = image.jpeg; name = "19@2x.jpg"; path = "Photos/19@2x.jpg"; sourceTree = "<group>"; };
		A2FD8CFD15076DCE003D2270 /* 20.jpg */ = {isa = PBXFileReference; lastKnownFileType = image.jpeg; name = 20.jpg; path = Photos/20.jpg; sourceTree = "<group>"; };
		A2FD8CFE15076DCE003D2270 /* 20@2x.jpg */ = {isa = PBXFileReference; lastKnownFileType = image.jpeg; name = "20@2x.jpg"; path = "Photos/20@2x.jpg"; sourceTree = "<group>"; };
		A2FD8CFF15076DCE003D2270 /* 21.jpg */ = {isa = PBXFileReference; lastKnownFileType = image.jpeg; name = 21.jpg; path = Photos/21.jpg; sourceTree = "<group>"; };
		A2FD8D0015076DCE003D2270 /* 21@2x.jpg */ = {isa = PBXFileReference; lastKnownFileType = image.jpeg; name = "21@2x.jpg"; path = "Photos/21@2x.jpg"; sourceTree = "<group>"; };
		A2FD8D0115076DCE003D2270 /* 22.jpg */ = {isa = PBXFileReference; lastKnownFileType = image.jpeg; name = 22.jpg; path = Photos/22.jpg; sourceTree = "<group>"; };
		A2FD8D0215076DCE003D2270 /* 22@2x.jpg */ = {isa = PBXFileReference; lastKnownFileType = image.jpeg; name = "22@2x.jpg"; path = "Photos/22@2x.jpg"; sourceTree = "<group>"; };
		A2FD8D0315076DCE003D2270 /* 28.jpg */ = {isa = PBXFileReference; lastKnownFileType = image.jpeg; name = 28.jpg; path = Photos/28.jpg; sourceTree = "<group>"; };
		A2FD8D0415076DCE003D2270 /* 28@2x.jpg */ = {isa = PBXFileReference; lastKnownFileType = image.jpeg; name = "28@2x.jpg"; path = "Photos/28@2x.jpg"; sourceTree = "<group>"; };
		A2FD8D0515076DCE003D2270 /* 29.jpg */ = {isa = PBXFileReference; lastKnownFileType = image.jpeg; name = 29.jpg; path = Photos/29.jpg; sourceTree = "<group>"; };
		A2FD8D0615076DCE003D2270 /* 29@2x.jpg */ = {isa = PBXFileReference; lastKnownFileType = image.jpeg; name = "29@2x.jpg"; path = "Photos/29@2x.jpg"; sourceTree = "<group>"; };
		A2FD8D0715076DCE003D2270 /* 31.jpg */ = {isa = PBXFileReference; lastKnownFileType = image.jpeg; name = 31.jpg; path = Photos/31.jpg; sourceTree = "<group>"; };
		A2FD8D0815076DCE003D2270 /* 31@2x.jpg */ = {isa = PBXFileReference; lastKnownFileType = image.jpeg; name = "31@2x.jpg"; path = "Photos/31@2x.jpg"; sourceTree = "<group>"; };
		A2FD8D3B15077BFB003D2270 /* AudioToolbox.framework */ = {isa = PBXFileReference; lastKnownFileType = wrapper.framework; name = AudioToolbox.framework; path = System/Library/Frameworks/AudioToolbox.framework; sourceTree = SDKROOT; };
/* End PBXFileReference section */

/* Begin PBXFrameworksBuildPhase section */
		A25EE1CF14F163F600A81707 /* Frameworks */ = {
			isa = PBXFrameworksBuildPhase;
			buildActionMask = 2147483647;
			files = (
				A2FD8D3C15077BFB003D2270 /* AudioToolbox.framework in Frameworks */,
				A262749714F7E25D007304C2 /* MapKit.framework in Frameworks */,
				A29BEF3414F3DF6500C36818 /* CoreLocation.framework in Frameworks */,
				A287E88814F2596E00807435 /* CoreData.framework in Frameworks */,
				A25EE1D714F163F600A81707 /* UIKit.framework in Frameworks */,
				A25EE1D914F163F600A81707 /* Foundation.framework in Frameworks */,
				A25EE1DB14F163F600A81707 /* CoreGraphics.framework in Frameworks */,
			);
			runOnlyForDeploymentPostprocessing = 0;
		};
/* End PBXFrameworksBuildPhase section */

/* Begin PBXGroup section */
		A25EE1C714F163F600A81707 = {
			isa = PBXGroup;
			children = (
				A25EE1DC14F163F600A81707 /* Reisgids Utrecht */,
				A25EE1DD14F163F600A81707 /* Supporting Files */,
				A2ABFE5B14F27C6700550070 /* Resources */,
				A25EE1D514F163F600A81707 /* Frameworks */,
				A25EE1D314F163F600A81707 /* Products */,
			);
			sourceTree = "<group>";
		};
		A25EE1D314F163F600A81707 /* Products */ = {
			isa = PBXGroup;
			children = (
				A25EE1D214F163F600A81707 /* Utrecht Gids.app */,
			);
			name = Products;
			sourceTree = "<group>";
		};
		A25EE1D514F163F600A81707 /* Frameworks */ = {
			isa = PBXGroup;
			children = (
				A2FD8D3B15077BFB003D2270 /* AudioToolbox.framework */,
				A262749614F7E25D007304C2 /* MapKit.framework */,
				A29BEF3314F3DF6500C36818 /* CoreLocation.framework */,
				A287E88714F2596E00807435 /* CoreData.framework */,
				A25EE1D614F163F600A81707 /* UIKit.framework */,
				A25EE1D814F163F600A81707 /* Foundation.framework */,
				A25EE1DA14F163F600A81707 /* CoreGraphics.framework */,
			);
			name = Frameworks;
			sourceTree = "<group>";
		};
		A25EE1DC14F163F600A81707 /* Reisgids Utrecht */ = {
			isa = PBXGroup;
			children = (
				A2BED8C61507C01C007A20B3 /* LocalizedCurrentLocation.h */,
				A2BED8C71507C01C007A20B3 /* LocalizedCurrentLocation.m */,
				A25EE1E514F163F700A81707 /* AppDelegate.h */,
				A25EE1E614F163F700A81707 /* AppDelegate.m */,
				A25EE1E814F163F700A81707 /* RootViewController.h */,
				A25EE1E914F163F700A81707 /* RootViewController.m */,
				A25EE1EE14F163F700A81707 /* WaypointController.h */,
				A25EE1EF14F163F700A81707 /* WaypointController.m */,
				A25EE1EB14F163F700A81707 /* WaypointViewController.h */,
				A25EE1EC14F163F700A81707 /* WaypointViewController.m */,
				A25EE1F114F163F700A81707 /* MainStoryboard.storyboard */,
				A20244781507C5D7004810BA /* Link.h */,
				A20244791507C5D7004810BA /* Link.m */,
				A287E88014F2561300807435 /* Model.xcdatamodeld */,
				A287E88414F2585E00807435 /* Waypoint.h */,
				A287E88514F2585E00807435 /* Waypoint.m */,
				A29BEF3614F3E00500C36818 /* LocationController.h */,
				A29BEF3714F3E00500C36818 /* LocationController.m */,
				A262749214F7E15C007304C2 /* InfoTableViewController.h */,
				A262749314F7E15C007304C2 /* InfoTableViewController.m */,
				A2C799A614F7F127000D197E /* WaypointAnnotation.h */,
				A2C799A714F7F127000D197E /* WaypointAnnotation.m */,
			);
			path = "Reisgids Utrecht";
			sourceTree = "<group>";
		};
		A25EE1DD14F163F600A81707 /* Supporting Files */ = {
			isa = PBXGroup;
			children = (
				A25EE1DE14F163F600A81707 /* Utrecht Gids-Info.plist */,
				A25EE1DF14F163F600A81707 /* InfoPlist.strings */,
				A25EE1E214F163F600A81707 /* main.m */,
				A25EE1E414F163F700A81707 /* Utrecht Gids-Prefix.pch */,
			);
			name = "Supporting Files";
			path = "Reisgids Utrecht";
			sourceTree = "<group>";
		};
		A25EE1F914F1794500A81707 /* Photos */ = {
			isa = PBXGroup;
			children = (
				A2FD8CD715076DCE003D2270 /* 1.jpg */,
				A2FD8CD815076DCE003D2270 /* 1@2x.jpg */,
				A2FD8CD915076DCE003D2270 /* 2.jpg */,
				A2FD8CDA15076DCE003D2270 /* 2@2x.jpg */,
				A2FD8CDB15076DCE003D2270 /* 3.jpg */,
				A2FD8CDC15076DCE003D2270 /* 3@2x.jpg */,
				A2FD8CDD15076DCE003D2270 /* 4.jpg */,
				A2FD8CDE15076DCE003D2270 /* 4@2x.jpg */,
				A2FD8CDF15076DCE003D2270 /* 5.jpg */,
				A2FD8CE015076DCE003D2270 /* 5@2x.jpg */,
				A2FD8CE115076DCE003D2270 /* 6.jpg */,
				A2FD8CE215076DCE003D2270 /* 6@2x.jpg */,
				A2FD8CE315076DCE003D2270 /* 7.jpg */,
				A2FD8CE415076DCE003D2270 /* 7@2x.jpg */,
				A2FD8CE515076DCE003D2270 /* 8.jpg */,
				A2FD8CE615076DCE003D2270 /* 8@2x.jpg */,
				A2FD8CE715076DCE003D2270 /* 9.jpg */,
				A2FD8CE815076DCE003D2270 /* 9@2x.jpg */,
				A2FD8CE915076DCE003D2270 /* 10.jpg */,
				A2FD8CEA15076DCE003D2270 /* 10@2x.jpg */,
				A2FD8CEB15076DCE003D2270 /* 11.jpg */,
				A2FD8CEC15076DCE003D2270 /* 11@2x.jpg */,
				A2FD8CED15076DCE003D2270 /* 12.jpg */,
				A2FD8CEE15076DCE003D2270 /* 12@2x.jpg */,
				A2FD8CEF15076DCE003D2270 /* 13.jpg */,
				A2FD8CF015076DCE003D2270 /* 13@2x.jpg */,
				A2FD8CF115076DCE003D2270 /* 14.jpg */,
				A2FD8CF215076DCE003D2270 /* 14@2x.jpg */,
				A2FD8CF315076DCE003D2270 /* 15.jpg */,
				A2FD8CF415076DCE003D2270 /* 15@2x.jpg */,
				A2FD8CF515076DCE003D2270 /* 16.jpg */,
				A2FD8CF615076DCE003D2270 /* 16@2x.jpg */,
				A2FD8CF715076DCE003D2270 /* 17.jpg */,
				A2FD8CF815076DCE003D2270 /* 17@2x.jpg */,
				A2FD8CF915076DCE003D2270 /* 18.jpg */,
				A2FD8CFA15076DCE003D2270 /* 18@2x.jpg */,
				A2FD8CFB15076DCE003D2270 /* 19.jpg */,
				A2FD8CFC15076DCE003D2270 /* 19@2x.jpg */,
				A2FD8CFD15076DCE003D2270 /* 20.jpg */,
				A2FD8CFE15076DCE003D2270 /* 20@2x.jpg */,
				A2FD8CFF15076DCE003D2270 /* 21.jpg */,
				A2FD8D0015076DCE003D2270 /* 21@2x.jpg */,
				A2FD8D0115076DCE003D2270 /* 22.jpg */,
				A2FD8D0215076DCE003D2270 /* 22@2x.jpg */,
				A2FD8D0315076DCE003D2270 /* 28.jpg */,
				A2FD8D0415076DCE003D2270 /* 28@2x.jpg */,
				A2FD8D0515076DCE003D2270 /* 29.jpg */,
				A2FD8D0615076DCE003D2270 /* 29@2x.jpg */,
				A2FD8D0715076DCE003D2270 /* 31.jpg */,
				A2FD8D0815076DCE003D2270 /* 31@2x.jpg */,
			);
			name = Photos;
			sourceTree = "<group>";
		};
		A2ABFE5B14F27C6700550070 /* Resources */ = {
			isa = PBXGroup;
			children = (
				A2AE63951506504300AE44EF /* Prefill Bundle.sqlite */,
				A25EE1F914F1794500A81707 /* Photos */,
				A2ABFE5C14F27C8C00550070 /* Icon.png */,
				A2ABFE5D14F27C8C00550070 /* Icon@2x.png */,
			);
			name = Resources;
			sourceTree = "<group>";
		};
/* End PBXGroup section */

/* Begin PBXNativeTarget section */
		A25EE1D114F163F600A81707 /* Utrecht Gids */ = {
			isa = PBXNativeTarget;
			buildConfigurationList = A25EE1F614F163F700A81707 /* Build configuration list for PBXNativeTarget "Utrecht Gids" */;
			buildPhases = (
				A25EE1CE14F163F600A81707 /* Sources */,
				A25EE1CF14F163F600A81707 /* Frameworks */,
				A25EE1D014F163F600A81707 /* Resources */,
			);
			buildRules = (
			);
			dependencies = (
			);
			name = "Utrecht Gids";
			productName = "Reisgids Utrecht";
			productReference = A25EE1D214F163F600A81707 /* Utrecht Gids.app */;
			productType = "com.apple.product-type.application";
		};
/* End PBXNativeTarget section */

/* Begin PBXProject section */
		A25EE1C914F163F600A81707 /* Project object */ = {
			isa = PBXProject;
			attributes = {
				LastUpgradeCheck = 0430;
				ORGANIZATIONNAME = "Sjors Provoost";
			};
			buildConfigurationList = A25EE1CC14F163F600A81707 /* Build configuration list for PBXProject "Utrecht Gids" */;
			compatibilityVersion = "Xcode 3.2";
			developmentRegion = English;
			hasScannedForEncodings = 0;
			knownRegions = (
				en,
			);
			mainGroup = A25EE1C714F163F600A81707;
			productRefGroup = A25EE1D314F163F600A81707 /* Products */;
			projectDirPath = "";
			projectRoot = "";
			targets = (
				A25EE1D114F163F600A81707 /* Utrecht Gids */,
			);
		};
/* End PBXProject section */

/* Begin PBXResourcesBuildPhase section */
		A25EE1D014F163F600A81707 /* Resources */ = {
			isa = PBXResourcesBuildPhase;
			buildActionMask = 2147483647;
			files = (
				A25EE1E114F163F600A81707 /* InfoPlist.strings in Resources */,
				A25EE1F314F163F700A81707 /* MainStoryboard.storyboard in Resources */,
				A2ABFE5E14F27C8C00550070 /* Icon.png in Resources */,
				A2ABFE5F14F27C8C00550070 /* Icon@2x.png in Resources */,
				A2AE63961506504300AE44EF /* Prefill Bundle.sqlite in Resources */,
				A2FD8D0915076DCE003D2270 /* 1.jpg in Resources */,
				A2FD8D0A15076DCE003D2270 /* 1@2x.jpg in Resources */,
				A2FD8D0B15076DCE003D2270 /* 2.jpg in Resources */,
				A2FD8D0C15076DCE003D2270 /* 2@2x.jpg in Resources */,
				A2FD8D0D15076DCE003D2270 /* 3.jpg in Resources */,
				A2FD8D0E15076DCE003D2270 /* 3@2x.jpg in Resources */,
				A2FD8D0F15076DCE003D2270 /* 4.jpg in Resources */,
				A2FD8D1015076DCE003D2270 /* 4@2x.jpg in Resources */,
				A2FD8D1115076DCE003D2270 /* 5.jpg in Resources */,
				A2FD8D1215076DCE003D2270 /* 5@2x.jpg in Resources */,
				A2FD8D1315076DCE003D2270 /* 6.jpg in Resources */,
				A2FD8D1415076DCE003D2270 /* 6@2x.jpg in Resources */,
				A2FD8D1515076DCE003D2270 /* 7.jpg in Resources */,
				A2FD8D1615076DCE003D2270 /* 7@2x.jpg in Resources */,
				A2FD8D1715076DCE003D2270 /* 8.jpg in Resources */,
				A2FD8D1815076DCE003D2270 /* 8@2x.jpg in Resources */,
				A2FD8D1915076DCE003D2270 /* 9.jpg in Resources */,
				A2FD8D1A15076DCE003D2270 /* 9@2x.jpg in Resources */,
				A2FD8D1B15076DCE003D2270 /* 10.jpg in Resources */,
				A2FD8D1C15076DCE003D2270 /* 10@2x.jpg in Resources */,
				A2FD8D1D15076DCE003D2270 /* 11.jpg in Resources */,
				A2FD8D1E15076DCE003D2270 /* 11@2x.jpg in Resources */,
				A2FD8D1F15076DCE003D2270 /* 12.jpg in Resources */,
				A2FD8D2015076DCE003D2270 /* 12@2x.jpg in Resources */,
				A2FD8D2115076DCE003D2270 /* 13.jpg in Resources */,
				A2FD8D2215076DCE003D2270 /* 13@2x.jpg in Resources */,
				A2FD8D2315076DCE003D2270 /* 14.jpg in Resources */,
				A2FD8D2415076DCE003D2270 /* 14@2x.jpg in Resources */,
				A2FD8D2515076DCE003D2270 /* 15.jpg in Resources */,
				A2FD8D2615076DCE003D2270 /* 15@2x.jpg in Resources */,
				A2FD8D2715076DCE003D2270 /* 16.jpg in Resources */,
				A2FD8D2815076DCE003D2270 /* 16@2x.jpg in Resources */,
				A2FD8D2915076DCE003D2270 /* 17.jpg in Resources */,
				A2FD8D2A15076DCE003D2270 /* 17@2x.jpg in Resources */,
				A2FD8D2B15076DCE003D2270 /* 18.jpg in Resources */,
				A2FD8D2C15076DCE003D2270 /* 18@2x.jpg in Resources */,
				A2FD8D2D15076DCE003D2270 /* 19.jpg in Resources */,
				A2FD8D2E15076DCE003D2270 /* 19@2x.jpg in Resources */,
				A2FD8D2F15076DCE003D2270 /* 20.jpg in Resources */,
				A2FD8D3015076DCE003D2270 /* 20@2x.jpg in Resources */,
				A2FD8D3115076DCE003D2270 /* 21.jpg in Resources */,
				A2FD8D3215076DCE003D2270 /* 21@2x.jpg in Resources */,
				A2FD8D3315076DCE003D2270 /* 22.jpg in Resources */,
				A2FD8D3415076DCE003D2270 /* 22@2x.jpg in Resources */,
				A2FD8D3515076DCE003D2270 /* 28.jpg in Resources */,
				A2FD8D3615076DCE003D2270 /* 28@2x.jpg in Resources */,
				A2FD8D3715076DCE003D2270 /* 29.jpg in Resources */,
				A2FD8D3815076DCE003D2270 /* 29@2x.jpg in Resources */,
				A2FD8D3915076DCE003D2270 /* 31.jpg in Resources */,
				A2FD8D3A15076DCE003D2270 /* 31@2x.jpg in Resources */,
			);
			runOnlyForDeploymentPostprocessing = 0;
		};
/* End PBXResourcesBuildPhase section */

/* Begin PBXSourcesBuildPhase section */
		A25EE1CE14F163F600A81707 /* Sources */ = {
			isa = PBXSourcesBuildPhase;
			buildActionMask = 2147483647;
			files = (
				A25EE1E314F163F600A81707 /* main.m in Sources */,
				A25EE1E714F163F700A81707 /* AppDelegate.m in Sources */,
				A25EE1EA14F163F700A81707 /* RootViewController.m in Sources */,
				A25EE1ED14F163F700A81707 /* WaypointViewController.m in Sources */,
				A25EE1F014F163F700A81707 /* WaypointController.m in Sources */,
				A287E88214F2561300807435 /* Model.xcdatamodeld in Sources */,
				A287E88614F2585E00807435 /* Waypoint.m in Sources */,
				A29BEF3814F3E00500C36818 /* LocationController.m in Sources */,
				A262749414F7E15C007304C2 /* InfoTableViewController.m in Sources */,
				A2C799A814F7F127000D197E /* WaypointAnnotation.m in Sources */,
				A2BED8C81507C01C007A20B3 /* LocalizedCurrentLocation.m in Sources */,
				A202447A1507C5D7004810BA /* Link.m in Sources */,
			);
			runOnlyForDeploymentPostprocessing = 0;
		};
/* End PBXSourcesBuildPhase section */

/* Begin PBXVariantGroup section */
		A25EE1DF14F163F600A81707 /* InfoPlist.strings */ = {
			isa = PBXVariantGroup;
			children = (
				A298D48214F2825F00ECB06C /* nl */,
			);
			name = InfoPlist.strings;
			sourceTree = "<group>";
		};
		A25EE1F114F163F700A81707 /* MainStoryboard.storyboard */ = {
			isa = PBXVariantGroup;
			children = (
				A298D48114F2825F00ECB06C /* nl */,
			);
			name = MainStoryboard.storyboard;
			sourceTree = "<group>";
		};
/* End PBXVariantGroup section */

/* Begin XCBuildConfiguration section */
		A25EE1F414F163F700A81707 /* Debug */ = {
			isa = XCBuildConfiguration;
			buildSettings = {
				ALWAYS_SEARCH_USER_PATHS = NO;
				ARCHS = "$(ARCHS_STANDARD_32_BIT)";
				CLANG_ENABLE_OBJC_ARC = YES;
				"CODE_SIGN_IDENTITY[sdk=iphoneos*]" = "iPhone Developer: Sjors Provoost (599HTV8YRC)";
				COPY_PHASE_STRIP = NO;
				GCC_C_LANGUAGE_STANDARD = gnu99;
				GCC_DYNAMIC_NO_PIC = NO;
				GCC_OPTIMIZATION_LEVEL = 0;
				GCC_PREPROCESSOR_DEFINITIONS = (
					"DEBUG=1",
					"$(inherited)",
				);
				GCC_SYMBOLS_PRIVATE_EXTERN = NO;
				GCC_VERSION = com.apple.compilers.llvm.clang.1_0;
				GCC_WARN_ABOUT_MISSING_PROTOTYPES = YES;
				GCC_WARN_ABOUT_RETURN_TYPE = YES;
				GCC_WARN_UNUSED_VARIABLE = YES;
				IPHONEOS_DEPLOYMENT_TARGET = 5.0;
				"PROVISIONING_PROFILE[sdk=iphoneos*]" = "6492AF41-0905-42E0-A22F-4C9008D409D1";
				SDKROOT = iphoneos;
			};
			name = Debug;
		};
		A25EE1F514F163F700A81707 /* Release */ = {
			isa = XCBuildConfiguration;
			buildSettings = {
				ALWAYS_SEARCH_USER_PATHS = NO;
				ARCHS = "$(ARCHS_STANDARD_32_BIT)";
				CLANG_ENABLE_OBJC_ARC = YES;
				"CODE_SIGN_IDENTITY[sdk=iphoneos*]" = "iPhone Developer";
				COPY_PHASE_STRIP = YES;
				GCC_C_LANGUAGE_STANDARD = gnu99;
				GCC_VERSION = com.apple.compilers.llvm.clang.1_0;
				GCC_WARN_ABOUT_MISSING_PROTOTYPES = YES;
				GCC_WARN_ABOUT_RETURN_TYPE = YES;
				GCC_WARN_UNUSED_VARIABLE = YES;
				IPHONEOS_DEPLOYMENT_TARGET = 5.0;
				OTHER_CFLAGS = "-DNS_BLOCK_ASSERTIONS=1";
				SDKROOT = iphoneos;
				VALIDATE_PRODUCT = YES;
			};
			name = Release;
		};
		A25EE1F714F163F700A81707 /* Debug */ = {
			isa = XCBuildConfiguration;
			buildSettings = {
				"CODE_SIGN_IDENTITY[sdk=iphoneos*]" = "iPhone Developer: Sjors Provoost (599HTV8YRC)";
				GCC_PRECOMPILE_PREFIX_HEADER = YES;
				GCC_PREFIX_HEADER = "Reisgids Utrecht/Utrecht Gids-Prefix.pch";
				INFOPLIST_FILE = "Reisgids Utrecht/Utrecht Gids-Info.plist";
				PRODUCT_NAME = "Utrecht Gids";
				"PROVISIONING_PROFILE[sdk=iphoneos*]" = "6492AF41-0905-42E0-A22F-4C9008D409D1";
				WRAPPER_EXTENSION = app;
			};
			name = Debug;
		};
		A25EE1F814F163F700A81707 /* Release */ = {
			isa = XCBuildConfiguration;
			buildSettings = {
				"CODE_SIGN_IDENTITY[sdk=iphoneos*]" = "";
				GCC_PRECOMPILE_PREFIX_HEADER = YES;
				GCC_PREFIX_HEADER = "Reisgids Utrecht/Utrecht Gids-Prefix.pch";
				INFOPLIST_FILE = "Reisgids Utrecht/Utrecht Gids-Info.plist";
				PRODUCT_NAME = "Utrecht Gids";
				WRAPPER_EXTENSION = app;
			};
			name = Release;
		};
		A298D47F14F2825000ECB06C /* Ad Hoc */ = {
			isa = XCBuildConfiguration;
			buildSettings = {
				ALWAYS_SEARCH_USER_PATHS = NO;
				ARCHS = "$(ARCHS_STANDARD_32_BIT)";
				CLANG_ENABLE_OBJC_ARC = YES;
				"CODE_SIGN_IDENTITY[sdk=iphoneos*]" = "iPhone Distribution: Sjors Provoost";
				COPY_PHASE_STRIP = YES;
				GCC_C_LANGUAGE_STANDARD = gnu99;
				GCC_VERSION = com.apple.compilers.llvm.clang.1_0;
				GCC_WARN_ABOUT_MISSING_PROTOTYPES = YES;
				GCC_WARN_ABOUT_RETURN_TYPE = YES;
				GCC_WARN_UNUSED_VARIABLE = YES;
				IPHONEOS_DEPLOYMENT_TARGET = 5.0;
				OTHER_CFLAGS = "-DNS_BLOCK_ASSERTIONS=1";
				"PROVISIONING_PROFILE[sdk=iphoneos*]" = "5F1A5AC1-FD16-4F0D-844E-D021BA65F22F";
				SDKROOT = iphoneos;
				VALIDATE_PRODUCT = YES;
			};
			name = "Ad Hoc";
		};
		A298D48014F2825000ECB06C /* Ad Hoc */ = {
			isa = XCBuildConfiguration;
			buildSettings = {
				"CODE_SIGN_IDENTITY[sdk=iphoneos*]" = "iPhone Distribution: Sjors Provoost";
				GCC_PRECOMPILE_PREFIX_HEADER = YES;
				GCC_PREFIX_HEADER = "Reisgids Utrecht/Utrecht Gids-Prefix.pch";
				INFOPLIST_FILE = "Reisgids Utrecht/Utrecht Gids-Info.plist";
				PRODUCT_NAME = "Utrecht Gids";
				"PROVISIONING_PROFILE[sdk=iphoneos*]" = "5F1A5AC1-FD16-4F0D-844E-D021BA65F22F";
				WRAPPER_EXTENSION = app;
			};
			name = "Ad Hoc";
		};
/* End XCBuildConfiguration section */

/* Begin XCConfigurationList section */
		A25EE1CC14F163F600A81707 /* Build configuration list for PBXProject "Utrecht Gids" */ = {
			isa = XCConfigurationList;
			buildConfigurations = (
				A25EE1F414F163F700A81707 /* Debug */,
				A25EE1F514F163F700A81707 /* Release */,
				A298D47F14F2825000ECB06C /* Ad Hoc */,
			);
			defaultConfigurationIsVisible = 0;
			defaultConfigurationName = Release;
		};
		A25EE1F614F163F700A81707 /* Build configuration list for PBXNativeTarget "Utrecht Gids" */ = {
			isa = XCConfigurationList;
			buildConfigurations = (
				A25EE1F714F163F700A81707 /* Debug */,
				A25EE1F814F163F700A81707 /* Release */,
				A298D48014F2825000ECB06C /* Ad Hoc */,
			);
			defaultConfigurationIsVisible = 0;
			defaultConfigurationName = Release;
		};
/* End XCConfigurationList section */

/* Begin XCVersionGroup section */
		A287E88014F2561300807435 /* Model.xcdatamodeld */ = {
			isa = XCVersionGroup;
			children = (
				A287E88114F2561300807435 /* Model.xcdatamodel */,
			);
			currentVersion = A287E88114F2561300807435 /* Model.xcdatamodel */;
			path = Model.xcdatamodeld;
			sourceTree = "<group>";
			versionGroupType = wrapper.xcdatamodel;
		};
/* End XCVersionGroup section */
	};
	rootObject = A25EE1C914F163F600A81707 /* Project object */;
}
