// !$*UTF8*$!
{
	archiveVersion = 1;
	classes = {
	};
	objectVersion = 46;
	objects = {

/* Begin PBXBuildFile section */
		A25EE1D714F163F600A81707 /* UIKit.framework in Frameworks */ = {isa = PBXBuildFile; fileRef = A25EE1D614F163F600A81707 /* UIKit.framework */; };
		A25EE1D914F163F600A81707 /* Foundation.framework in Frameworks */ = {isa = PBXBuildFile; fileRef = A25EE1D814F163F600A81707 /* Foundation.framework */; };
		A25EE1DB14F163F600A81707 /* CoreGraphics.framework in Frameworks */ = {isa = PBXBuildFile; fileRef = A25EE1DA14F163F600A81707 /* CoreGraphics.framework */; };
		A25EE1E114F163F600A81707 /* InfoPlist.strings in Resources */ = {isa = PBXBuildFile; fileRef = A25EE1DF14F163F600A81707 /* InfoPlist.strings */; };
		A25EE1E314F163F600A81707 /* main.m in Sources */ = {isa = PBXBuildFile; fileRef = A25EE1E214F163F600A81707 /* main.m */; };
		A25EE1E714F163F700A81707 /* AppDelegate.m in Sources */ = {isa = PBXBuildFile; fileRef = A25EE1E614F163F700A81707 /* AppDelegate.m */; };
		A25EE1EA14F163F700A81707 /* RootViewController.m in Sources */ = {isa = PBXBuildFile; fileRef = A25EE1E914F163F700A81707 /* RootViewController.m */; };
		A25EE1ED14F163F700A81707 /* DataViewController.m in Sources */ = {isa = PBXBuildFile; fileRef = A25EE1EC14F163F700A81707 /* DataViewController.m */; };
		A25EE1F014F163F700A81707 /* ModelController.m in Sources */ = {isa = PBXBuildFile; fileRef = A25EE1EF14F163F700A81707 /* ModelController.m */; };
		A25EE1F314F163F700A81707 /* MainStoryboard.storyboard in Resources */ = {isa = PBXBuildFile; fileRef = A25EE1F114F163F700A81707 /* MainStoryboard.storyboard */; };
/* End PBXBuildFile section */

/* Begin PBXFileReference section */
		A25EE1D214F163F600A81707 /* Reisgids Utrecht.app */ = {isa = PBXFileReference; explicitFileType = wrapper.application; includeInIndex = 0; path = "Reisgids Utrecht.app"; sourceTree = BUILT_PRODUCTS_DIR; };
		A25EE1D614F163F600A81707 /* UIKit.framework */ = {isa = PBXFileReference; lastKnownFileType = wrapper.framework; name = UIKit.framework; path = System/Library/Frameworks/UIKit.framework; sourceTree = SDKROOT; };
		A25EE1D814F163F600A81707 /* Foundation.framework */ = {isa = PBXFileReference; lastKnownFileType = wrapper.framework; name = Foundation.framework; path = System/Library/Frameworks/Foundation.framework; sourceTree = SDKROOT; };
		A25EE1DA14F163F600A81707 /* CoreGraphics.framework */ = {isa = PBXFileReference; lastKnownFileType = wrapper.framework; name = CoreGraphics.framework; path = System/Library/Frameworks/CoreGraphics.framework; sourceTree = SDKROOT; };
		A25EE1DE14F163F600A81707 /* Reisgids Utrecht-Info.plist */ = {isa = PBXFileReference; path = "Reisgids Utrecht-Info.plist"; sourceTree = "<group>"; };
		A25EE1E014F163F600A81707 /* en */ = {isa = PBXFileReference; lastKnownFileType = text.plist.strings; name = en; path = en.lproj/InfoPlist.strings; sourceTree = "<group>"; };
		A25EE1E214F163F600A81707 /* main.m */ = {isa = PBXFileReference; lastKnownFileType = sourcecode.c.objc; path = main.m; sourceTree = "<group>"; };
		A25EE1E414F163F700A81707 /* Reisgids Utrecht-Prefix.pch */ = {isa = PBXFileReference; path = "Reisgids Utrecht-Prefix.pch"; sourceTree = "<group>"; };
		A25EE1E514F163F700A81707 /* AppDelegate.h */ = {isa = PBXFileReference; path = AppDelegate.h; sourceTree = "<group>"; };
		A25EE1E614F163F700A81707 /* AppDelegate.m */ = {isa = PBXFileReference; lastKnownFileType = sourcecode.c.objc; path = AppDelegate.m; sourceTree = "<group>"; };
		A25EE1E814F163F700A81707 /* RootViewController.h */ = {isa = PBXFileReference; path = RootViewController.h; sourceTree = "<group>"; };
		A25EE1E914F163F700A81707 /* RootViewController.m */ = {isa = PBXFileReference; lastKnownFileType = sourcecode.c.objc; path = RootViewController.m; sourceTree = "<group>"; };
		A25EE1EB14F163F700A81707 /* DataViewController.h */ = {isa = PBXFileReference; path = DataViewController.h; sourceTree = "<group>"; };
		A25EE1EC14F163F700A81707 /* DataViewController.m */ = {isa = PBXFileReference; lastKnownFileType = sourcecode.c.objc; path = DataViewController.m; sourceTree = "<group>"; };
		A25EE1EE14F163F700A81707 /* ModelController.h */ = {isa = PBXFileReference; path = ModelController.h; sourceTree = "<group>"; };
		A25EE1EF14F163F700A81707 /* ModelController.m */ = {isa = PBXFileReference; lastKnownFileType = sourcecode.c.objc; path = ModelController.m; sourceTree = "<group>"; };
		A25EE1F214F163F700A81707 /* en */ = {isa = PBXFileReference; lastKnownFileType = file.storyboard; name = en; path = en.lproj/MainStoryboard.storyboard; sourceTree = "<group>"; };
/* End PBXFileReference section */

/* Begin PBXFrameworksBuildPhase section */
		A25EE1CF14F163F600A81707 /* Frameworks */ = {
			isa = PBXFrameworksBuildPhase;
			buildActionMask = 2147483647;
			files = (
				A25EE1D714F163F600A81707 /* UIKit.framework in Frameworks */,
				A25EE1D914F163F600A81707 /* Foundation.framework in Frameworks */,
				A25EE1DB14F163F600A81707 /* CoreGraphics.framework in Frameworks */,
			);
			runOnlyForDeploymentPostprocessing = 0;
		};
/* End PBXFrameworksBuildPhase section */

/* Begin PBXGroup section */
		A25EE1C714F163F600A81707 = {
			isa = PBXGroup;
			children = (
				A25EE1DC14F163F600A81707 /* Reisgids Utrecht */,
				A25EE1D514F163F600A81707 /* Frameworks */,
				A25EE1D314F163F600A81707 /* Products */,
			);
			sourceTree = "<group>";
		};
		A25EE1D314F163F600A81707 /* Products */ = {
			isa = PBXGroup;
			children = (
				A25EE1D214F163F600A81707 /* Reisgids Utrecht.app */,
			);
			name = Products;
			sourceTree = "<group>";
		};
		A25EE1D514F163F600A81707 /* Frameworks */ = {
			isa = PBXGroup;
			children = (
				A25EE1D614F163F600A81707 /* UIKit.framework */,
				A25EE1D814F163F600A81707 /* Foundation.framework */,
				A25EE1DA14F163F600A81707 /* CoreGraphics.framework */,
			);
			name = Frameworks;
			sourceTree = "<group>";
		};
		A25EE1DC14F163F600A81707 /* Reisgids Utrecht */ = {
			isa = PBXGroup;
			children = (
				A25EE1E514F163F700A81707 /* AppDelegate.h */,
				A25EE1E614F163F700A81707 /* AppDelegate.m */,
				A25EE1E814F163F700A81707 /* RootViewController.h */,
				A25EE1E914F163F700A81707 /* RootViewController.m */,
				A25EE1EB14F163F700A81707 /* DataViewController.h */,
				A25EE1EC14F163F700A81707 /* DataViewController.m */,
				A25EE1EE14F163F700A81707 /* ModelController.h */,
				A25EE1EF14F163F700A81707 /* ModelController.m */,
				A25EE1F114F163F700A81707 /* MainStoryboard.storyboard */,
				A25EE1DD14F163F600A81707 /* Supporting Files */,
			);
			path = "Reisgids Utrecht";
			sourceTree = "<group>";
		};
		A25EE1DD14F163F600A81707 /* Supporting Files */ = {
			isa = PBXGroup;
			children = (
				A25EE1DE14F163F600A81707 /* Reisgids Utrecht-Info.plist */,
				A25EE1DF14F163F600A81707 /* InfoPlist.strings */,
				A25EE1E214F163F600A81707 /* main.m */,
				A25EE1E414F163F700A81707 /* Reisgids Utrecht-Prefix.pch */,
			);
			name = "Supporting Files";
			sourceTree = "<group>";
		};
/* End PBXGroup section */

/* Begin PBXNativeTarget section */
		A25EE1D114F163F600A81707 /* Reisgids Utrecht */ = {
			isa = PBXNativeTarget;
			buildConfigurationList = A25EE1F614F163F700A81707 /* Build configuration list for PBXNativeTarget "Reisgids Utrecht" */;
			buildPhases = (
				A25EE1CE14F163F600A81707 /* Sources */,
				A25EE1CF14F163F600A81707 /* Frameworks */,
				A25EE1D014F163F600A81707 /* Resources */,
			);
			buildRules = (
			);
			dependencies = (
			);
			name = "Reisgids Utrecht";
			productName = "Reisgids Utrecht";
			productReference = A25EE1D214F163F600A81707 /* Reisgids Utrecht.app */;
			productType = "com.apple.product-type.application";
		};
/* End PBXNativeTarget section */

/* Begin PBXProject section */
		A25EE1C914F163F600A81707 /* Project object */ = {
			isa = PBXProject;
			attributes = {
				LastUpgradeCheck = 0420;
				ORGANIZATIONNAME = "Sjors Provoost";
			};
			buildConfigurationList = A25EE1CC14F163F600A81707 /* Build configuration list for PBXProject "Reisgids Utrecht" */;
			compatibilityVersion = "Xcode 3.2";
			developmentRegion = English;
			hasScannedForEncodings = 0;
			knownRegions = (
				en,
			);
			mainGroup = A25EE1C714F163F600A81707;
			productRefGroup = A25EE1D314F163F600A81707 /* Products */;
			projectDirPath = "";
			projectRoot = "";
			targets = (
				A25EE1D114F163F600A81707 /* Reisgids Utrecht */,
			);
		};
/* End PBXProject section */

/* Begin PBXResourcesBuildPhase section */
		A25EE1D014F163F600A81707 /* Resources */ = {
			isa = PBXResourcesBuildPhase;
			buildActionMask = 2147483647;
			files = (
				A25EE1E114F163F600A81707 /* InfoPlist.strings in Resources */,
				A25EE1F314F163F700A81707 /* MainStoryboard.storyboard in Resources */,
			);
			runOnlyForDeploymentPostprocessing = 0;
		};
/* End PBXResourcesBuildPhase section */

/* Begin PBXSourcesBuildPhase section */
		A25EE1CE14F163F600A81707 /* Sources */ = {
			isa = PBXSourcesBuildPhase;
			buildActionMask = 2147483647;
			files = (
				A25EE1E314F163F600A81707 /* main.m in Sources */,
				A25EE1E714F163F700A81707 /* AppDelegate.m in Sources */,
				A25EE1EA14F163F700A81707 /* RootViewController.m in Sources */,
				A25EE1ED14F163F700A81707 /* DataViewController.m in Sources */,
				A25EE1F014F163F700A81707 /* ModelController.m in Sources */,
			);
			runOnlyForDeploymentPostprocessing = 0;
		};
/* End PBXSourcesBuildPhase section */

/* Begin PBXVariantGroup section */
		A25EE1DF14F163F600A81707 /* InfoPlist.strings */ = {
			isa = PBXVariantGroup;
			children = (
				A25EE1E014F163F600A81707 /* en */,
			);
			name = InfoPlist.strings;
			sourceTree = "<group>";
		};
		A25EE1F114F163F700A81707 /* MainStoryboard.storyboard */ = {
			isa = PBXVariantGroup;
			children = (
				A25EE1F214F163F700A81707 /* en */,
			);
			name = MainStoryboard.storyboard;
			sourceTree = "<group>";
		};
/* End PBXVariantGroup section */

/* Begin XCBuildConfiguration section */
		A25EE1F414F163F700A81707 /* Debug */ = {
			isa = XCBuildConfiguration;
			buildSettings = {
				ALWAYS_SEARCH_USER_PATHS = NO;
				ARCHS = "$(ARCHS_STANDARD_32_BIT)";
				CLANG_ENABLE_OBJC_ARC = YES;
				"CODE_SIGN_IDENTITY[sdk=iphoneos*]" = "iPhone Developer";
				COPY_PHASE_STRIP = NO;
				GCC_C_LANGUAGE_STANDARD = gnu99;
				GCC_DYNAMIC_NO_PIC = NO;
				GCC_OPTIMIZATION_LEVEL = 0;
				GCC_PREPROCESSOR_DEFINITIONS = (
					"DEBUG=1",
					"$(inherited)",
				);
				GCC_SYMBOLS_PRIVATE_EXTERN = NO;
				GCC_VERSION = com.apple.compilers.llvm.clang.1_0;
				GCC_WARN_ABOUT_MISSING_PROTOTYPES = YES;
				GCC_WARN_ABOUT_RETURN_TYPE = YES;
				GCC_WARN_UNUSED_VARIABLE = YES;
				IPHONEOS_DEPLOYMENT_TARGET = 5.0;
				SDKROOT = iphoneos;
			};
			name = Debug;
		};
		A25EE1F514F163F700A81707 /* Release */ = {
			isa = XCBuildConfiguration;
			buildSettings = {
				ALWAYS_SEARCH_USER_PATHS = NO;
				ARCHS = "$(ARCHS_STANDARD_32_BIT)";
				CLANG_ENABLE_OBJC_ARC = YES;
				"CODE_SIGN_IDENTITY[sdk=iphoneos*]" = "iPhone Developer";
				COPY_PHASE_STRIP = YES;
				GCC_C_LANGUAGE_STANDARD = gnu99;
				GCC_VERSION = com.apple.compilers.llvm.clang.1_0;
				GCC_WARN_ABOUT_MISSING_PROTOTYPES = YES;
				GCC_WARN_ABOUT_RETURN_TYPE = YES;
				GCC_WARN_UNUSED_VARIABLE = YES;
				IPHONEOS_DEPLOYMENT_TARGET = 5.0;
				OTHER_CFLAGS = "-DNS_BLOCK_ASSERTIONS=1";
				SDKROOT = iphoneos;
				VALIDATE_PRODUCT = YES;
			};
			name = Release;
		};
		A25EE1F714F163F700A81707 /* Debug */ = {
			isa = XCBuildConfiguration;
			buildSettings = {
				GCC_PRECOMPILE_PREFIX_HEADER = YES;
				GCC_PREFIX_HEADER = "Reisgids Utrecht/Reisgids Utrecht-Prefix.pch";
				INFOPLIST_FILE = "Reisgids Utrecht/Reisgids Utrecht-Info.plist";
				PRODUCT_NAME = "$(TARGET_NAME)";
				WRAPPER_EXTENSION = app;
			};
			name = Debug;
		};
		A25EE1F814F163F700A81707 /* Release */ = {
			isa = XCBuildConfiguration;
			buildSettings = {
				GCC_PRECOMPILE_PREFIX_HEADER = YES;
				GCC_PREFIX_HEADER = "Reisgids Utrecht/Reisgids Utrecht-Prefix.pch";
				INFOPLIST_FILE = "Reisgids Utrecht/Reisgids Utrecht-Info.plist";
				PRODUCT_NAME = "$(TARGET_NAME)";
				WRAPPER_EXTENSION = app;
			};
			name = Release;
		};
/* End XCBuildConfiguration section */

/* Begin XCConfigurationList section */
		A25EE1CC14F163F600A81707 /* Build configuration list for PBXProject "Reisgids Utrecht" */ = {
			isa = XCConfigurationList;
			buildConfigurations = (
				A25EE1F414F163F700A81707 /* Debug */,
				A25EE1F514F163F700A81707 /* Release */,
			);
			defaultConfigurationIsVisible = 0;
			defaultConfigurationName = Release;
		};
		A25EE1F614F163F700A81707 /* Build configuration list for PBXNativeTarget "Reisgids Utrecht" */ = {
			isa = XCConfigurationList;
			buildConfigurations = (
				A25EE1F714F163F700A81707 /* Debug */,
				A25EE1F814F163F700A81707 /* Release */,
			);
			defaultConfigurationIsVisible = 0;
		};
/* End XCConfigurationList section */
	};
	rootObject = A25EE1C914F163F600A81707 /* Project object */;
}
